# Generated by conda-lock.
# platform: linux-64
# input_hash: 4afb81bb7f8735a9814aa482eb3750f1ab9c59dc65c7e6cd7a5250c296c755ea
@EXPLICIT
https://conda.anaconda.org/conda-forge/linux-64/_libgcc_mutex-0.1-conda_forge.tar.bz2#d7c89558ba9fa0495403155b64376d81
https://conda.anaconda.org/conda-forge/linux-64/ca-certificates-2021.10.8-ha878542_0.tar.bz2#575611b8a84f45960e87722eeb51fa26
https://conda.anaconda.org/conda-forge/linux-64/ld_impl_linux-64-2.36.1-hea4e1c9_2.tar.bz2#bd4f2e711b39af170e7ff15163fe87ee
https://conda.anaconda.org/conda-forge/linux-64/libgfortran5-11.2.0-h5c6108e_11.tar.bz2#2dcb18a9a0fa31f4f29e5a9b3eade394
https://conda.anaconda.org/conda-forge/linux-64/libstdcxx-ng-11.2.0-he4da1e4_11.tar.bz2#0bf83958e788f1e75ba26154cb702afe
https://conda.anaconda.org/conda-forge/linux-64/pandoc-2.16.1-h7f98852_0.tar.bz2#41f9f702c158189327a80fbeb108b172
https://conda.anaconda.org/conda-forge/noarch/poppler-data-0.4.11-hd8ed1ab_0.tar.bz2#abc27381c4f005da588cffa1f76403ee
https://conda.anaconda.org/conda-forge/noarch/tzdata-2021e-he74cb21_0.tar.bz2#a751ec502589ebdc2eceb183ff602569
https://conda.anaconda.org/conda-forge/linux-64/libgfortran-ng-11.2.0-h69a702a_11.tar.bz2#4ea2f9f83b617a7682e8aa05dcb37c6a
https://conda.anaconda.org/conda-forge/linux-64/libgomp-11.2.0-h1d223b6_11.tar.bz2#1d16527c76842bf9c41e9399d39d8097
https://conda.anaconda.org/conda-forge/linux-64/_openmp_mutex-4.5-1_gnu.tar.bz2#561e277319a41d4f24f5c05a9ef63c04
https://conda.anaconda.org/conda-forge/linux-64/libgcc-ng-11.2.0-h1d223b6_11.tar.bz2#e3495f4f93cfd6b68021cbe2b5844cd5
https://conda.anaconda.org/conda-forge/linux-64/bzip2-1.0.8-h7f98852_4.tar.bz2#a1fd65c7ccbf10880423d82bca54eb54
https://conda.anaconda.org/conda-forge/linux-64/c-ares-1.18.1-h7f98852_0.tar.bz2#f26ef8098fab1f719c91eb760d63381a
https://conda.anaconda.org/conda-forge/linux-64/expat-2.4.1-h9c3ff4c_0.tar.bz2#16054ef3cb3ec5d8d29d08772662f65d
https://conda.anaconda.org/conda-forge/linux-64/freexl-1.0.6-h7f98852_0.tar.bz2#fb707484f02b122edec5fe3d1f3f552f
https://conda.anaconda.org/conda-forge/linux-64/geos-3.9.1-h9c3ff4c_2.tar.bz2#b9a6d9422aed3ad84ec6ccee9bfcaa0f
https://conda.anaconda.org/conda-forge/linux-64/giflib-5.2.1-h36c2ea0_2.tar.bz2#626e68ae9cc5912d6adb79d318cf962d
https://conda.anaconda.org/conda-forge/linux-64/icu-68.2-h9c3ff4c_0.tar.bz2#6618c9b191638993f2a818c6529e1b49
https://conda.anaconda.org/conda-forge/linux-64/jbig-2.1-h7f98852_2003.tar.bz2#1aa0cee79792fa97b7ff4545110b60bf
https://conda.anaconda.org/conda-forge/linux-64/jpeg-9d-h36c2ea0_0.tar.bz2#ea02ce6037dbe81803ae6123e5ba1568
https://conda.anaconda.org/conda-forge/linux-64/json-c-0.15-h98cffda_0.tar.bz2#f32d45a88e7462be446824654dbcf4a4
https://conda.anaconda.org/conda-forge/linux-64/lerc-3.0-h9c3ff4c_0.tar.bz2#7fcefde484980d23f0ec24c11e314d2e
https://conda.anaconda.org/conda-forge/linux-64/libdeflate-1.8-h7f98852_0.tar.bz2#91d22aefa665265e8e31988b15145c8a
https://conda.anaconda.org/conda-forge/linux-64/libev-4.33-h516909a_1.tar.bz2#6f8720dff19e17ce5d48cfe7f3d2f0a3
https://conda.anaconda.org/conda-forge/linux-64/libffi-3.4.2-h7f98852_5.tar.bz2#d645c6d2ac96843a2bfaccd2d62b3ac3
https://conda.anaconda.org/conda-forge/linux-64/libiconv-1.16-h516909a_0.tar.bz2#5c0f338a513a2943c659ae619fca9211
https://conda.anaconda.org/conda-forge/linux-64/libnsl-2.0.0-h7f98852_0.tar.bz2#39b1328babf85c7c3a61636d9cd50206
https://conda.anaconda.org/conda-forge/linux-64/libopenblas-0.3.18-pthreads_h8fe5266_0.tar.bz2#41532e4448c0cce086d6570f95e4e12e
https://conda.anaconda.org/conda-forge/linux-64/libsodium-1.0.18-h36c2ea0_1.tar.bz2#c3788462a6fbddafdb413a9f9053e58d
https://conda.anaconda.org/conda-forge/linux-64/libspatialindex-1.9.3-h9c3ff4c_4.tar.bz2#d87fbe9c0ff589e802ff13872980bfd9
https://conda.anaconda.org/conda-forge/linux-64/libuuid-2.32.1-h7f98852_1000.tar.bz2#772d69f030955d9646d3d0eaf21d859d
https://conda.anaconda.org/conda-forge/linux-64/libwebp-base-1.2.1-h7f98852_0.tar.bz2#90607c4c0247f04ec98b48997de71c1a
https://conda.anaconda.org/conda-forge/linux-64/libzlib-1.2.11-h36c2ea0_1013.tar.bz2#dcddf696ff5dfcab567100d691678e18
https://conda.anaconda.org/conda-forge/linux-64/lz4-c-1.9.3-h9c3ff4c_1.tar.bz2#fbe97e8fa6f275d7c76a09e795adc3e6
https://conda.anaconda.org/conda-forge/linux-64/ncurses-6.2-h58526e2_4.tar.bz2#509f2a21c4a09214cd737a480dfd80c9
https://conda.anaconda.org/conda-forge/linux-64/openssl-1.1.1l-h7f98852_0.tar.bz2#de7b38a1542dbe6f41653a8ae71adc53
https://conda.anaconda.org/conda-forge/linux-64/pcre-8.45-h9c3ff4c_0.tar.bz2#c05d1820a6d34ff07aaaab7a9b7eddaa
https://conda.anaconda.org/conda-forge/linux-64/pixman-0.40.0-h36c2ea0_0.tar.bz2#660e72c82f2e75a6b3fe6a6e75c79f19
https://conda.anaconda.org/conda-forge/linux-64/pthread-stubs-0.4-h36c2ea0_1001.tar.bz2#22dad4df6e8630e8dff2428f6f6a7036
https://conda.anaconda.org/conda-forge/linux-64/tzcode-2021e-h7f98852_0.tar.bz2#68f160505f506e8a688d3450dc3f437c
https://conda.anaconda.org/conda-forge/linux-64/xorg-kbproto-1.0.7-h7f98852_1002.tar.bz2#4b230e8381279d76131116660f5a241a
https://conda.anaconda.org/conda-forge/linux-64/xorg-libice-1.0.10-h7f98852_0.tar.bz2#d6b0b50b49eccfe0be0373be628be0f3
https://conda.anaconda.org/conda-forge/linux-64/xorg-libxau-1.0.9-h7f98852_0.tar.bz2#bf6f803a544f26ebbdc3bfff272eb179
https://conda.anaconda.org/conda-forge/linux-64/xorg-libxdmcp-1.1.3-h7f98852_0.tar.bz2#be93aabceefa2fac576e971aef407908
https://conda.anaconda.org/conda-forge/linux-64/xorg-renderproto-0.11.1-h7f98852_1002.tar.bz2#06feff3d2634e3097ce2fe681474b534
https://conda.anaconda.org/conda-forge/linux-64/xorg-xextproto-7.3.0-h7f98852_1002.tar.bz2#1e15f6ad85a7d743a2ac68dae6c82b98
https://conda.anaconda.org/conda-forge/linux-64/xorg-xproto-7.0.31-h7f98852_1007.tar.bz2#b4a4381d54784606820704f7b5f05a15
https://conda.anaconda.org/conda-forge/linux-64/xz-5.2.5-h516909a_1.tar.bz2#33f601066901f3e1a85af3522a8113f9
https://conda.anaconda.org/conda-forge/linux-64/yaml-0.2.5-h516909a_0.tar.bz2#03a530e925414902547cf48da7756db8
https://conda.anaconda.org/conda-forge/linux-64/gettext-0.19.8.1-h73d1719_1008.tar.bz2#af49250eca8e139378f8ff0ae9e57251
https://conda.anaconda.org/conda-forge/linux-64/libblas-3.9.0-12_linux64_openblas.tar.bz2#4f93ba28c628a2c27cf39c055e6b219c
https://conda.anaconda.org/conda-forge/linux-64/libedit-3.1.20191231-he28a2e2_2.tar.bz2#4d331e44109e3f0e19b4cb8f9b82f3e1
https://conda.anaconda.org/conda-forge/linux-64/librttopo-1.1.0-h1185371_6.tar.bz2#bdaaaa5a3984edea71596fc9cca74463
https://conda.anaconda.org/conda-forge/linux-64/libxcb-1.13-h7f98852_1003.tar.bz2#a9371e9e40aded194dcba1447606c9a1
https://conda.anaconda.org/conda-forge/linux-64/readline-8.1-h46c0cb4_0.tar.bz2#5788de3c8d7a7d64ac56c784c4ef48e6
https://conda.anaconda.org/conda-forge/linux-64/xerces-c-3.2.3-h9d8b166_3.tar.bz2#933cb0804fca6edcfb64332e93d86a1e
https://conda.anaconda.org/conda-forge/linux-64/xorg-libsm-1.2.3-hd9c2040_1000.tar.bz2#9e856f78d5c80d5a78f61e72d1d473a3
https://conda.anaconda.org/conda-forge/linux-64/zeromq-4.3.4-h9c3ff4c_1.tar.bz2#21743a8d2ea0c8cfbbf8fe489b0347df
https://conda.anaconda.org/conda-forge/linux-64/zlib-1.2.11-h36c2ea0_1013.tar.bz2#cf7190238072a41e9579e4476a6a60b8
https://conda.anaconda.org/conda-forge/linux-64/hdf4-4.2.15-h10796ff_3.tar.bz2#21a8d66dc17f065023b33145c42652fe
https://conda.anaconda.org/conda-forge/linux-64/libcblas-3.9.0-12_linux64_openblas.tar.bz2#2e5082d4a9a18c21100e6ce5b6bcb4ec
https://conda.anaconda.org/conda-forge/linux-64/libglib-2.70.0-h174f98d_1.tar.bz2#923cee7bae6f8dcbe12da21520e3ba4b
https://conda.anaconda.org/conda-forge/linux-64/liblapack-3.9.0-12_linux64_openblas.tar.bz2#9f401a6807a97e0c859d7522ae3d51ec
https://conda.anaconda.org/conda-forge/linux-64/libllvm10-10.0.1-he513fc3_3.tar.bz2#b1c57947b2a9231e0cd037ab0ed96b5d
https://conda.anaconda.org/conda-forge/linux-64/libnghttp2-1.43.0-h812cca2_1.tar.bz2#d0a7846b7b3b8fb0d8b36904a53b8155
https://conda.anaconda.org/conda-forge/linux-64/libpng-1.6.37-h21135ba_2.tar.bz2#b6acf807307d033d4b7e758b4f44b036
https://conda.anaconda.org/conda-forge/linux-64/libssh2-1.10.0-ha56f1ee_2.tar.bz2#6ab4eaa11ff01801cffca0a27489dc04
https://conda.anaconda.org/conda-forge/linux-64/libxml2-2.9.12-h72842e0_0.tar.bz2#bd14fdf5b9ee5568056a40a6a2f41866
https://conda.anaconda.org/conda-forge/linux-64/libzip-1.8.0-h4de3113_1.tar.bz2#175a746a43d42c053b91aa765fbc197d
https://conda.anaconda.org/conda-forge/linux-64/sqlite-3.36.0-h9cd32fc_2.tar.bz2#3588c2c6cb9f9bcc65b544ab1c715d60
https://conda.anaconda.org/conda-forge/linux-64/tk-8.6.11-h27826a3_1.tar.bz2#84e76fb280e735fec1efd2d21fd9cb27
https://conda.anaconda.org/conda-forge/linux-64/xorg-libx11-1.7.2-h7f98852_0.tar.bz2#12a61e640b8894504326aadafccbb790
https://conda.anaconda.org/conda-forge/linux-64/zstd-1.5.0-ha95c52a_0.tar.bz2#b56f94865e2de36abf054e7bfa499034
https://conda.anaconda.org/conda-forge/linux-64/boost-cpp-1.74.0-h312852a_4.tar.bz2#22ee6de84c28eb7bd76802cf071c5d25
https://conda.anaconda.org/conda-forge/linux-64/freetype-2.10.4-h0708190_1.tar.bz2#4a06f2ac2e5bfae7b6b245171c3f07aa
https://conda.anaconda.org/conda-forge/linux-64/krb5-1.19.2-hcc1bbae_3.tar.bz2#e29650992ae593bc05fc93722483e5c3
https://conda.anaconda.org/conda-forge/linux-64/libtiff-4.3.0-h6f004c6_2.tar.bz2#34fda41ca84e67232888c9a885903055
https://conda.anaconda.org/conda-forge/linux-64/python-3.9.7-hb7a2778_3_cpython.tar.bz2#ab54b978f6f24c485d22a80de0f66bf8
https://conda.anaconda.org/conda-forge/linux-64/tiledb-2.3.4-he87e0bf_0.tar.bz2#fc60915b52f99c5eba16c858a54f32e7
https://conda.anaconda.org/conda-forge/linux-64/xorg-libxext-1.3.4-h7f98852_1.tar.bz2#536cc5db4d0a3ba0630541aec064b5e4
https://conda.anaconda.org/conda-forge/linux-64/xorg-libxrender-0.9.10-h7f98852_1003.tar.bz2#f59c1242cc1dd93e72c2ee2b360979eb
https://conda.anaconda.org/conda-forge/noarch/affine-2.3.0-py_0.tar.bz2#5a9bfe23652d0ad9aa27e56cd75bfe33
https://conda.anaconda.org/conda-forge/noarch/appdirs-1.4.4-pyh9f0ad1d_0.tar.bz2#5f095bc6454094e96f146491fd03633b
https://conda.anaconda.org/conda-forge/noarch/asciitree-0.3.3-py_2.tar.bz2#c0481c9de49f040272556e2cedf42816
https://conda.anaconda.org/conda-forge/noarch/async-timeout-3.0.1-py_1000.tar.bz2#8b11024b2762a07aaa07d2743231a41b
https://conda.anaconda.org/conda-forge/noarch/async_generator-1.10-py_0.tar.bz2#d56c596e61b1c4952acf0a9920856c12
https://conda.anaconda.org/conda-forge/noarch/attrs-21.2.0-pyhd8ed1ab_0.tar.bz2#d2e1c7f388ac403df7079b411c37cc50
https://conda.anaconda.org/conda-forge/noarch/backcall-0.2.0-pyh9f0ad1d_0.tar.bz2#6006a6d08a3fa99268a2681c7fb55213
https://conda.anaconda.org/conda-forge/noarch/backports-1.0-py_2.tar.bz2#0da16b293affa6ac31812376f8eb79dd
https://conda.anaconda.org/conda-forge/noarch/blinker-1.4-py_1.tar.bz2#fa509a09190583f869ae442bf4d17f5f
https://conda.anaconda.org/conda-forge/noarch/cachetools-4.2.4-pyhd8ed1ab_0.tar.bz2#059a8732c1d81ffc93997cb8a236331f
https://conda.anaconda.org/conda-forge/noarch/charset-normalizer-2.0.0-pyhd8ed1ab_0.tar.bz2#4a57e24d5b759893615c05926b7b5fb9
https://conda.anaconda.org/conda-forge/noarch/click-7.1.2-pyh9f0ad1d_0.tar.bz2#bd50a970ce07e660c319fdc4d730d3f1
https://conda.anaconda.org/conda-forge/noarch/cloudpickle-2.0.0-pyhd8ed1ab_0.tar.bz2#3a8fc8b627d5fb6af827e126a10a86c6
https://conda.anaconda.org/conda-forge/noarch/colorama-0.4.3-py_0.tar.bz2#9cf68a6826504feedbfd646bc4d1ca14
https://conda.anaconda.org/conda-forge/noarch/cycler-0.11.0-pyhd8ed1ab_0.tar.bz2#a50559fad0affdbb33729a68669ca1cb
https://conda.anaconda.org/conda-forge/noarch/decorator-5.1.0-pyhd8ed1ab_0.tar.bz2#71b13ba2e0efcff45646f05d619534b0
https://conda.anaconda.org/conda-forge/noarch/defusedxml-0.7.1-pyhd8ed1ab_0.tar.bz2#961b3a227b437d82ad7054484cfa71b2
https://conda.anaconda.org/conda-forge/noarch/filelock-3.3.2-pyhd8ed1ab_0.tar.bz2#a58b4796ddcaedd3f34810ec1f4674ef
https://conda.anaconda.org/conda-forge/linux-64/fontconfig-2.13.1-hba837de_1005.tar.bz2#fd3611672eb91bc9d24fd6fb970037eb
https://conda.anaconda.org/conda-forge/noarch/fsspec-2021.7.0-pyhd8ed1ab_0.tar.bz2#84fdd43802084b7c414db36b33538ea3
https://conda.anaconda.org/conda-forge/noarch/heapdict-1.0.1-py_0.tar.bz2#77242bfb1e74a627fb06319b5a2d3b95
https://conda.anaconda.org/conda-forge/noarch/idna-3.1-pyhd3deb0d_0.tar.bz2#9c9aea4b8391264477df484f798562d0
https://conda.anaconda.org/conda-forge/noarch/ipython_genutils-0.2.0-py_1.tar.bz2#5071c982548b3a20caf70462f04f5287
https://conda.anaconda.org/conda-forge/noarch/jmespath-0.10.0-pyh9f0ad1d_0.tar.bz2#5988f73e79824c7900954539fbfad3fa
https://conda.anaconda.org/conda-forge/noarch/json5-0.9.5-pyh9f0ad1d_0.tar.bz2#10759827a94e6b14996e81fb002c0bda
https://conda.anaconda.org/conda-forge/noarch/jupyterlab_widgets-1.0.2-pyhd8ed1ab_0.tar.bz2#eaff56fe28d1236076aa3bb13c35b434
https://conda.anaconda.org/conda-forge/linux-64/lcms2-2.12-hddcbb42_0.tar.bz2#797117394a4aa588de6d741b06fad80f
https://conda.anaconda.org/conda-forge/linux-64/libcurl-7.80.0-h2574ce0_0.tar.bz2#5d0784b790350f7939bb5d3f2c32e700
https://conda.anaconda.org/conda-forge/linux-64/libkml-1.3.0-h238a007_1014.tar.bz2#abd8e196ad04781818acef26cc451d66
https://conda.anaconda.org/conda-forge/linux-64/libpq-13.3-hd57d9b9_3.tar.bz2#3882b459a3c08029088197318acd3a21
https://conda.anaconda.org/conda-forge/noarch/locket-0.2.0-py_2.tar.bz2#709e8671651c7ec3d1ad07800339ff1d
https://conda.anaconda.org/conda-forge/noarch/monotonic-1.5-py_0.tar.bz2#0cc5fd0140497c3f1e2db2e7493b62b3
https://conda.anaconda.org/conda-forge/noarch/nest-asyncio-1.5.1-pyhd8ed1ab_0.tar.bz2#47a51a5b8f9cc41004c8d7bd88b62447
https://conda.anaconda.org/conda-forge/noarch/olefile-0.46-pyh9f0ad1d_1.tar.bz2#0b2e68acc8c78c8cc392b90983481f58
https://conda.anaconda.org/conda-forge/linux-64/openjpeg-2.4.0-hb52868f_1.tar.bz2#b7ad78ad2e9ee155f59e6428406ee824
https://conda.anaconda.org/conda-forge/noarch/pamela-1.0.0-py_0.tar.bz2#36f6f18d2f3ae0c93d77a9dbedad08c3
https://conda.anaconda.org/conda-forge/noarch/pandocfilters-1.5.0-pyhd8ed1ab_0.tar.bz2#457c2c8c08e54905d6954e79cb5b5db9
https://conda.anaconda.org/conda-forge/noarch/param-1.12.0-pyh6c4a22f_0.tar.bz2#fe68d614336ad99a3bede46e0c6ca26b
https://conda.anaconda.org/conda-forge/noarch/parso-0.8.2-pyhd8ed1ab_0.tar.bz2#fb40b157bd62b457a1cc82527b63f0b0
https://conda.anaconda.org/conda-forge/noarch/prometheus_client-0.12.0-pyhd8ed1ab_0.tar.bz2#d7b366cccdf2c1e8ebdddbfff7c2ba00
https://conda.anaconda.org/conda-forge/noarch/ptyprocess-0.7.0-pyhd3deb0d_0.tar.bz2#359eeb6536da0e687af562ed265ec263
https://conda.anaconda.org/conda-forge/noarch/pyasn1-0.4.8-py_0.tar.bz2#06d04c9f8f72ac77911db942eda24fb9
https://conda.anaconda.org/conda-forge/noarch/pycparser-2.21-pyhd8ed1ab_0.tar.bz2#076becd9e05608f8dc72757d5f3a91ff
https://conda.anaconda.org/conda-forge/noarch/pyjwt-2.3.0-pyhd8ed1ab_0.tar.bz2#4eb3e2f2732ec43c569fe26f96c490f5
https://conda.anaconda.org/conda-forge/noarch/pyparsing-2.4.7-pyhd8ed1ab_1.tar.bz2#49cdb8bb03aab9dd1e9e1b30ee2e970c
https://conda.anaconda.org/conda-forge/noarch/pyshp-2.1.3-pyh44b312d_0.tar.bz2#2d1867b980785eb44b8122184d8b42a6
https://conda.anaconda.org/conda-forge/noarch/python-json-logger-2.0.1-pyh9f0ad1d_0.tar.bz2#aed452f2f9f8bc8b2b0c412975051b5b
https://conda.anaconda.org/conda-forge/linux-64/python_abi-3.9-2_cp39.tar.bz2#39adde4247484de2bb4000122fdcf665
https://conda.anaconda.org/conda-forge/noarch/pytz-2021.3-pyhd8ed1ab_0.tar.bz2#7e4f811bff46a5a6a7e0094921389395
https://conda.anaconda.org/conda-forge/noarch/send2trash-1.8.0-pyhd8ed1ab_0.tar.bz2#edab14119efe85c3bf131ad747e9005c
https://conda.anaconda.org/conda-forge/noarch/simpervisor-0.4-pyhd8ed1ab_0.tar.bz2#12b5f0d11cc26bf386bd9a2f99099648
https://conda.anaconda.org/conda-forge/noarch/six-1.16.0-pyh6c4a22f_0.tar.bz2#e5f25f8dbc060e9a8d912e432202afc2
https://conda.anaconda.org/conda-forge/noarch/smmap-3.0.5-pyh44b312d_0.tar.bz2#3a8dc70789709aa315325d5df06fb7e4
https://conda.anaconda.org/conda-forge/noarch/sortedcontainers-2.4.0-pyhd8ed1ab_0.tar.bz2#6d6552722448103793743dabfbda532d
https://conda.anaconda.org/conda-forge/noarch/tblib-1.7.0-pyhd8ed1ab_0.tar.bz2#3d4afc31302aa7be471feb6be048ed76
https://conda.anaconda.org/conda-forge/noarch/testpath-0.5.0-pyhd8ed1ab_0.tar.bz2#53b57d6a468bebc7cef1253b177a5e9e
https://conda.anaconda.org/conda-forge/noarch/threadpoolctl-3.0.0-pyh8a188c0_0.tar.bz2#bc3c2909c20635e854f5e533c436cbad
https://conda.anaconda.org/conda-forge/noarch/toml-0.10.2-pyhd8ed1ab_0.tar.bz2#f832c45a477c78bebd107098db465095
https://conda.anaconda.org/conda-forge/noarch/toolz-0.11.2-pyhd8ed1ab_0.tar.bz2#f348d1590550371edfac5ed3c1d44f7e
https://conda.anaconda.org/conda-forge/noarch/traitlets-5.1.1-pyhd8ed1ab_0.tar.bz2#a1bc9765ef9499760e88f568b3a6622c
https://conda.anaconda.org/conda-forge/noarch/typing_extensions-3.10.0.2-pyha770c72_0.tar.bz2#85dfd487a244bbe2cf7019ce8a39b5bc
https://conda.anaconda.org/conda-forge/noarch/webencodings-0.5.1-py_1.tar.bz2#3563be4c5611a44210d9ba0c16113136
https://conda.anaconda.org/conda-forge/noarch/wheel-0.37.0-pyhd8ed1ab_1.tar.bz2#3aa2c3e25dd361b453d010388b9cdff1
https://conda.anaconda.org/conda-forge/noarch/xyzservices-2021.11.0-pyhd8ed1ab_0.tar.bz2#f9df7fdbc9dd56ea10d75a85280ace37
https://conda.anaconda.org/conda-forge/noarch/zipp-3.6.0-pyhd8ed1ab_0.tar.bz2#855e2c4622f5eb50a4f6f7167b9ba17a
https://conda.anaconda.org/conda-forge/noarch/aioitertools-0.8.0-pyhd8ed1ab_0.tar.bz2#9b6ecc5db72324277f8469e4ccab7f50
https://conda.anaconda.org/conda-forge/noarch/babel-2.9.1-pyh44b312d_0.tar.bz2#74136ed39bfea0832d338df1e58d013e
https://conda.anaconda.org/conda-forge/linux-64/cairo-1.16.0-h6cf1ce9_1008.tar.bz2#a43fb47d15e116f8be4be7e6b17ab59f
https://conda.anaconda.org/conda-forge/linux-64/certifi-2021.10.8-py39hf3d152e_1.tar.bz2#67982d98030fde9139a64219dbe4db5e
https://conda.anaconda.org/conda-forge/linux-64/cffi-1.15.0-py39h4bc2ebd_0.tar.bz2#f6191bf565dee581e77549d63737751c
https://conda.anaconda.org/conda-forge/linux-64/cfitsio-3.470-hb418390_7.tar.bz2#5bda2e5ca5edb0c207c3ec76f57f8ecc
https://conda.anaconda.org/conda-forge/linux-64/chardet-4.0.0-py39hf3d152e_2.tar.bz2#8e507525679e851c2979ab25b1da1b6d
https://conda.anaconda.org/conda-forge/noarch/click-default-group-1.2.2-pyhd8ed1ab_1.tar.bz2#72a46ffc25701c173932fd55cf0965d3
https://conda.anaconda.org/conda-forge/noarch/click-plugins-1.1.1-py_0.tar.bz2#4fd2c6b53934bd7d96d1f3fdaf99b79f
https://conda.anaconda.org/conda-forge/noarch/cligj-0.7.2-pyhd8ed1ab_1.tar.bz2#a29b7c141d6b2de4bb67788a5f107734
https://conda.anaconda.org/conda-forge/noarch/configobj-5.0.6-py_0.tar.bz2#e46ba874295e2eda5593650895777913
https://conda.anaconda.org/conda-forge/linux-64/curl-7.80.0-h2574ce0_0.tar.bz2#4d8fd67e5ab7e00fde8ad085464f43b7
https://conda.anaconda.org/conda-forge/linux-64/cytoolz-0.11.2-py39h3811e60_1.tar.bz2#fca41893970eeb22f31e53c50c22dbbd
https://conda.anaconda.org/conda-forge/linux-64/debugpy-1.5.1-py39he80948d_0.tar.bz2#111c5b430676182de0f0f038233ba3a4
https://conda.anaconda.org/conda-forge/linux-64/docutils-0.15.2-py39hf3d152e_2.tar.bz2#3455dfbc1830999a1ccededcc31444d9
https://conda.anaconda.org/conda-forge/linux-64/entrypoints-0.3-py39hde42818_1002.tar.bz2#dad6134fb73bfd57f9658c30c7296355
https://conda.anaconda.org/conda-forge/noarch/fasteners-0.16-pyhd8ed1ab_0.tar.bz2#8ecec38560a2613704aa01882a8a48c5
https://conda.anaconda.org/conda-forge/noarch/gitdb-4.0.9-pyhd8ed1ab_0.tar.bz2#40fc6b14a45dee3a3fd9f302d026108e
https://conda.anaconda.org/conda-forge/linux-64/greenlet-1.1.2-py39he80948d_1.tar.bz2#4b440bda7b4cca6303c6dd9c04cb9fc9
https://conda.anaconda.org/conda-forge/linux-64/hdf5-1.10.6-nompi_h6a2412b_1114.tar.bz2#0a2984b78f51148d7ff6219abe73509e
https://conda.anaconda.org/conda-forge/linux-64/importlib-metadata-4.8.2-py39hf3d152e_0.tar.bz2#c99d085fb9beacd7679864876e97b4af
https://conda.anaconda.org/conda-forge/noarch/importlib_resources-5.4.0-pyhd8ed1ab_0.tar.bz2#9fb134dbabe7851a9d71411064b2c30d
https://conda.anaconda.org/conda-forge/linux-64/jedi-0.18.0-py39hf3d152e_3.tar.bz2#8d85bb6c1160fe8d78f1fc69670cfbc7
https://conda.anaconda.org/conda-forge/linux-64/jupyter_core-4.9.1-py39hf3d152e_0.tar.bz2#a057ec7b5bd2fcdb898ff84b38a0a006
https://conda.anaconda.org/conda-forge/linux-64/kiwisolver-1.3.2-py39h1a9c180_1.tar.bz2#0692e15dbf6632726be4ed08aaeb37e1
https://conda.anaconda.org/conda-forge/linux-64/llvmlite-0.36.0-py39h1bbdace_0.tar.bz2#3e984c80716bef5e6eeee46813d51393
https://conda.anaconda.org/conda-forge/linux-64/markupsafe-2.0.1-py39h3811e60_1.tar.bz2#bba8fc0d724caa73a96220e48aac3b61
https://conda.anaconda.org/conda-forge/noarch/matplotlib-inline-0.1.3-pyhd8ed1ab_0.tar.bz2#be3bfd435802d2c768c6b2439f325f3d
https://conda.anaconda.org/conda-forge/linux-64/mistune-0.8.4-py39h3811e60_1005.tar.bz2#95eb8cbf40bccdcb34888c9e56371570
https://conda.anaconda.org/conda-forge/linux-64/msgpack-python-1.0.2-py39h1a9c180_2.tar.bz2#0882d2cf7190fee7d538fc7f3527378e
https://conda.anaconda.org/conda-forge/linux-64/multidict-5.2.0-py39h3811e60_1.tar.bz2#857d2fc6fbf1cfbcaaca77343079bc2c
https://conda.anaconda.org/conda-forge/noarch/multipledispatch-0.6.0-py_0.tar.bz2#1073dc92c8f247d94ac14dd79ca0bbec
https://conda.anaconda.org/conda-forge/linux-64/numpy-1.21.4-py39hdbf815f_0.tar.bz2#3ef30a1c931a3cfe564ca5212b3fa8fe
https://conda.anaconda.org/conda-forge/noarch/packaging-21.2-pyhd8ed1ab_1.tar.bz2#80ab704308a0c870245dc4cb62c6c156
https://conda.anaconda.org/conda-forge/noarch/partd-1.2.0-pyhd8ed1ab_0.tar.bz2#0c32f563d7f22e3a34c95cad8cc95651
https://conda.anaconda.org/conda-forge/noarch/pexpect-4.8.0-pyh9f0ad1d_2.tar.bz2#5909e7b978141dd80d28dbf9de627827
https://conda.anaconda.org/conda-forge/linux-64/pickleshare-0.7.5-py39hde42818_1002.tar.bz2#2dc9995512c80256532250a6fd616b14
https://conda.anaconda.org/conda-forge/linux-64/pillow-8.4.0-py39ha612740_0.tar.bz2#f36987ff4c71212ed574c8a2c190edb3
https://conda.anaconda.org/conda-forge/linux-64/postgresql-13.3-h2510834_3.tar.bz2#5b3cae3b6161548a60a5f5178a7f0c23
https://conda.anaconda.org/conda-forge/linux-64/proj-8.0.1-h277dcde_0.tar.bz2#5f820fa831777ee6463ee8dc4f2054ba
https://conda.anaconda.org/conda-forge/linux-64/psutil-5.8.0-py39h3811e60_2.tar.bz2#e8848835fcdc39313f3214a44d8a4e2a
https://conda.anaconda.org/conda-forge/noarch/pyasn1-modules-0.2.7-py_0.tar.bz2#ad1e886d09700b2304975335f714bd9c
https://conda.anaconda.org/conda-forge/noarch/pyct-core-0.4.6-py_0.tar.bz2#55ec526f95e0959de3f68bc6289a20da
https://conda.anaconda.org/conda-forge/linux-64/pycurl-7.44.1-py39h72e3413_1.tar.bz2#f3fa6db2ea8983102beb98d87eb85c0b
https://conda.anaconda.org/conda-forge/linux-64/pyrsistent-0.18.0-py39h3811e60_0.tar.bz2#8d38d839366d28d11fafc9d7021c32fc
https://conda.anaconda.org/conda-forge/linux-64/pysocks-1.7.1-py39hf3d152e_4.tar.bz2#eed9d381f391cad4e96f697e8c74e929
https://conda.anaconda.org/conda-forge/noarch/python-dateutil-2.8.2-pyhd8ed1ab_0.tar.bz2#dd999d1cc9f79e67dbb855c8924c7984
https://conda.anaconda.org/conda-forge/noarch/pyu2f-0.1.5-pyhd8ed1ab_0.tar.bz2#caabbeaa83928d0c3e3949261daa18eb
https://conda.anaconda.org/conda-forge/noarch/pyviz_comms-2.1.0-pyhd8ed1ab_0.tar.bz2#9b3f9639f96de0242e0d96f7862c1bc8
https://conda.anaconda.org/conda-forge/linux-64/pyyaml-5.4.1-py39h3811e60_1.tar.bz2#5962965a723e43a09029b6976411bf0a
https://conda.anaconda.org/conda-forge/linux-64/pyzmq-22.3.0-py39h37b5a0c_1.tar.bz2#90dbe11c01a89fc6fddb90cbe2672e68
https://conda.anaconda.org/conda-forge/noarch/rsa-4.7.2-pyh44b312d_0.tar.bz2#3452ab3790dbb1df9508b3fa4ea2f806
https://conda.anaconda.org/conda-forge/linux-64/rtree-0.9.7-py39hb102c33_2.tar.bz2#8bbc01adf4f517413be1756d07143d92
https://conda.anaconda.org/conda-forge/linux-64/ruamel.yaml.clib-0.2.2-py39h3811e60_2.tar.bz2#d7770c88f04155fcff2942a1ff750ff1
https://conda.anaconda.org/conda-forge/linux-64/setuptools-58.5.3-py39hf3d152e_0.tar.bz2#d50f066535f4794ce3c88bf8c44085de
https://conda.anaconda.org/conda-forge/linux-64/sniffio-1.2.0-py39hf3d152e_2.tar.bz2#591e48c37143ef758d6ba0da1cf10a6f
https://conda.anaconda.org/conda-forge/linux-64/tornado-6.1-py39h3811e60_2.tar.bz2#5a7bb7af2f3bcf31ee6cd817de1d5011
https://conda.anaconda.org/conda-forge/noarch/tqdm-4.62.3-pyhd8ed1ab_0.tar.bz2#24ed42db084efd6e615babec03c2b460
https://conda.anaconda.org/conda-forge/noarch/traittypes-0.2.1-pyh9f0ad1d_2.tar.bz2#7d32ccb5334a6822c28af3e864550618
https://conda.anaconda.org/conda-forge/noarch/typing-extensions-3.10.0.2-hd8ed1ab_0.tar.bz2#786c3b0de977da13146a2eaaa091ac46
https://conda.anaconda.org/conda-forge/linux-64/websocket-client-0.57.0-py39hf3d152e_6.tar.bz2#6a0af083dc02282daa8752604923f04c
https://conda.anaconda.org/conda-forge/linux-64/wrapt-1.13.3-py39h3811e60_1.tar.bz2#ececef5fc5e81e51d4c13991f0da63b2
https://conda.anaconda.org/conda-forge/noarch/zict-2.0.0-py_0.tar.bz2#4750152be22f24d695b3004c5e1712d3
https://conda.anaconda.org/conda-forge/linux-64/anyio-3.3.4-py39hf3d152e_0.tar.bz2#d7ac90c2caafb8d6946b4b789f7ff83c
https://conda.anaconda.org/conda-forge/linux-64/argon2-cffi-21.1.0-py39h3811e60_2.tar.bz2#6d5944bfc312325bececefe871806ca3
https://conda.anaconda.org/conda-forge/noarch/backports.functools_lru_cache-1.6.4-pyhd8ed1ab_0.tar.bz2#c5b3edc62d6309088f4970b3eaaa65a6
https://conda.anaconda.org/conda-forge/noarch/bleach-4.1.0-pyhd8ed1ab_0.tar.bz2#4a2104c7b22c222bd0fe03aaef12862c
https://conda.anaconda.org/conda-forge/linux-64/brotlipy-0.7.0-py39h3811e60_1003.tar.bz2#9b1975f772d5d8a398c34e539a7ea1a1
https://conda.anaconda.org/conda-forge/linux-64/cftime-1.5.1.1-py39hce5d2b2_1.tar.bz2#de752948eb85895d5131ac3599c43ca3
https://conda.anaconda.org/conda-forge/linux-64/cryptography-35.0.0-py39h95dcef6_2.tar.bz2#1ec40ce04031414d34245391ae83455e
https://conda.anaconda.org/conda-forge/noarch/dask-core-2021.11.1-pyhd8ed1ab_0.tar.bz2#9737b8117bd1b2b7e5e666330184d5db
https://conda.anaconda.org/conda-forge/noarch/datashape-0.5.4-py_1.tar.bz2#50ddfce434ea596fc4497085f403a9d5
https://conda.anaconda.org/conda-forge/linux-64/geotiff-1.6.0-h4f31c25_6.tar.bz2#4b66df7fb5e83a6fced64434bedbcac2
https://conda.anaconda.org/conda-forge/noarch/gitpython-3.1.24-pyhd8ed1ab_0.tar.bz2#38b9853bd2dddbfbe1a0f57c5587b667
https://conda.anaconda.org/conda-forge/linux-64/h5py-2.10.0-nompi_py39h98ba4bc_106.tar.bz2#696e914506d2cb7f865f7ae4237f0e0a
https://conda.anaconda.org/conda-forge/noarch/importlib_metadata-4.8.2-hd8ed1ab_0.tar.bz2#4fcc9776fdf4c35c5a10662bbbd21a61
https://conda.anaconda.org/conda-forge/noarch/jinja2-3.0.3-pyhd8ed1ab_0.tar.bz2#036d872c653780cb26e797e2e2f61b4c
https://conda.anaconda.org/conda-forge/noarch/joblib-1.1.0-pyhd8ed1ab_0.tar.bz2#07d1b5c8cde14d95998fd4767e1e62d2
https://conda.anaconda.org/conda-forge/noarch/jsonschema-4.2.1-pyhd8ed1ab_0.tar.bz2#0a4d10a794fc48016d8d0453365180ad
https://conda.anaconda.org/conda-forge/noarch/jupyter_client-7.0.6-pyhd8ed1ab_0.tar.bz2#bad4522cf4a022cb5500969ad67c3342
https://conda.anaconda.org/conda-forge/linux-64/kealib-1.4.14-hcc255d8_2.tar.bz2#ae7e21f861c37500627f7122df804c26
https://conda.anaconda.org/conda-forge/linux-64/libdap4-3.20.6-hd7c4107_2.tar.bz2#c265ae57e3acdc891f3e2b93cf6784f5
https://conda.anaconda.org/conda-forge/linux-64/libnetcdf-4.8.1-nompi_hcd642e3_100.tar.bz2#ebbc403d4236a28a86786e4249ae6382
https://conda.anaconda.org/conda-forge/linux-64/libspatialite-5.0.1-h8694cbe_6.tar.bz2#e9ec379639b6d18d71d6068e5b22d55a
https://conda.anaconda.org/conda-forge/noarch/mako-1.1.5-pyhd8ed1ab_0.tar.bz2#e8f5f27557d8a0f6c4ed9950cd622e50
https://conda.anaconda.org/conda-forge/noarch/markdown-3.3.4-pyhd8ed1ab_0.tar.bz2#b8054f74fbed2b282f032219f114421a
https://conda.anaconda.org/conda-forge/linux-64/matplotlib-base-3.4.3-py39h2fa2bec_1.tar.bz2#17559929ff13c2a2be1618c1d657191b
https://conda.anaconda.org/conda-forge/noarch/munch-2.5.0-py_0.tar.bz2#31d9e9be500e25ff0050bc9f57a6bcd7
https://conda.anaconda.org/conda-forge/linux-64/numba-0.53.1-py39h56b8d98_1.tar.bz2#2b8674a6cb39ccd00833311aae90640e
https://conda.anaconda.org/conda-forge/linux-64/numcodecs-0.9.1-py39he80948d_1.tar.bz2#ccafb216ec28c6a2e83629425a1aec1e
https://conda.anaconda.org/conda-forge/linux-64/pandas-1.3.4-py39hde0f152_1.tar.bz2#8b043715b3ecda6b4546c962aff6f519
https://conda.anaconda.org/conda-forge/noarch/pip-21.3.1-pyhd8ed1ab_0.tar.bz2#e4fe2a9af78ff11f1aced7e62128c6a8
https://conda.anaconda.org/conda-forge/linux-64/poppler-21.03.0-h93df280_0.tar.bz2#8eb9cd14ac2063e614a1ba923496b94d
https://conda.anaconda.org/conda-forge/linux-64/pydantic-1.8.2-py39h3811e60_2.tar.bz2#f1e316180313e4a7e4c163060d52fcf9
https://conda.anaconda.org/conda-forge/noarch/pygments-2.10.0-pyhd8ed1ab_0.tar.bz2#32bcce837f1316f1c3208118b6c5e5fc
https://conda.anaconda.org/conda-forge/linux-64/pykdtree-1.3.4-py39hce5d2b2_1.tar.bz2#4712c0ef81ee6b59f6c47c767a40aca2
https://conda.anaconda.org/conda-forge/linux-64/pyproj-3.2.1-py39ha9a7ae0_5.tar.bz2#d67bc97d2f09412051d1b0760f8aa9ee
https://conda.anaconda.org/conda-forge/noarch/pystac-1.1.0-pyhd8ed1ab_0.tar.bz2#e1f98607d18c1b0ab0483fe8b95777c0
https://conda.anaconda.org/conda-forge/linux-64/ruamel.yaml-0.17.17-py39h3811e60_0.tar.bz2#65c5437697962408f3df879df1936c30
https://conda.anaconda.org/conda-forge/linux-64/scipy-1.7.2-py39hee8e79c_0.tar.bz2#6f67769d2c14095f1d7bf4f07b5a961b
https://conda.anaconda.org/conda-forge/linux-64/shapely-1.7.1-py39ha61afbd_5.tar.bz2#3327aae8961242e70ebf6efc0d54df59
https://conda.anaconda.org/conda-forge/noarch/snuggs-1.4.7-py_0.tar.bz2#cb83a3d6ecf73f50117635192414426a
https://conda.anaconda.org/conda-forge/linux-64/sqlalchemy-1.4.26-py39h3811e60_1.tar.bz2#2986b72584afbc08568fcf3e44888902
https://conda.anaconda.org/conda-forge/linux-64/terminado-0.12.1-py39hf3d152e_1.tar.bz2#3e73d7571460790b8487d03b630b970b
https://conda.anaconda.org/conda-forge/linux-64/yarl-1.7.2-py39h3811e60_1.tar.bz2#7bc588bc3977eb67415ac6ff36b94535
https://conda.anaconda.org/conda-forge/linux-64/aiohttp-3.7.4.post0-py39h3811e60_1.tar.bz2#42413dc2f1830e7b105efd50b81721cd
https://conda.anaconda.org/conda-forge/noarch/alembic-1.7.4-pyhd8ed1ab_0.tar.bz2#bba6e5849f39693f53c8b1f907cf3468
https://conda.anaconda.org/conda-forge/linux-64/bokeh-2.4.1-py39hf3d152e_1.tar.bz2#6eeece7242ec65f312d2201a800043c8
https://conda.anaconda.org/conda-forge/noarch/branca-0.4.2-pyhd8ed1ab_0.tar.bz2#836c975d3ae4f21c3cd047c10b15a7cf
https://conda.anaconda.org/conda-forge/linux-64/cartopy-0.20.0-py39h2103e0b_0.tar.bz2#c8fa6c8a6841f7b3c8e4db1e1da155e3
https://conda.anaconda.org/conda-forge/linux-64/distributed-2021.11.1-py39hf3d152e_0.tar.bz2#dc4b4a821dca5eef5035f8044e65ec3f
https://conda.anaconda.org/conda-forge/noarch/geopandas-base-0.10.2-pyha770c72_0.tar.bz2#50c65c070517621d4d27756ba2431e13
https://conda.anaconda.org/conda-forge/noarch/h5netcdf-0.11.0-pyhd8ed1ab_0.tar.bz2#a298ca086794894de1393397ed05093d
https://conda.anaconda.org/conda-forge/noarch/jupyter_telemetry-0.1.0-pyhd8ed1ab_1.tar.bz2#bb9ebdb6d5aa2622484aff1faceee181
https://conda.anaconda.org/conda-forge/noarch/jupyterlab_pygments-0.1.2-pyh9f0ad1d_0.tar.bz2#2cbd910890bb328e8959246a1e16fac7
https://conda.anaconda.org/conda-forge/linux-64/libgdal-3.3.1-h07ae0cd_2.tar.bz2#5e34d0153577802544b01553bbaa0c6e
https://conda.anaconda.org/conda-forge/noarch/nbformat-5.1.3-pyhd8ed1ab_0.tar.bz2#bafa5df6d4f8db69a4d197b4657127e7
https://conda.anaconda.org/conda-forge/linux-64/netcdf4-1.5.7-nompi_py39hd2e3950_101.tar.bz2#0952021726a748a7dc1eae16ed1652cb
https://conda.anaconda.org/conda-forge/noarch/networkx-2.6.3-pyhd8ed1ab_1.tar.bz2#4028eff5a1d3deed58c98774e7aa9891
https://conda.anaconda.org/conda-forge/noarch/oauthlib-3.1.1-pyhd8ed1ab_0.tar.bz2#34bb0b023e083aa8a4af74311031a352
https://conda.anaconda.org/conda-forge/noarch/pyopenssl-21.0.0-pyhd8ed1ab_0.tar.bz2#8c49efecb7dca466e18b06015e8c88ce
https://conda.anaconda.org/conda-forge/linux-64/pyresample-1.22.0-py39hde0f152_0.tar.bz2#6f3dfe03670563c6e1c1731ad32aca7f
https://conda.anaconda.org/conda-forge/linux-64/scikit-learn-1.0.1-py39h7c5d8c9_1.tar.bz2#aad0d090398e5e3e358987c980702441
https://conda.anaconda.org/conda-forge/noarch/wcwidth-0.2.5-pyh9f0ad1d_2.tar.bz2#5266fcd697043c59621fda522b3d78ee
https://conda.anaconda.org/conda-forge/noarch/xarray-0.20.1-pyhd8ed1ab_0.tar.bz2#981b0f9bd31f23fb16249dc29896071a
https://conda.anaconda.org/conda-forge/noarch/zarr-2.10.1-pyhd8ed1ab_0.tar.bz2#47a4dc0ec21527e6fdeabe6346a8afeb
https://conda.anaconda.org/conda-forge/noarch/certipy-0.1.3-py_0.tar.bz2#23486713ef5712923e7c57cae609b22e
https://conda.anaconda.org/conda-forge/noarch/dask-2021.11.1-pyhd8ed1ab_0.tar.bz2#80e9c01969a48befbb315f402e64251d
https://conda.anaconda.org/conda-forge/linux-64/gdal-3.3.1-py39h409cc32_2.tar.bz2#caaaeb46df31b5c778aae4f1baa5ccc4
https://conda.anaconda.org/conda-forge/noarch/mapclassify-2.4.3-pyhd8ed1ab_0.tar.bz2#908bbfb54da154042c5cbda77b37a3d1
https://conda.anaconda.org/conda-forge/noarch/nbclient-0.5.5-pyhd8ed1ab_0.tar.bz2#ecbb76e045ef088ec91f87741008ac4e
https://conda.anaconda.org/conda-forge/noarch/prompt-toolkit-3.0.22-pyha770c72_0.tar.bz2#a749a230f0d950eae1dedf13ff344b15
https://conda.anaconda.org/conda-forge/linux-64/rasterio-1.2.8-py39hbc4e497_0.tar.bz2#7e864c78824dd2358121f13a5055670e
https://conda.anaconda.org/conda-forge/noarch/urllib3-1.26.7-pyhd8ed1ab_0.tar.bz2#be75bab4820a56f77ba1a3fc9139c36a
https://conda.anaconda.org/conda-forge/noarch/botocore-1.22.8-pyhd8ed1ab_0.tar.bz2#4b2c7662eeed7392d4b7d296204b59bc
https://conda.anaconda.org/conda-forge/linux-64/dask-gateway-0.9.0-py39hf3d152e_2.tar.bz2#57f015b6de515b0d5fb7827a62de8fdd
https://conda.anaconda.org/conda-forge/linux-64/fiona-1.8.20-py39h427c1bf_1.tar.bz2#2efe79714d7fae8b8b74b6de979fe7c9
https://conda.anaconda.org/conda-forge/linux-64/ipython-7.29.0-py39hef51801_1.tar.bz2#783ea5054aa2cfed178e4b707288c69d
https://conda.anaconda.org/conda-forge/noarch/kubernetes_asyncio-18.20.0-pyhd8ed1ab_0.tar.bz2#4bf0e6808ffdc29fa5a1b8ed3a61d154
https://conda.anaconda.org/conda-forge/linux-64/nbconvert-6.2.0-py39hf3d152e_0.tar.bz2#dc9ee8c86a09d9464729ba7f767885b3
https://conda.anaconda.org/conda-forge/noarch/requests-2.26.0-pyhd8ed1ab_0.tar.bz2#0ed2ccbde6db9dd5789068eb7194463f
https://conda.anaconda.org/conda-forge/noarch/rioxarray-0.8.0-pyhd8ed1ab_0.tar.bz2#7c4eaaa30034895d23c692aff8c894d5
https://conda.anaconda.org/conda-forge/noarch/aiobotocore-2.0.0-pyhd8ed1ab_0.tar.bz2#f991bb770cc71695a89226f7fe141e9d
https://conda.anaconda.org/conda-forge/noarch/ensureconda-1.4.1-pyhd8ed1ab_0.tar.bz2#52a7f7cc9076e2c8a25e15e19ad42821
https://conda.anaconda.org/conda-forge/noarch/folium-0.12.0-pyhd8ed1ab_1.tar.bz2#91945fa06d1d7a5a8914f32785388478
https://conda.anaconda.org/conda-forge/noarch/google-auth-2.3.3-pyh6c4a22f_0.tar.bz2#fb868744615a32365a7c3abb8794386f
https://conda.anaconda.org/conda-forge/linux-64/ipykernel-6.5.0-py39hef51801_0.tar.bz2#d62aae0948659174435e261406187fb6
https://conda.anaconda.org/conda-forge/noarch/jupyter_server-1.11.2-pyhd8ed1ab_0.tar.bz2#f14d0f526177445a4de21dc878d21b31
https://conda.anaconda.org/conda-forge/linux-64/jupyterhub-base-1.5.0-py39hf3d152e_0.tar.bz2#8370d4dd54864351efd4d63af9dad0cb
https://conda.anaconda.org/conda-forge/noarch/pooch-1.5.2-pyhd8ed1ab_0.tar.bz2#be1f708f932f28b1583de00c4de454e0
https://conda.anaconda.org/conda-forge/noarch/pyct-0.4.6-py_0.tar.bz2#42d91c89bc3993ec88681cffd3c0e326
https://conda.anaconda.org/conda-forge/noarch/pystac-client-0.3.0-pyhd8ed1ab_0.tar.bz2#15e1b8442b059ec6e77d260117cb71eb
https://conda.anaconda.org/conda-forge/noarch/requests-oauthlib-1.3.0-pyh9f0ad1d_0.tar.bz2#acdcfb3267ef1a8e576e84480a5e259d
https://conda.anaconda.org/conda-forge/noarch/s3transfer-0.5.0-pyhd8ed1ab_0.tar.bz2#5347ec6ef9835e820fe27bfa438ce8e9
https://conda.anaconda.org/conda-forge/linux-64/awscli-1.21.8-py39hf3d152e_2.tar.bz2#4c04af798cb8cd446988ab6bd78d6059
https://conda.anaconda.org/conda-forge/noarch/boto3-1.19.8-pyhd8ed1ab_0.tar.bz2#2dcf0bbb21509ba752ef8f22e6bf0468
https://conda.anaconda.org/conda-forge/noarch/colorcet-2.0.6-pyhd8ed1ab_0.tar.bz2#bdf0d14cb996a18a3df88ddac83e11f9
https://conda.anaconda.org/conda-forge/noarch/conda-lock-0.13.1-pyhd8ed1ab_0.tar.bz2#2e3e581b9c7d493191d08ed88c18f7c0
https://conda.anaconda.org/conda-forge/noarch/geopandas-0.10.2-pyhd8ed1ab_0.tar.bz2#6097c661f844076a5885f1a96809a131
https://conda.anaconda.org/conda-forge/noarch/jupyter-resource-usage-0.6.0-pyhd8ed1ab_0.tar.bz2#db6c08b360baeacba755a78d0a1ecabb
https://conda.anaconda.org/conda-forge/noarch/jupyter-server-mathjax-0.2.3-pyhd8ed1ab_0.tar.bz2#2d0951b616bb3a172032ade395706f45
https://conda.anaconda.org/conda-forge/noarch/jupyter-server-proxy-3.1.0-pyhd8ed1ab_0.tar.bz2#da801ab0faf777702ccd9fb0980f4d1f
https://conda.anaconda.org/conda-forge/noarch/jupyterlab_server-2.8.2-pyhd8ed1ab_0.tar.bz2#c7891bb53fbb3911f4b526533314d63b
https://conda.anaconda.org/conda-forge/noarch/notebook-6.4.5-pyha770c72_0.tar.bz2#38dbdd8c5c765323710d15e4826a93ec
https://conda.anaconda.org/conda-forge/noarch/panel-0.12.4-pyhd8ed1ab_0.tar.bz2#666d334743eb3c21290d34b68c6d7e26
https://conda.anaconda.org/conda-forge/noarch/python-kubernetes-19.15.0-pyhd8ed1ab_0.tar.bz2#f7d83d1935613dc7a4931e73bbcc448f
https://conda.anaconda.org/conda-forge/noarch/s3fs-2021.7.0-pyhd8ed1ab_0.tar.bz2#eefc194ec77ab4b4f77c6368050e534f
https://conda.anaconda.org/conda-forge/noarch/dask-kubernetes-2021.10.0-pyhd8ed1ab_0.tar.bz2#6f0c917b101132c5fb90d8e1aa61b94c
https://conda.anaconda.org/conda-forge/noarch/datashader-0.13.0-pyh6c4a22f_0.tar.bz2#bcc353a756d4ad98b97fcc5aa1f9ce4c
https://conda.anaconda.org/conda-forge/noarch/holoviews-1.14.6-pyhd8ed1ab_0.tar.bz2#c8a2406d841bf6565ddec6e9bfefec45
https://conda.anaconda.org/conda-forge/linux-64/jupyterhub-singleuser-1.5.0-py39hf3d152e_0.tar.bz2#abe1314a9f5e93d819285ee1068c6d9e
https://conda.anaconda.org/conda-forge/noarch/nbclassic-0.3.4-pyhd8ed1ab_0.tar.bz2#e21efe42d229d4b8a42ae4aa08ac4198
https://conda.anaconda.org/conda-forge/noarch/nbdime-3.1.1-pyhd8ed1ab_0.tar.bz2#38dc061ffabe665b79f4c7c52cefa809
https://conda.anaconda.org/conda-forge/noarch/nbgitpuller-1.0.2-pyhd8ed1ab_0.tar.bz2#3a491de2b9260af7e4df2b9e0de2fc0a
https://conda.anaconda.org/conda-forge/linux-64/widgetsnbextension-3.5.2-py39hf3d152e_0.tar.bz2#982d6452e79ef1b29140a45da97adc45
https://conda.anaconda.org/conda-forge/noarch/geoviews-core-1.9.2-pyha770c72_0.tar.bz2#49d7d82589ef5fada21b8bbad55326e5
https://conda.anaconda.org/conda-forge/noarch/hvplot-0.7.3-pyh6c4a22f_0.tar.bz2#0a95d235289e51e45cb355c9713fd9c4
https://conda.anaconda.org/conda-forge/noarch/ipywidgets-7.6.5-pyhd8ed1ab_0.tar.bz2#6f2ee1ec157104df141e2e5afeba98d4
https://conda.anaconda.org/conda-forge/noarch/jupyterlab-3.2.2-pyhd8ed1ab_0.tar.bz2#f41e7e2f2213004a52f41a96245195f1
https://conda.anaconda.org/conda-forge/noarch/pangeo-dask-2021.11.09-hd8ed1ab_0.tar.bz2#487eb0e0c70fa50e2ca696c5edbf8a4d
https://conda.anaconda.org/conda-forge/noarch/bqplot-0.12.31-pyhd8ed1ab_0.tar.bz2#fd4eb6ddeb5a81ed1e5251dc9d632741
https://conda.anaconda.org/conda-forge/noarch/dask-labextension-5.1.0-pyhd8ed1ab_0.tar.bz2#59ed7ba7f86a9830fc4be159d613a424
https://conda.anaconda.org/conda-forge/noarch/geoviews-1.9.2-pyhd8ed1ab_0.tar.bz2#edfab871814ab14ded60067e404e8315
https://conda.anaconda.org/conda-forge/noarch/ipyleaflet-0.14.0-pyhd8ed1ab_1.tar.bz2#0c8cab53cd1674911fd19c1563232aa0
https://conda.anaconda.org/conda-forge/noarch/ipympl-0.8.2-pyhd8ed1ab_0.tar.bz2#a481d8659f8fa19fb65f542fa55a917a
https://conda.anaconda.org/conda-forge/noarch/jupyterlab-geojson-3.1.2-pyhd8ed1ab_0.tar.bz2#7d334fe74211a8f6e049e7d45e10bc61
https://conda.anaconda.org/conda-forge/noarch/jupyterlab-git-0.33.0-pyhd8ed1ab_0.tar.bz2#d6162a54ca45313b1ee645a9185c860e
https://conda.anaconda.org/conda-forge/noarch/sidecar-0.5.1-pyhd8ed1ab_0.tar.bz2#894e0063c1407cf3125c5deaf403c980
https://conda.anaconda.org/conda-forge/noarch/pangeo-notebook-2021.11.09-hd8ed1ab_0.tar.bz2#79c12ea4f3f05685fc4d7be8bbcd0305
