# Generated by conda-lock.
# platform: linux-64
# input_hash: a1f1408773950ea45886070319dd45d514f4e1c0cce45aa7dfd585c0ae4be65f
@EXPLICIT
https://conda.anaconda.org/conda-forge/linux-64/_libgcc_mutex-0.1-conda_forge.tar.bz2#d7c89558ba9fa0495403155b64376d81
https://conda.anaconda.org/conda-forge/linux-64/ca-certificates-2021.10.8-ha878542_0.tar.bz2#575611b8a84f45960e87722eeb51fa26
https://conda.anaconda.org/conda-forge/linux-64/ld_impl_linux-64-2.36.1-hea4e1c9_2.tar.bz2#bd4f2e711b39af170e7ff15163fe87ee
https://conda.anaconda.org/conda-forge/linux-64/libgfortran5-11.2.0-h5c6108e_12.tar.bz2#f547bf125ab234cec9c89491b262fc2f
https://conda.anaconda.org/conda-forge/linux-64/libstdcxx-ng-11.2.0-he4da1e4_12.tar.bz2#7ff3b832ba5e6918c0d026976359d065
https://conda.anaconda.org/conda-forge/linux-64/pandoc-2.17.1.1-ha770c72_0.tar.bz2#316431b0b4e25f384cfd3428a1a5dd8c
https://conda.anaconda.org/conda-forge/noarch/poppler-data-0.4.11-hd8ed1ab_0.tar.bz2#abc27381c4f005da588cffa1f76403ee
https://conda.anaconda.org/conda-forge/noarch/tzdata-2021e-he74cb21_0.tar.bz2#a751ec502589ebdc2eceb183ff602569
https://conda.anaconda.org/conda-forge/linux-64/libgfortran-ng-11.2.0-h69a702a_12.tar.bz2#33c165be455015cc74e8d857182f3f58
https://conda.anaconda.org/conda-forge/linux-64/libgomp-11.2.0-h1d223b6_12.tar.bz2#763c5ec8116d984b4a33342236d7da36
https://conda.anaconda.org/conda-forge/linux-64/_openmp_mutex-4.5-1_gnu.tar.bz2#561e277319a41d4f24f5c05a9ef63c04
https://conda.anaconda.org/conda-forge/linux-64/libgcc-ng-11.2.0-h1d223b6_12.tar.bz2#d34efbb8d7d6312c816b4bb647b818b1
https://conda.anaconda.org/conda-forge/linux-64/abseil-cpp-20210324.2-h9c3ff4c_0.tar.bz2#baa652d7d0da41d757a31d00b4ae2c38
https://conda.anaconda.org/conda-forge/linux-64/aws-c-common-0.6.2-h7f98852_0.tar.bz2#ce69a062b3080485b760378841240634
https://conda.anaconda.org/conda-forge/linux-64/bzip2-1.0.8-h7f98852_4.tar.bz2#a1fd65c7ccbf10880423d82bca54eb54
https://conda.anaconda.org/conda-forge/linux-64/c-ares-1.18.1-h7f98852_0.tar.bz2#f26ef8098fab1f719c91eb760d63381a
https://conda.anaconda.org/conda-forge/linux-64/expat-2.4.4-h9c3ff4c_0.tar.bz2#3cedab1fd76644efd516e1b271f2da95
https://conda.anaconda.org/conda-forge/linux-64/freexl-1.0.6-h7f98852_0.tar.bz2#fb707484f02b122edec5fe3d1f3f552f
https://conda.anaconda.org/conda-forge/linux-64/fribidi-1.0.10-h36c2ea0_0.tar.bz2#ac7bc6a654f8f41b352b38f4051135f8
https://conda.anaconda.org/conda-forge/linux-64/geos-3.9.1-h9c3ff4c_2.tar.bz2#b9a6d9422aed3ad84ec6ccee9bfcaa0f
https://conda.anaconda.org/conda-forge/linux-64/gflags-2.2.2-he1b5a44_1004.tar.bz2#cddaf2c63ea4a5901cf09524c490ecdc
https://conda.anaconda.org/conda-forge/linux-64/giflib-5.2.1-h36c2ea0_2.tar.bz2#626e68ae9cc5912d6adb79d318cf962d
https://conda.anaconda.org/conda-forge/linux-64/icu-68.2-h9c3ff4c_0.tar.bz2#6618c9b191638993f2a818c6529e1b49
https://conda.anaconda.org/conda-forge/linux-64/jbig-2.1-h7f98852_2003.tar.bz2#1aa0cee79792fa97b7ff4545110b60bf
https://conda.anaconda.org/conda-forge/linux-64/jpeg-9e-h7f98852_0.tar.bz2#5c214edc675a7fb7cbb34b1d854e5141
https://conda.anaconda.org/conda-forge/linux-64/json-c-0.15-h98cffda_0.tar.bz2#f32d45a88e7462be446824654dbcf4a4
https://conda.anaconda.org/conda-forge/linux-64/lerc-3.0-h9c3ff4c_0.tar.bz2#7fcefde484980d23f0ec24c11e314d2e
https://conda.anaconda.org/conda-forge/linux-64/libbrotlicommon-1.0.9-h7f98852_6.tar.bz2#b0f44f63f7d771d7670747a1dd5d5ac1
https://conda.anaconda.org/conda-forge/linux-64/libdeflate-1.8-h7f98852_0.tar.bz2#91d22aefa665265e8e31988b15145c8a
https://conda.anaconda.org/conda-forge/linux-64/libev-4.33-h516909a_1.tar.bz2#6f8720dff19e17ce5d48cfe7f3d2f0a3
https://conda.anaconda.org/conda-forge/linux-64/libffi-3.4.2-h7f98852_5.tar.bz2#d645c6d2ac96843a2bfaccd2d62b3ac3
https://conda.anaconda.org/conda-forge/linux-64/libiconv-1.16-h516909a_0.tar.bz2#5c0f338a513a2943c659ae619fca9211
https://conda.anaconda.org/conda-forge/linux-64/libimagequant-2.17.0-h7f98852_1.tar.bz2#65ab613f281f227a0ca3bb3ac0c88f76
https://conda.anaconda.org/conda-forge/linux-64/libnsl-2.0.0-h7f98852_0.tar.bz2#39b1328babf85c7c3a61636d9cd50206
https://conda.anaconda.org/conda-forge/linux-64/libopenblas-0.3.18-pthreads_h8fe5266_0.tar.bz2#41532e4448c0cce086d6570f95e4e12e
https://conda.anaconda.org/conda-forge/linux-64/libsodium-1.0.18-h36c2ea0_1.tar.bz2#c3788462a6fbddafdb413a9f9053e58d
https://conda.anaconda.org/conda-forge/linux-64/libspatialindex-1.9.3-h9c3ff4c_4.tar.bz2#d87fbe9c0ff589e802ff13872980bfd9
https://conda.anaconda.org/conda-forge/linux-64/libutf8proc-2.7.0-h7f98852_0.tar.bz2#913570ed14b42cf48ccbba364af20302
https://conda.anaconda.org/conda-forge/linux-64/libuuid-2.32.1-h7f98852_1000.tar.bz2#772d69f030955d9646d3d0eaf21d859d
https://conda.anaconda.org/conda-forge/linux-64/libwebp-base-1.2.2-h7f98852_1.tar.bz2#46cf26ecc8775a0aab300ea1821aaa3c
https://conda.anaconda.org/conda-forge/linux-64/libzlib-1.2.11-h36c2ea0_1013.tar.bz2#dcddf696ff5dfcab567100d691678e18
https://conda.anaconda.org/conda-forge/linux-64/lz4-c-1.9.3-h9c3ff4c_1.tar.bz2#fbe97e8fa6f275d7c76a09e795adc3e6
https://conda.anaconda.org/conda-forge/linux-64/ncurses-6.3-h9c3ff4c_0.tar.bz2#fb31bcb7af058244479ca635d20f0f4a
https://conda.anaconda.org/conda-forge/linux-64/openssl-1.1.1l-h7f98852_0.tar.bz2#de7b38a1542dbe6f41653a8ae71adc53
https://conda.anaconda.org/conda-forge/linux-64/pcre-8.45-h9c3ff4c_0.tar.bz2#c05d1820a6d34ff07aaaab7a9b7eddaa
https://conda.anaconda.org/conda-forge/linux-64/pixman-0.40.0-h36c2ea0_0.tar.bz2#660e72c82f2e75a6b3fe6a6e75c79f19
https://conda.anaconda.org/conda-forge/linux-64/pthread-stubs-0.4-h36c2ea0_1001.tar.bz2#22dad4df6e8630e8dff2428f6f6a7036
https://conda.anaconda.org/conda-forge/linux-64/re2-2021.11.01-h9c3ff4c_0.tar.bz2#b79291df47b58c73621442a90a0fc10b
https://conda.anaconda.org/conda-forge/linux-64/snappy-1.1.8-he1b5a44_3.tar.bz2#83f1dc295c711bdbaf97e1f3bedf2f52
https://conda.anaconda.org/conda-forge/linux-64/tzcode-2021e-h7f98852_0.tar.bz2#68f160505f506e8a688d3450dc3f437c
https://conda.anaconda.org/conda-forge/linux-64/xorg-kbproto-1.0.7-h7f98852_1002.tar.bz2#4b230e8381279d76131116660f5a241a
https://conda.anaconda.org/conda-forge/linux-64/xorg-libice-1.0.10-h7f98852_0.tar.bz2#d6b0b50b49eccfe0be0373be628be0f3
https://conda.anaconda.org/conda-forge/linux-64/xorg-libxau-1.0.9-h7f98852_0.tar.bz2#bf6f803a544f26ebbdc3bfff272eb179
https://conda.anaconda.org/conda-forge/linux-64/xorg-libxdmcp-1.1.3-h7f98852_0.tar.bz2#be93aabceefa2fac576e971aef407908
https://conda.anaconda.org/conda-forge/linux-64/xorg-renderproto-0.11.1-h7f98852_1002.tar.bz2#06feff3d2634e3097ce2fe681474b534
https://conda.anaconda.org/conda-forge/linux-64/xorg-xextproto-7.3.0-h7f98852_1002.tar.bz2#1e15f6ad85a7d743a2ac68dae6c82b98
https://conda.anaconda.org/conda-forge/linux-64/xorg-xproto-7.0.31-h7f98852_1007.tar.bz2#b4a4381d54784606820704f7b5f05a15
https://conda.anaconda.org/conda-forge/linux-64/xz-5.2.5-h516909a_1.tar.bz2#33f601066901f3e1a85af3522a8113f9
https://conda.anaconda.org/conda-forge/linux-64/yaml-0.2.5-h7f98852_2.tar.bz2#4cb3ad778ec2d5a7acbdf254eb1c42ae
https://conda.anaconda.org/conda-forge/linux-64/aws-c-cal-0.5.11-h95a6274_0.tar.bz2#d4e7b241fb22dd3d7be1171f813d5da3
https://conda.anaconda.org/conda-forge/linux-64/aws-checksums-0.1.11-ha31a3da_7.tar.bz2#2fdb96aaab883abc0766ff76c0a34483
https://conda.anaconda.org/conda-forge/linux-64/gettext-0.19.8.1-h73d1719_1008.tar.bz2#af49250eca8e139378f8ff0ae9e57251
https://conda.anaconda.org/conda-forge/linux-64/glog-0.5.0-h48cff8f_0.tar.bz2#a574d6262c2f18ed60a686e1014a6700
https://conda.anaconda.org/conda-forge/linux-64/libblas-3.9.0-13_linux64_openblas.tar.bz2#8a4038563ed92dfa622bd72c0d8f31d3
https://conda.anaconda.org/conda-forge/linux-64/libbrotlidec-1.0.9-h7f98852_6.tar.bz2#c7c03a2592cac92246a13a0732bd1573
https://conda.anaconda.org/conda-forge/linux-64/libbrotlienc-1.0.9-h7f98852_6.tar.bz2#28bfe0a70154e6881da7bae97517c948
https://conda.anaconda.org/conda-forge/linux-64/libedit-3.1.20191231-he28a2e2_2.tar.bz2#4d331e44109e3f0e19b4cb8f9b82f3e1
https://conda.anaconda.org/conda-forge/linux-64/libevent-2.1.10-h9b69904_4.tar.bz2#390026683aef81db27ff1b8570ca1336
https://conda.anaconda.org/conda-forge/linux-64/librttopo-1.1.0-h1185371_6.tar.bz2#bdaaaa5a3984edea71596fc9cca74463
https://conda.anaconda.org/conda-forge/linux-64/libxcb-1.13-h7f98852_1004.tar.bz2#b3653fdc58d03face9724f602218a904
https://conda.anaconda.org/conda-forge/linux-64/readline-8.1-h46c0cb4_0.tar.bz2#5788de3c8d7a7d64ac56c784c4ef48e6
https://conda.anaconda.org/conda-forge/linux-64/s2n-1.0.10-h9b69904_0.tar.bz2#9708c3ac26c20b4c4549cbe8fef937eb
https://conda.anaconda.org/conda-forge/linux-64/udunits2-2.2.28-hc3e0081_0.tar.bz2#d4c341e0379c31e9e781d4f204726867
https://conda.anaconda.org/conda-forge/linux-64/xerces-c-3.2.3-h9d8b166_3.tar.bz2#933cb0804fca6edcfb64332e93d86a1e
https://conda.anaconda.org/conda-forge/linux-64/xorg-libsm-1.2.3-hd9c2040_1000.tar.bz2#9e856f78d5c80d5a78f61e72d1d473a3
https://conda.anaconda.org/conda-forge/linux-64/zeromq-4.3.4-h9c3ff4c_1.tar.bz2#21743a8d2ea0c8cfbbf8fe489b0347df
https://conda.anaconda.org/conda-forge/linux-64/zlib-1.2.11-h36c2ea0_1013.tar.bz2#cf7190238072a41e9579e4476a6a60b8
https://conda.anaconda.org/conda-forge/linux-64/zstd-1.5.2-ha95c52a_0.tar.bz2#5222b231b1ef49a7f60d40b363469b70
https://conda.anaconda.org/conda-forge/linux-64/aws-c-io-0.10.5-hfb6a706_0.tar.bz2#47d6b88b0c42a8c9877f3993b49f052d
https://conda.anaconda.org/conda-forge/linux-64/boost-cpp-1.74.0-h312852a_4.tar.bz2#22ee6de84c28eb7bd76802cf071c5d25
https://conda.anaconda.org/conda-forge/linux-64/brotli-bin-1.0.9-h7f98852_6.tar.bz2#9e94bf16f14c78a36561d5019f490d22
https://conda.anaconda.org/conda-forge/linux-64/hdf4-4.2.15-h10796ff_3.tar.bz2#21a8d66dc17f065023b33145c42652fe
https://conda.anaconda.org/conda-forge/linux-64/libcblas-3.9.0-13_linux64_openblas.tar.bz2#b17676dbd6688396c3a3076259fb7907
https://conda.anaconda.org/conda-forge/linux-64/libglib-2.70.2-h174f98d_2.tar.bz2#6c9346fef15d50ef4db897bfbd0f0db6
https://conda.anaconda.org/conda-forge/linux-64/liblapack-3.9.0-13_linux64_openblas.tar.bz2#018b80e8f21d8560ae4961567e3e00c9
https://conda.anaconda.org/conda-forge/linux-64/libllvm11-11.1.0-hf817b99_2.tar.bz2#646fa2f7c60b69ee8f918668e9c2fd31
https://conda.anaconda.org/conda-forge/linux-64/libnghttp2-1.46.0-h812cca2_0.tar.bz2#507fa47e9075f889af8e8b72925379be
https://conda.anaconda.org/conda-forge/linux-64/libpng-1.6.37-h21135ba_2.tar.bz2#b6acf807307d033d4b7e758b4f44b036
https://conda.anaconda.org/conda-forge/linux-64/libprotobuf-3.19.4-h780b84a_0.tar.bz2#9ff9ab8cc887d4bdebc7c7dba641626f
https://conda.anaconda.org/conda-forge/linux-64/libssh2-1.10.0-ha56f1ee_2.tar.bz2#6ab4eaa11ff01801cffca0a27489dc04
https://conda.anaconda.org/conda-forge/linux-64/libthrift-0.15.0-he6d91bd_1.tar.bz2#97155bdbbd9a42d278981c1f958e06c0
https://conda.anaconda.org/conda-forge/linux-64/libtiff-4.3.0-h6f004c6_2.tar.bz2#34fda41ca84e67232888c9a885903055
https://conda.anaconda.org/conda-forge/linux-64/libxml2-2.9.12-h72842e0_0.tar.bz2#bd14fdf5b9ee5568056a40a6a2f41866
https://conda.anaconda.org/conda-forge/linux-64/libzip-1.8.0-h4de3113_1.tar.bz2#175a746a43d42c053b91aa765fbc197d
https://conda.anaconda.org/conda-forge/linux-64/sqlite-3.37.0-h9cd32fc_0.tar.bz2#eb66fc098824d25518a79e83d12a81d6
https://conda.anaconda.org/conda-forge/linux-64/tiledb-2.3.4-he87e0bf_0.tar.bz2#fc60915b52f99c5eba16c858a54f32e7
https://conda.anaconda.org/conda-forge/linux-64/tk-8.6.11-h27826a3_1.tar.bz2#84e76fb280e735fec1efd2d21fd9cb27
https://conda.anaconda.org/conda-forge/linux-64/xorg-libx11-1.7.2-h7f98852_0.tar.bz2#12a61e640b8894504326aadafccbb790
https://conda.anaconda.org/conda-forge/linux-64/aws-c-event-stream-0.2.7-h3541f99_13.tar.bz2#39768ba0fe69c241d54703a7f5e3119f
https://conda.anaconda.org/conda-forge/linux-64/brotli-1.0.9-h7f98852_6.tar.bz2#612385c4a83edb0619fe911d9da317f4
https://conda.anaconda.org/conda-forge/linux-64/freetype-2.10.4-h0708190_1.tar.bz2#4a06f2ac2e5bfae7b6b245171c3f07aa
https://conda.anaconda.org/conda-forge/linux-64/grpc-cpp-1.42.0-ha1441d3_1.tar.bz2#5e1cc0c994752f37a62ccff8c6ece657
https://conda.anaconda.org/conda-forge/linux-64/gsl-2.7-he838d99_0.tar.bz2#fec079ba39c9cca093bf4c00001825de
https://conda.anaconda.org/conda-forge/linux-64/krb5-1.19.2-hcc1bbae_3.tar.bz2#e29650992ae593bc05fc93722483e5c3
https://conda.anaconda.org/conda-forge/linux-64/lcms2-2.12-hddcbb42_0.tar.bz2#797117394a4aa588de6d741b06fad80f
https://conda.anaconda.org/conda-forge/linux-64/libkml-1.3.0-h238a007_1014.tar.bz2#abd8e196ad04781818acef26cc451d66
https://conda.anaconda.org/conda-forge/linux-64/libwebp-1.2.2-h3452ae3_0.tar.bz2#c363665b4aabe56aae4f8981cff5b153
https://conda.anaconda.org/conda-forge/linux-64/libxslt-1.1.33-h15afd5d_2.tar.bz2#811bb9f5437fc6a04ba30d10f7a0c3eb
https://conda.anaconda.org/conda-forge/linux-64/openjpeg-2.4.0-hb52868f_1.tar.bz2#b7ad78ad2e9ee155f59e6428406ee824
https://conda.anaconda.org/conda-forge/linux-64/orc-1.7.2-h1be678f_0.tar.bz2#f06080a2e70ab2bdd13b5da82e4d29fb
https://conda.anaconda.org/conda-forge/linux-64/python-3.9.10-h85951f9_2_cpython.tar.bz2#eb70cef531c241272a35010ea8a4f705
https://conda.anaconda.org/conda-forge/linux-64/xorg-libxext-1.3.4-h7f98852_1.tar.bz2#536cc5db4d0a3ba0630541aec064b5e4
https://conda.anaconda.org/conda-forge/linux-64/xorg-libxrender-0.9.10-h7f98852_1003.tar.bz2#f59c1242cc1dd93e72c2ee2b360979eb
https://conda.anaconda.org/conda-forge/noarch/affine-2.3.0-py_0.tar.bz2#5a9bfe23652d0ad9aa27e56cd75bfe33
https://conda.anaconda.org/conda-forge/noarch/appdirs-1.4.4-pyh9f0ad1d_0.tar.bz2#5f095bc6454094e96f146491fd03633b
https://conda.anaconda.org/conda-forge/noarch/asciitree-0.3.3-py_2.tar.bz2#c0481c9de49f040272556e2cedf42816
https://conda.anaconda.org/conda-forge/noarch/async_generator-1.10-py_0.tar.bz2#d56c596e61b1c4952acf0a9920856c12
https://conda.anaconda.org/conda-forge/noarch/attrs-21.4.0-pyhd8ed1ab_0.tar.bz2#f70280205d7044c8b8358c8de3190e5d
https://conda.anaconda.org/conda-forge/noarch/backcall-0.2.0-pyh9f0ad1d_0.tar.bz2#6006a6d08a3fa99268a2681c7fb55213
https://conda.anaconda.org/conda-forge/noarch/backoff-1.11.1-pyhd8ed1ab_0.tar.bz2#a66ed29a35bea3b34d8f1cf87bd748b2
https://conda.anaconda.org/conda-forge/noarch/backports-1.0-py_2.tar.bz2#0da16b293affa6ac31812376f8eb79dd
https://conda.anaconda.org/conda-forge/noarch/blinker-1.4-py_1.tar.bz2#fa509a09190583f869ae442bf4d17f5f
https://conda.anaconda.org/conda-forge/noarch/cachetools-4.2.4-pyhd8ed1ab_0.tar.bz2#059a8732c1d81ffc93997cb8a236331f
https://conda.anaconda.org/conda-forge/noarch/charset-normalizer-2.0.11-pyhd8ed1ab_0.tar.bz2#e51530e33440ea8044edb0076cb40a0f
https://conda.anaconda.org/conda-forge/noarch/click-7.1.2-pyh9f0ad1d_0.tar.bz2#bd50a970ce07e660c319fdc4d730d3f1
https://conda.anaconda.org/conda-forge/noarch/cloudpickle-2.0.0-pyhd8ed1ab_0.tar.bz2#3a8fc8b627d5fb6af827e126a10a86c6
https://conda.anaconda.org/conda-forge/noarch/colorama-0.4.3-py_0.tar.bz2#9cf68a6826504feedbfd646bc4d1ca14
https://conda.anaconda.org/conda-forge/noarch/cycler-0.11.0-pyhd8ed1ab_0.tar.bz2#a50559fad0affdbb33729a68669ca1cb
https://conda.anaconda.org/conda-forge/noarch/dataclasses-0.8-pyhc8e2a94_3.tar.bz2#a362b2124b06aad102e2ee4581acee7d
https://conda.anaconda.org/conda-forge/noarch/decorator-5.1.1-pyhd8ed1ab_0.tar.bz2#43afe5ab04e35e17ba28649471dd7364
https://conda.anaconda.org/conda-forge/noarch/defusedxml-0.7.1-pyhd8ed1ab_0.tar.bz2#961b3a227b437d82ad7054484cfa71b2
https://conda.anaconda.org/conda-forge/noarch/docopt-0.6.2-py_1.tar.bz2#a9ed63e45579cfef026a916af2bc27c9
https://conda.anaconda.org/conda-forge/noarch/entrypoints-0.4-pyhd8ed1ab_0.tar.bz2#3cf04868fee0a029769bd41f4b2fbf2d
https://conda.anaconda.org/conda-forge/noarch/executing-0.8.2-pyhd8ed1ab_0.tar.bz2#dcd884e2cf5bcdccdf78f7db35999d62
https://conda.anaconda.org/conda-forge/noarch/fasteners-0.17.3-pyhd8ed1ab_0.tar.bz2#348e27e78a5e39090031448c72f66d5e
https://conda.anaconda.org/conda-forge/noarch/filelock-3.4.2-pyhd8ed1ab_1.tar.bz2#d3f5797d3f9625c64860c93fc4359e64
https://conda.anaconda.org/conda-forge/noarch/flit-core-3.6.0-pyhd8ed1ab_0.tar.bz2#f8c17f22a3ce533876c468157ff8ff8f
https://conda.anaconda.org/conda-forge/linux-64/fontconfig-2.13.94-ha180cfb_0.tar.bz2#c534c5248da4913002473919d76d0161
https://conda.anaconda.org/conda-forge/noarch/fsspec-2021.7.0-pyhd8ed1ab_0.tar.bz2#84fdd43802084b7c414db36b33538ea3
https://conda.anaconda.org/conda-forge/noarch/heapdict-1.0.1-py_0.tar.bz2#77242bfb1e74a627fb06319b5a2d3b95
https://conda.anaconda.org/conda-forge/noarch/idna-3.3-pyhd8ed1ab_0.tar.bz2#40b50b8b030f5f2f22085c062ed013dd
https://conda.anaconda.org/conda-forge/noarch/ipython_genutils-0.2.0-py_1.tar.bz2#5071c982548b3a20caf70462f04f5287
https://conda.anaconda.org/conda-forge/noarch/jmespath-0.10.0-pyh9f0ad1d_0.tar.bz2#5988f73e79824c7900954539fbfad3fa
https://conda.anaconda.org/conda-forge/noarch/json5-0.9.5-pyh9f0ad1d_0.tar.bz2#10759827a94e6b14996e81fb002c0bda
https://conda.anaconda.org/conda-forge/noarch/jupyterlab-geojson-3.2.0-pyhd8ed1ab_0.tar.bz2#ad4ec44e5341b1b6144edb932d72435e
https://conda.anaconda.org/conda-forge/noarch/jupyterlab_widgets-1.0.2-pyhd8ed1ab_0.tar.bz2#eaff56fe28d1236076aa3bb13c35b434
https://conda.anaconda.org/conda-forge/linux-64/libcurl-7.81.0-h2574ce0_0.tar.bz2#1f8655741d0269ca6756f131522da1e8
https://conda.anaconda.org/conda-forge/linux-64/libpq-13.5-hd57d9b9_1.tar.bz2#a0f425d61c7df890d6381ea352c3f1d7
https://conda.anaconda.org/conda-forge/noarch/locket-0.2.0-py_2.tar.bz2#709e8671651c7ec3d1ad07800339ff1d
https://conda.anaconda.org/conda-forge/noarch/munkres-1.1.4-pyh9f0ad1d_0.tar.bz2#2ba8498c1018c1e9c61eb99b973dfe19
https://conda.anaconda.org/conda-forge/noarch/nest-asyncio-1.5.4-pyhd8ed1ab_0.tar.bz2#0d86e4e6ac78912f3f47e0453b124aca
https://conda.anaconda.org/conda-forge/noarch/pamela-1.0.0-py_0.tar.bz2#36f6f18d2f3ae0c93d77a9dbedad08c3
https://conda.anaconda.org/conda-forge/noarch/pandocfilters-1.5.0-pyhd8ed1ab_0.tar.bz2#457c2c8c08e54905d6954e79cb5b5db9
https://conda.anaconda.org/conda-forge/noarch/param-1.12.0-pyh6c4a22f_0.tar.bz2#fe68d614336ad99a3bede46e0c6ca26b
https://conda.anaconda.org/conda-forge/noarch/parso-0.8.3-pyhd8ed1ab_0.tar.bz2#17a565a0c3899244e938cdf417e7b094
https://conda.anaconda.org/conda-forge/noarch/pathspec-0.9.0-pyhd8ed1ab_0.tar.bz2#f93dc0ccbc0a8472624165f6e256c7d1
https://conda.anaconda.org/conda-forge/noarch/platformdirs-2.4.1-pyhd8ed1ab_1.tar.bz2#ea1a07fd28b52b73239cacb4e39d380c
https://conda.anaconda.org/conda-forge/noarch/prometheus_client-0.13.1-pyhd8ed1ab_0.tar.bz2#9259acd5dd8746e7721474fa62e046d7
https://conda.anaconda.org/conda-forge/noarch/ptyprocess-0.7.0-pyhd3deb0d_0.tar.bz2#359eeb6536da0e687af562ed265ec263
https://conda.anaconda.org/conda-forge/noarch/pure_eval-0.2.2-pyhd8ed1ab_0.tar.bz2#6784285c7e55cb7212efabc79e4c2883
https://conda.anaconda.org/conda-forge/noarch/pyasn1-0.4.8-py_0.tar.bz2#06d04c9f8f72ac77911db942eda24fb9
https://conda.anaconda.org/conda-forge/noarch/pycparser-2.21-pyhd8ed1ab_0.tar.bz2#076becd9e05608f8dc72757d5f3a91ff
https://conda.anaconda.org/conda-forge/noarch/pyjwt-2.3.0-pyhd8ed1ab_1.tar.bz2#b7bc0de380f114658af5fe57cebdcd9e
https://conda.anaconda.org/conda-forge/noarch/pyparsing-3.0.7-pyhd8ed1ab_0.tar.bz2#727e2216d9c47455d8ddc060eb2caad9
https://conda.anaconda.org/conda-forge/noarch/pyshp-2.1.3-pyh44b312d_0.tar.bz2#2d1867b980785eb44b8122184d8b42a6
https://conda.anaconda.org/conda-forge/noarch/python-json-logger-2.0.1-pyh9f0ad1d_0.tar.bz2#aed452f2f9f8bc8b2b0c412975051b5b
https://conda.anaconda.org/conda-forge/linux-64/python_abi-3.9-2_cp39.tar.bz2#39adde4247484de2bb4000122fdcf665
https://conda.anaconda.org/conda-forge/noarch/pytz-2021.3-pyhd8ed1ab_0.tar.bz2#7e4f811bff46a5a6a7e0094921389395
https://conda.anaconda.org/conda-forge/noarch/send2trash-1.8.0-pyhd8ed1ab_0.tar.bz2#edab14119efe85c3bf131ad747e9005c
https://conda.anaconda.org/conda-forge/noarch/simpervisor-0.4-pyhd8ed1ab_0.tar.bz2#12b5f0d11cc26bf386bd9a2f99099648
https://conda.anaconda.org/conda-forge/noarch/six-1.16.0-pyh6c4a22f_0.tar.bz2#e5f25f8dbc060e9a8d912e432202afc2
https://conda.anaconda.org/conda-forge/noarch/smmap-3.0.5-pyh44b312d_0.tar.bz2#3a8dc70789709aa315325d5df06fb7e4
https://conda.anaconda.org/conda-forge/noarch/sortedcontainers-2.4.0-pyhd8ed1ab_0.tar.bz2#6d6552722448103793743dabfbda532d
https://conda.anaconda.org/conda-forge/noarch/soupsieve-2.3.1-pyhd8ed1ab_0.tar.bz2#d821b295c4bd18ad27e1e19543a5784a
https://conda.anaconda.org/conda-forge/noarch/tblib-1.7.0-pyhd8ed1ab_0.tar.bz2#3d4afc31302aa7be471feb6be048ed76
https://conda.anaconda.org/conda-forge/noarch/testpath-0.5.0-pyhd8ed1ab_0.tar.bz2#53b57d6a468bebc7cef1253b177a5e9e
https://conda.anaconda.org/conda-forge/noarch/threadpoolctl-3.1.0-pyh8a188c0_0.tar.bz2#a2995ee828f65687ac5b1e71a2ab1e0c
https://conda.anaconda.org/conda-forge/noarch/toml-0.10.2-pyhd8ed1ab_0.tar.bz2#f832c45a477c78bebd107098db465095
https://conda.anaconda.org/conda-forge/noarch/tomli-1.2.2-pyhd8ed1ab_0.tar.bz2#1c8a2f9ea18c267414e244cee668cd00
https://conda.anaconda.org/conda-forge/noarch/toolz-0.11.2-pyhd8ed1ab_0.tar.bz2#f348d1590550371edfac5ed3c1d44f7e
https://conda.anaconda.org/conda-forge/noarch/traitlets-5.1.1-pyhd8ed1ab_0.tar.bz2#a1bc9765ef9499760e88f568b3a6622c
https://conda.anaconda.org/conda-forge/noarch/typing_extensions-4.0.1-pyha770c72_0.tar.bz2#1fc03816925d3cb7fdab9ab234e7fea7
https://conda.anaconda.org/conda-forge/noarch/webencodings-0.5.1-py_1.tar.bz2#3563be4c5611a44210d9ba0c16113136
https://conda.anaconda.org/conda-forge/noarch/webob-1.8.7-pyhd8ed1ab_0.tar.bz2#a8192f3585f341ea66c60c189580ac67
https://conda.anaconda.org/conda-forge/noarch/websocket-client-1.2.3-pyhd8ed1ab_0.tar.bz2#a9e89668df0da0f33c8c4ddf7c118f6d
https://conda.anaconda.org/conda-forge/noarch/wheel-0.37.1-pyhd8ed1ab_0.tar.bz2#1ca02aaf78d9c70d9a81a3bed5752022
https://conda.anaconda.org/conda-forge/noarch/xyzservices-2022.1.1-pyhd8ed1ab_0.tar.bz2#218014c78ccdd05bf348fe4bbf80bd5e
https://conda.anaconda.org/conda-forge/noarch/zipp-3.7.0-pyhd8ed1ab_1.tar.bz2#b689b2cbc8481b224777415e1a193170
https://conda.anaconda.org/conda-forge/noarch/aioitertools-0.8.0-pyhd8ed1ab_0.tar.bz2#9b6ecc5db72324277f8469e4ccab7f50
https://conda.anaconda.org/conda-forge/noarch/asttokens-2.0.5-pyhd8ed1ab_0.tar.bz2#74badce16f060701fee55c39332f5253
https://conda.anaconda.org/conda-forge/linux-64/aws-sdk-cpp-1.8.186-hb4091e7_3.tar.bz2#3c08d9ee5cb4fe57774405a429f12351
https://conda.anaconda.org/conda-forge/noarch/babel-2.9.1-pyh44b312d_0.tar.bz2#74136ed39bfea0832d338df1e58d013e
https://conda.anaconda.org/conda-forge/noarch/beautifulsoup4-4.10.0-pyha770c72_0.tar.bz2#c29e0b4a2ff546cedbe6dc2921948a1d
https://conda.anaconda.org/conda-forge/linux-64/cairo-1.16.0-h6cf1ce9_1008.tar.bz2#a43fb47d15e116f8be4be7e6b17ab59f
https://conda.anaconda.org/conda-forge/linux-64/certifi-2021.10.8-py39hf3d152e_1.tar.bz2#67982d98030fde9139a64219dbe4db5e
https://conda.anaconda.org/conda-forge/linux-64/cffi-1.15.0-py39h4bc2ebd_0.tar.bz2#f6191bf565dee581e77549d63737751c
https://conda.anaconda.org/conda-forge/linux-64/cfitsio-3.470-hb418390_7.tar.bz2#5bda2e5ca5edb0c207c3ec76f57f8ecc
https://conda.anaconda.org/conda-forge/noarch/click-default-group-1.2.2-pyhd8ed1ab_1.tar.bz2#72a46ffc25701c173932fd55cf0965d3
https://conda.anaconda.org/conda-forge/noarch/click-plugins-1.1.1-py_0.tar.bz2#4fd2c6b53934bd7d96d1f3fdaf99b79f
https://conda.anaconda.org/conda-forge/noarch/cligj-0.7.2-pyhd8ed1ab_1.tar.bz2#a29b7c141d6b2de4bb67788a5f107734
https://conda.anaconda.org/conda-forge/noarch/configobj-5.0.6-py_0.tar.bz2#e46ba874295e2eda5593650895777913
https://conda.anaconda.org/conda-forge/linux-64/curl-7.81.0-h2574ce0_0.tar.bz2#3a95d393b490f82aa406f1892fad84d9
https://conda.anaconda.org/conda-forge/linux-64/cytoolz-0.11.2-py39h3811e60_1.tar.bz2#fca41893970eeb22f31e53c50c22dbbd
https://conda.anaconda.org/conda-forge/linux-64/debugpy-1.5.1-py39he80948d_0.tar.bz2#111c5b430676182de0f0f038233ba3a4
https://conda.anaconda.org/conda-forge/linux-64/docutils-0.15.2-py39hf3d152e_3.tar.bz2#c955a3857a937a78ad8096cbd26d2624
https://conda.anaconda.org/conda-forge/linux-64/frozenlist-1.3.0-py39h3811e60_0.tar.bz2#53b2b0b099149341f51ceb1a64556673
https://conda.anaconda.org/conda-forge/linux-64/future-0.18.2-py39hf3d152e_4.tar.bz2#d7095dafe0af5c7fa3247d76cf00b08d
https://conda.anaconda.org/conda-forge/noarch/gitdb-4.0.9-pyhd8ed1ab_0.tar.bz2#40fc6b14a45dee3a3fd9f302d026108e
https://conda.anaconda.org/conda-forge/linux-64/greenlet-1.1.2-py39he80948d_1.tar.bz2#4b440bda7b4cca6303c6dd9c04cb9fc9
https://conda.anaconda.org/conda-forge/linux-64/hdf5-1.10.6-nompi_h6a2412b_1114.tar.bz2#0a2984b78f51148d7ff6219abe73509e
https://conda.anaconda.org/conda-forge/linux-64/importlib-metadata-4.10.1-py39hf3d152e_0.tar.bz2#b39133cc0b0fc1cd13a239e85be5caee
https://conda.anaconda.org/conda-forge/noarch/importlib_resources-5.4.0-pyhd8ed1ab_0.tar.bz2#9fb134dbabe7851a9d71411064b2c30d
https://conda.anaconda.org/conda-forge/linux-64/jedi-0.18.1-py39hf3d152e_0.tar.bz2#4a03392442a5ba884c186f25281ef8a1
https://conda.anaconda.org/conda-forge/linux-64/jupyter_core-4.9.1-py39hf3d152e_1.tar.bz2#e9b6677fca1aa658d98deba00fb89267
https://conda.anaconda.org/conda-forge/linux-64/kiwisolver-1.3.2-py39h1a9c180_1.tar.bz2#0692e15dbf6632726be4ed08aaeb37e1
https://conda.anaconda.org/conda-forge/linux-64/llvmlite-0.38.0-py39h1bbdace_0.tar.bz2#7e7f00509475d99e7440333946362029
https://conda.anaconda.org/conda-forge/linux-64/lxml-4.7.1-py39h107f48f_0.tar.bz2#2ef4b6a6410f028135d986eed143a2b7
https://conda.anaconda.org/conda-forge/linux-64/markupsafe-2.0.1-py39h3811e60_1.tar.bz2#bba8fc0d724caa73a96220e48aac3b61
https://conda.anaconda.org/conda-forge/noarch/matplotlib-inline-0.1.3-pyhd8ed1ab_0.tar.bz2#be3bfd435802d2c768c6b2439f325f3d
https://conda.anaconda.org/conda-forge/linux-64/mistune-0.8.4-py39h3811e60_1005.tar.bz2#95eb8cbf40bccdcb34888c9e56371570
https://conda.anaconda.org/conda-forge/linux-64/msgpack-python-1.0.3-py39h1a9c180_0.tar.bz2#dcf9a3380163f6d2680bb7fa452fd0c9
https://conda.anaconda.org/conda-forge/linux-64/multidict-6.0.2-py39h3811e60_0.tar.bz2#ba39931af6099af33d51fb5cfa91edaa
https://conda.anaconda.org/conda-forge/noarch/multipledispatch-0.6.0-py_0.tar.bz2#1073dc92c8f247d94ac14dd79ca0bbec
https://conda.anaconda.org/conda-forge/linux-64/mypy_extensions-0.4.3-py39hf3d152e_4.tar.bz2#1778f314bd13102e3a1627280cb8ac79
https://conda.anaconda.org/conda-forge/linux-64/numpy-1.20.0-py39hdbf815f_0.tar.bz2#0ce1993f231f0cab6af8fbd49ac657a9
https://conda.anaconda.org/conda-forge/noarch/packaging-21.3-pyhd8ed1ab_0.tar.bz2#71f1ab2de48613876becddd496371c85
https://conda.anaconda.org/conda-forge/noarch/partd-1.2.0-pyhd8ed1ab_0.tar.bz2#0c32f563d7f22e3a34c95cad8cc95651
https://conda.anaconda.org/conda-forge/noarch/pexpect-4.8.0-pyh9f0ad1d_2.tar.bz2#5909e7b978141dd80d28dbf9de627827
https://conda.anaconda.org/conda-forge/linux-64/pickleshare-0.7.5-py39hde42818_1002.tar.bz2#2dc9995512c80256532250a6fd616b14
https://conda.anaconda.org/conda-forge/linux-64/pillow-9.0.1-py39he69867a_0.tar.bz2#20864c21f53109b46888918507f5864b
https://conda.anaconda.org/conda-forge/linux-64/postgresql-13.5-h2510834_1.tar.bz2#6ce6ce655fcc1c79462901d4fcaac518
https://conda.anaconda.org/conda-forge/linux-64/proj-8.0.1-h277dcde_0.tar.bz2#5f820fa831777ee6463ee8dc4f2054ba
https://conda.anaconda.org/conda-forge/linux-64/psutil-5.9.0-py39h3811e60_0.tar.bz2#3eebabdf4f0bf1d94a97b67263196868
https://conda.anaconda.org/conda-forge/noarch/pyasn1-modules-0.2.7-py_0.tar.bz2#ad1e886d09700b2304975335f714bd9c
https://conda.anaconda.org/conda-forge/noarch/pyct-core-0.4.6-py_0.tar.bz2#55ec526f95e0959de3f68bc6289a20da
https://conda.anaconda.org/conda-forge/linux-64/pycurl-7.44.1-py39h72e3413_1.tar.bz2#f3fa6db2ea8983102beb98d87eb85c0b
https://conda.anaconda.org/conda-forge/linux-64/pyrsistent-0.18.1-py39h3811e60_0.tar.bz2#ed156d752c577f4e9b62159d5aac8557
https://conda.anaconda.org/conda-forge/linux-64/pysocks-1.7.1-py39hf3d152e_4.tar.bz2#eed9d381f391cad4e96f697e8c74e929
https://conda.anaconda.org/conda-forge/noarch/python-dateutil-2.8.2-pyhd8ed1ab_0.tar.bz2#dd999d1cc9f79e67dbb855c8924c7984
https://conda.anaconda.org/conda-forge/linux-64/python-snappy-0.6.0-py39h300dd49_1.tar.bz2#4a4ad93fae95ce735db53efe6ec39203
https://conda.anaconda.org/conda-forge/noarch/pyu2f-0.1.5-pyhd8ed1ab_0.tar.bz2#caabbeaa83928d0c3e3949261daa18eb
https://conda.anaconda.org/conda-forge/noarch/pyviz_comms-2.1.0-pyhd8ed1ab_0.tar.bz2#9b3f9639f96de0242e0d96f7862c1bc8
https://conda.anaconda.org/conda-forge/linux-64/pyyaml-5.4.1-py39h3811e60_1.tar.bz2#5962965a723e43a09029b6976411bf0a
https://conda.anaconda.org/conda-forge/linux-64/pyzmq-22.3.0-py39h37b5a0c_1.tar.bz2#90dbe11c01a89fc6fddb90cbe2672e68
https://conda.anaconda.org/conda-forge/noarch/retrying-1.3.3-py_2.tar.bz2#a11f356d6f93b74b4a84e9501afd48b4
https://conda.anaconda.org/conda-forge/noarch/rsa-4.7.2-pyh44b312d_0.tar.bz2#3452ab3790dbb1df9508b3fa4ea2f806
https://conda.anaconda.org/conda-forge/linux-64/rtree-0.9.7-py39hb102c33_3.tar.bz2#9b4fd673da8a0ccbc818fedb2e12442b
https://conda.anaconda.org/conda-forge/linux-64/ruamel.yaml.clib-0.2.6-py39h3811e60_0.tar.bz2#0f9bbd7b79db72e3bc9779432de26427
https://conda.anaconda.org/conda-forge/linux-64/setuptools-59.8.0-py39hf3d152e_0.tar.bz2#d1489d82a6827a2d97e326d317d5a2f1
https://conda.anaconda.org/conda-forge/linux-64/sniffio-1.2.0-py39hf3d152e_2.tar.bz2#591e48c37143ef758d6ba0da1cf10a6f
https://conda.anaconda.org/conda-forge/linux-64/tornado-6.1-py39h3811e60_2.tar.bz2#5a7bb7af2f3bcf31ee6cd817de1d5011
https://conda.anaconda.org/conda-forge/noarch/tqdm-4.62.3-pyhd8ed1ab_0.tar.bz2#24ed42db084efd6e615babec03c2b460
https://conda.anaconda.org/conda-forge/noarch/traittypes-0.2.1-pyh9f0ad1d_2.tar.bz2#7d32ccb5334a6822c28af3e864550618
https://conda.anaconda.org/conda-forge/linux-64/typed-ast-1.5.2-py39h3811e60_0.tar.bz2#f26209afd5f3cb9adbf46002061f6214
https://conda.anaconda.org/conda-forge/noarch/typing-extensions-4.0.1-hd8ed1ab_0.tar.bz2#c0d4ec4bcbceb927bff1103a997410d3
https://conda.anaconda.org/conda-forge/linux-64/unicodedata2-14.0.0-py39h3811e60_0.tar.bz2#761841eb91f228f5323e69780d8196e8
https://conda.anaconda.org/conda-forge/linux-64/wrapt-1.13.3-py39h3811e60_1.tar.bz2#ececef5fc5e81e51d4c13991f0da63b2
https://conda.anaconda.org/conda-forge/noarch/zict-2.0.0-py_0.tar.bz2#4750152be22f24d695b3004c5e1712d3
https://conda.anaconda.org/conda-forge/noarch/aiosignal-1.2.0-pyhd8ed1ab_0.tar.bz2#68c9a0ab410c72abd24cbaac57703519
https://conda.anaconda.org/conda-forge/linux-64/anyio-3.5.0-py39hf3d152e_0.tar.bz2#b0d75a9d3fd02ec079504aabb7cd7ec3
https://conda.anaconda.org/conda-forge/linux-64/argon2-cffi-bindings-21.2.0-py39h3811e60_1.tar.bz2#6770ac3b1842046fcb21c2178d67fa32
https://conda.anaconda.org/conda-forge/linux-64/arrow-cpp-6.0.1-py39h01fd06f_8_cpu.tar.bz2#ecdba2c9de06e7ab606c5b4c48218595
https://conda.anaconda.org/conda-forge/noarch/async-timeout-4.0.2-pyhd8ed1ab_0.tar.bz2#25e79f9a1133556671becbd65a170c78
https://conda.anaconda.org/conda-forge/noarch/backports.functools_lru_cache-1.6.4-pyhd8ed1ab_0.tar.bz2#c5b3edc62d6309088f4970b3eaaa65a6
https://conda.anaconda.org/conda-forge/noarch/black-21.12b0-pyhd8ed1ab_0.tar.bz2#a027de51692086f51b9e17735480bebf
https://conda.anaconda.org/conda-forge/noarch/bleach-4.1.0-pyhd8ed1ab_0.tar.bz2#4a2104c7b22c222bd0fe03aaef12862c
https://conda.anaconda.org/conda-forge/linux-64/brotlipy-0.7.0-py39h3811e60_1003.tar.bz2#9b1975f772d5d8a398c34e539a7ea1a1
https://conda.anaconda.org/conda-forge/linux-64/cftime-1.5.2-py39hce5d2b2_0.tar.bz2#2c49e19b8ed38fc536a883eb19ce5760
https://conda.anaconda.org/conda-forge/noarch/commonmark-0.9.1-py_0.tar.bz2#6aa0173c14befcd577ded130cf6f22f5
https://conda.anaconda.org/conda-forge/linux-64/cryptography-36.0.1-py39h95dcef6_0.tar.bz2#986821383dd9622121c1a0b8a745b1e2
https://conda.anaconda.org/conda-forge/noarch/dask-core-2022.1.1-pyhd8ed1ab_0.tar.bz2#7968db84df10b74d9792d66d7da216df
https://conda.anaconda.org/conda-forge/noarch/datashape-0.5.4-py_1.tar.bz2#50ddfce434ea596fc4497085f403a9d5
https://conda.anaconda.org/conda-forge/linux-64/fonttools-4.29.1-py39h3811e60_0.tar.bz2#fb747ad46e937788d945221d9b246300
https://conda.anaconda.org/conda-forge/linux-64/geotiff-1.6.0-h4f31c25_6.tar.bz2#4b66df7fb5e83a6fced64434bedbcac2
https://conda.anaconda.org/conda-forge/noarch/gitpython-3.1.26-pyhd8ed1ab_0.tar.bz2#c7b9653079867a135c4fa9da3d8ea029
https://conda.anaconda.org/conda-forge/linux-64/h5py-2.10.0-nompi_py39h98ba4bc_106.tar.bz2#696e914506d2cb7f865f7ae4237f0e0a
https://conda.anaconda.org/conda-forge/noarch/importlib_metadata-4.10.1-hd8ed1ab_0.tar.bz2#8b697395da07034264bd83481ea7b3b8
https://conda.anaconda.org/conda-forge/noarch/jinja2-3.0.3-pyhd8ed1ab_0.tar.bz2#036d872c653780cb26e797e2e2f61b4c
https://conda.anaconda.org/conda-forge/noarch/joblib-1.1.0-pyhd8ed1ab_0.tar.bz2#07d1b5c8cde14d95998fd4767e1e62d2
https://conda.anaconda.org/conda-forge/noarch/jsonschema-4.4.0-pyhd8ed1ab_0.tar.bz2#17ec41acce882e5db4efdcc4c01ca7e0
https://conda.anaconda.org/conda-forge/noarch/jupyter_client-7.1.2-pyhd8ed1ab_0.tar.bz2#9a332b6f8f05629435ce59032df8cfa9
https://conda.anaconda.org/conda-forge/linux-64/kealib-1.4.14-hcc255d8_2.tar.bz2#ae7e21f861c37500627f7122df804c26
https://conda.anaconda.org/conda-forge/linux-64/libdap4-3.20.6-hd7c4107_2.tar.bz2#c265ae57e3acdc891f3e2b93cf6784f5
https://conda.anaconda.org/conda-forge/linux-64/libnetcdf-4.8.1-nompi_hcd642e3_100.tar.bz2#ebbc403d4236a28a86786e4249ae6382
https://conda.anaconda.org/conda-forge/linux-64/libspatialite-5.0.1-h8694cbe_6.tar.bz2#e9ec379639b6d18d71d6068e5b22d55a
https://conda.anaconda.org/conda-forge/noarch/mako-1.1.6-pyhd8ed1ab_0.tar.bz2#cb952a55037148f6a5ddd9770ee1384f
https://conda.anaconda.org/conda-forge/noarch/markdown-3.3.6-pyhd8ed1ab_0.tar.bz2#e7cbd93fe74dc4a06b4b494d60c659a9
https://conda.anaconda.org/conda-forge/noarch/munch-2.5.0-py_0.tar.bz2#31d9e9be500e25ff0050bc9f57a6bcd7
https://conda.anaconda.org/conda-forge/linux-64/numba-0.55.1-py39h56b8d98_0.tar.bz2#7d9178e946708c6e5cddaf80d67628ee
https://conda.anaconda.org/conda-forge/linux-64/numcodecs-0.9.1-py39he80948d_2.tar.bz2#8cd2d62dc2dda0d8b6c9e05596dadfa1
https://conda.anaconda.org/conda-forge/linux-64/pandas-1.4.0-py39hde0f152_0.tar.bz2#9c9203a3bf3914a59beaf94eba4818f0
https://conda.anaconda.org/conda-forge/noarch/pip-22.0.3-pyhd8ed1ab_0.tar.bz2#45dedae69a0ea21cb8566d04b2ca5536
https://conda.anaconda.org/conda-forge/linux-64/poppler-21.03.0-h93df280_0.tar.bz2#8eb9cd14ac2063e614a1ba923496b94d
https://conda.anaconda.org/conda-forge/linux-64/pydantic-1.9.0-py39h3811e60_0.tar.bz2#1281c7caab964c82a88fde173b330c80
https://conda.anaconda.org/conda-forge/noarch/pygments-2.11.2-pyhd8ed1ab_0.tar.bz2#caef60540e2239e27bf62569a5015e3b
https://conda.anaconda.org/conda-forge/linux-64/pykdtree-1.3.4-py39hce5d2b2_2.tar.bz2#9f35321843eb20465ef23e6cce6eccd2
https://conda.anaconda.org/conda-forge/linux-64/pyproj-3.3.0-py39ha9a7ae0_1.tar.bz2#ab998776ed54ca2059524cf0a0d50e2f
https://conda.anaconda.org/conda-forge/noarch/pystac-1.2.0-pyhd8ed1ab_0.tar.bz2#3e76a10c6109f93b36e775109e6cee41
https://conda.anaconda.org/conda-forge/linux-64/ruamel.yaml-0.17.19-py39h3811e60_0.tar.bz2#5e50592662d6b781b7c42fdb4c434e83
https://conda.anaconda.org/conda-forge/linux-64/scipy-1.8.0-py39hee8e79c_0.tar.bz2#98ea00aa1f4319a4b984e0913367dad7
https://conda.anaconda.org/conda-forge/linux-64/shapely-1.7.1-py39ha61afbd_5.tar.bz2#3327aae8961242e70ebf6efc0d54df59
https://conda.anaconda.org/conda-forge/noarch/snuggs-1.4.7-py_0.tar.bz2#cb83a3d6ecf73f50117635192414426a
https://conda.anaconda.org/conda-forge/linux-64/sqlalchemy-1.4.31-py39h3811e60_0.tar.bz2#16995a401ab29510c6e7665c9aff030f
https://conda.anaconda.org/conda-forge/noarch/stack_data-0.1.4-pyhd8ed1ab_0.tar.bz2#e68dcab1b415c3c44be2a51d7d41e921
https://conda.anaconda.org/conda-forge/linux-64/terminado-0.13.1-py39hf3d152e_0.tar.bz2#87fd53794510c081edbe8f37b3066aef
https://conda.anaconda.org/conda-forge/linux-64/yarl-1.7.2-py39h3811e60_1.tar.bz2#7bc588bc3977eb67415ac6ff36b94535
https://conda.anaconda.org/conda-forge/linux-64/aiohttp-3.8.1-py39h3811e60_0.tar.bz2#bfff067db479e38f7e38de03716e4eac
https://conda.anaconda.org/conda-forge/noarch/alembic-1.7.6-pyhd8ed1ab_0.tar.bz2#288a6b396cb87a88b48905f5ebfe1971
https://conda.anaconda.org/conda-forge/noarch/argon2-cffi-21.3.0-pyhd8ed1ab_0.tar.bz2#a0b402db58f73aaab8ee0ca1025a362e
https://conda.anaconda.org/conda-forge/linux-64/bokeh-2.4.2-py39hf3d152e_0.tar.bz2#939db7a92f45c9d2fed55abdd3aa8507
https://conda.anaconda.org/conda-forge/noarch/branca-0.4.2-pyhd8ed1ab_0.tar.bz2#836c975d3ae4f21c3cd047c10b15a7cf
https://conda.anaconda.org/conda-forge/linux-64/distributed-2022.1.1-py39hf3d152e_0.tar.bz2#b9419bbe84b7904d2e228eaf4d42b14f
https://conda.anaconda.org/conda-forge/noarch/geopandas-base-0.10.2-pyha770c72_1.tar.bz2#10584badfcd9fa04e6fc9a4d5dad1513
https://conda.anaconda.org/conda-forge/noarch/h5netcdf-0.13.1-pyhd8ed1ab_0.tar.bz2#fd2e1757d54a51fdb8943b111b7a4194
https://conda.anaconda.org/conda-forge/noarch/jupyter_telemetry-0.1.0-pyhd8ed1ab_1.tar.bz2#bb9ebdb6d5aa2622484aff1faceee181
https://conda.anaconda.org/conda-forge/noarch/jupyterlab_pygments-0.1.2-pyh9f0ad1d_0.tar.bz2#2cbd910890bb328e8959246a1e16fac7
https://conda.anaconda.org/conda-forge/linux-64/libgdal-3.3.1-h07ae0cd_2.tar.bz2#5e34d0153577802544b01553bbaa0c6e
https://conda.anaconda.org/conda-forge/linux-64/matplotlib-base-3.5.1-py39h2fa2bec_0.tar.bz2#739c2c88c887da02e6f4b438bf258936
https://conda.anaconda.org/conda-forge/noarch/nbformat-5.1.3-pyhd8ed1ab_0.tar.bz2#bafa5df6d4f8db69a4d197b4657127e7
https://conda.anaconda.org/conda-forge/linux-64/netcdf-fortran-4.5.3-nompi_h07fda46_105.tar.bz2#5754d8b8e8ea9c0962273fc2c90ed8a1
https://conda.anaconda.org/conda-forge/linux-64/netcdf4-1.5.7-nompi_py39hd2e3950_101.tar.bz2#0952021726a748a7dc1eae16ed1652cb
https://conda.anaconda.org/conda-forge/noarch/oauthlib-3.2.0-pyhd8ed1ab_0.tar.bz2#ecc95c82c788737d6d33f5d564566d89
https://conda.anaconda.org/conda-forge/linux-64/parquet-cpp-1.5.1-1.tar.bz2#f88f83428aa93efac1eb00980f8e15d3
https://conda.anaconda.org/conda-forge/noarch/patsy-0.5.2-pyhd8ed1ab_0.tar.bz2#2e4e8be763551f60bbfcc22b650e5d49
https://conda.anaconda.org/conda-forge/noarch/pyopenssl-22.0.0-pyhd8ed1ab_0.tar.bz2#1d7e241dfaf5475e893d4b824bb71b44
https://conda.anaconda.org/conda-forge/linux-64/pyresample-1.22.3-py39hde0f152_0.tar.bz2#dd22ef69b7c3cc91bdb3b06a68b67129
https://conda.anaconda.org/conda-forge/noarch/rich-11.1.0-pyhd8ed1ab_0.tar.bz2#b7676478fea124b01d62ff2844cac3d5
https://conda.anaconda.org/conda-forge/linux-64/scikit-learn-1.0.2-py39h4dfa638_0.tar.bz2#389a22c8af77c8575a8a848fef79790e
https://conda.anaconda.org/conda-forge/linux-64/tempest-remap-2.1.0-h22ba3fc_1.tar.bz2#67b11e399b71228b8213a869ce99c15f
https://conda.anaconda.org/conda-forge/noarch/wcwidth-0.2.5-pyh9f0ad1d_2.tar.bz2#5266fcd697043c59621fda522b3d78ee
https://conda.anaconda.org/conda-forge/noarch/xarray-0.21.1-pyhd8ed1ab_0.tar.bz2#974b3aecd3f8ca975ad452496f7b85a6
https://conda.anaconda.org/conda-forge/noarch/zarr-2.10.3-pyhd8ed1ab_0.tar.bz2#e3e09051fcbef944db14078e1ac96a5d
https://conda.anaconda.org/conda-forge/linux-64/cartopy-0.20.0-py39h2103e0b_0.tar.bz2#c8fa6c8a6841f7b3c8e4db1e1da155e3
https://conda.anaconda.org/conda-forge/noarch/certipy-0.1.3-py_0.tar.bz2#23486713ef5712923e7c57cae609b22e
https://conda.anaconda.org/conda-forge/noarch/dask-2022.1.1-pyhd8ed1ab_0.tar.bz2#7968ebd48d10c24d08f8eeac9d433ee2
https://conda.anaconda.org/conda-forge/linux-64/esmf-8.1.1-nompi_h8aa3b5a_1.tar.bz2#73de52277857b0be8e56a09661a087bc
https://conda.anaconda.org/conda-forge/linux-64/gdal-3.3.1-py39h409cc32_2.tar.bz2#caaaeb46df31b5c778aae4f1baa5ccc4
https://conda.anaconda.org/conda-forge/noarch/nbclient-0.5.10-pyhd8ed1ab_1.tar.bz2#000cfe33d6fa746c5a9d1b29a79342a3
https://conda.anaconda.org/conda-forge/noarch/networkx-2.6.3-pyhd8ed1ab_1.tar.bz2#4028eff5a1d3deed58c98774e7aa9891
https://conda.anaconda.org/conda-forge/noarch/prompt-toolkit-3.0.26-pyha770c72_0.tar.bz2#b728996054227a841b3b5c51db131957
https://conda.anaconda.org/conda-forge/linux-64/pyarrow-6.0.1-py39hff6fa39_8_cpu.tar.bz2#c9cf14cdf11464dad4f18d50b8ef8b67
https://conda.anaconda.org/conda-forge/linux-64/rasterio-1.2.8-py39hbc4e497_0.tar.bz2#7e864c78824dd2358121f13a5055670e
https://conda.anaconda.org/conda-forge/noarch/seaborn-base-0.11.2-pyhd8ed1ab_0.tar.bz2#fe2303dc8f1febeb82d927ce8ad153ed
https://conda.anaconda.org/conda-forge/linux-64/statsmodels-0.13.1-py39hce5d2b2_0.tar.bz2#39e4b8ae00f0d6ee5c5f0eb2ede31945
https://conda.anaconda.org/conda-forge/noarch/urllib3-1.26.8-pyhd8ed1ab_1.tar.bz2#53f1387c68c21cecb386e2cde51b3f7c
https://conda.anaconda.org/conda-forge/noarch/botocore-1.23.24-pyhd8ed1ab_0.tar.bz2#63c773048a4f2371e9d7449d48e18596
https://conda.anaconda.org/conda-forge/linux-64/dask-gateway-0.9.0-py39hf3d152e_2.tar.bz2#57f015b6de515b0d5fb7827a62de8fdd
https://conda.anaconda.org/conda-forge/linux-64/fiona-1.8.20-py39h427c1bf_1.tar.bz2#2efe79714d7fae8b8b74b6de979fe7c9
https://conda.anaconda.org/conda-forge/linux-64/ipython-8.0.1-py39hf3d152e_0.tar.bz2#d84d046c9dbdfe7b1b1b722e6369daab
https://conda.anaconda.org/conda-forge/noarch/kubernetes_asyncio-19.15.1-pyhd8ed1ab_0.tar.bz2#c0a75845c132e2442258c23ef7cf7fad
https://conda.anaconda.org/conda-forge/noarch/mapclassify-2.4.3-pyhd8ed1ab_0.tar.bz2#908bbfb54da154042c5cbda77b37a3d1
https://conda.anaconda.org/conda-forge/linux-64/nbconvert-6.4.1-py39hf3d152e_0.tar.bz2#f6e8a58d04a8d42fa018a4d5e166bc8e
https://conda.anaconda.org/conda-forge/linux-64/nco-5.0.1-h6bf3e7c_2.tar.bz2#7cdad620108bd14863a05c3415edadc5
https://conda.anaconda.org/conda-forge/noarch/requests-2.27.1-pyhd8ed1ab_0.tar.bz2#7c1c427246b057b8fa97200ecdb2ed62
https://conda.anaconda.org/conda-forge/noarch/rioxarray-0.9.1-pyhd8ed1ab_0.tar.bz2#130d1ac8b3860faebf3b19908c3d7937
https://conda.anaconda.org/conda-forge/noarch/seaborn-0.11.2-hd8ed1ab_0.tar.bz2#e56b6a19f4b717eca7c68ad78196b075
https://conda.anaconda.org/conda-forge/noarch/spatialpandas-0.4.3-pyhd8ed1ab_0.tar.bz2#152d2f89de986fc90dc872c9f1e54a4f
https://conda.anaconda.org/conda-forge/noarch/aiobotocore-2.1.0-pyhd8ed1ab_0.tar.bz2#51a94b1359f0465b30498b09f4eb5142
https://conda.anaconda.org/conda-forge/noarch/ensureconda-1.4.1-pyhd8ed1ab_0.tar.bz2#52a7f7cc9076e2c8a25e15e19ad42821
https://conda.anaconda.org/conda-forge/noarch/folium-0.12.1.post1-pyhd8ed1ab_1.tar.bz2#44912901b45260e4338447b9d46f7058
https://conda.anaconda.org/conda-forge/noarch/google-auth-2.6.0-pyh6c4a22f_0.tar.bz2#59ad38e01f09e1b6d47861527b66d34e
https://conda.anaconda.org/conda-forge/noarch/intake-0.6.5-pyhd8ed1ab_0.tar.bz2#9b4be120fd2545abd086bfefda0fa0f6
https://conda.anaconda.org/conda-forge/linux-64/ipykernel-6.8.0-py39hef51801_0.tar.bz2#39bd7c4a1da3b99090e56bedae414fc7
https://conda.anaconda.org/conda-forge/noarch/jupyter_server-1.13.5-pyhd8ed1ab_0.tar.bz2#de2bff665fa83862dbaa9d85720e7719
https://conda.anaconda.org/conda-forge/noarch/jupyterhub-base-2.1.1-pyhd8ed1ab_0.tar.bz2#b02bf80b15f58ce5b04b44ba40cfb3f5
https://conda.anaconda.org/conda-forge/noarch/pooch-1.6.0-pyhd8ed1ab_0.tar.bz2#6429e1d1091c51f626b5dcfdd38bf429
https://conda.anaconda.org/conda-forge/noarch/pyct-0.4.6-py_0.tar.bz2#42d91c89bc3993ec88681cffd3c0e326
https://conda.anaconda.org/conda-forge/noarch/pydap-3.3.0-pyhd8ed1ab_0.tar.bz2#9f35b5d14ce0299deb8eb6a282e07149
https://conda.anaconda.org/conda-forge/noarch/pynco-1.0.0-py_1.tar.bz2#d45e90e351d4ad1bb6ed050ed3544e1f
https://conda.anaconda.org/conda-forge/noarch/pystac-client-0.3.2-pyhd8ed1ab_0.tar.bz2#2ccbade1f7b98d05b4cf782c83fa76f2
https://conda.anaconda.org/conda-forge/noarch/requests-oauthlib-1.3.1-pyhd8ed1ab_0.tar.bz2#61b279f051eef9c89d58f4d813e75e04
https://conda.anaconda.org/conda-forge/noarch/s3transfer-0.5.1-pyhd8ed1ab_0.tar.bz2#80da275824cc36f6354bf09c8320d967
https://conda.anaconda.org/conda-forge/linux-64/awscli-1.22.24-py39hf3d152e_0.tar.bz2#9a6d2be818f54b98e05de69b1077e959
https://conda.anaconda.org/conda-forge/noarch/boto3-1.20.24-pyhd8ed1ab_0.tar.bz2#21e28974181c2c2fe9d8287667bf3e47
https://conda.anaconda.org/conda-forge/noarch/colorcet-3.0.0-pyhd8ed1ab_0.tar.bz2#a0e9e38c882d910825389de5371c5429
https://conda.anaconda.org/conda-forge/noarch/conda-lock-0.13.2-pyhd8ed1ab_0.tar.bz2#4fa525b4257e4938eaeb2269fdf33d1f
https://conda.anaconda.org/conda-forge/noarch/geopandas-0.10.2-pyhd8ed1ab_1.tar.bz2#0682614964c1319304cfa554cbce90f0
https://conda.anaconda.org/conda-forge/noarch/intake-xarray-0.5.0-pyhd8ed1ab_0.tar.bz2#43d9d1c90da0b2b28cc16e58a52a0f2b
https://conda.anaconda.org/conda-forge/noarch/jupyter-resource-usage-0.6.1-pyhd8ed1ab_0.tar.bz2#a35cb988cd5b9b9b2d1c6179a8a86974
https://conda.anaconda.org/conda-forge/noarch/jupyter-server-mathjax-0.2.3-pyhd8ed1ab_0.tar.bz2#2d0951b616bb3a172032ade395706f45
https://conda.anaconda.org/conda-forge/noarch/jupyter-server-proxy-3.2.1-pyhd8ed1ab_0.tar.bz2#8fdfe5edf206bbfef250c830b5a72aff
https://conda.anaconda.org/conda-forge/noarch/jupyterlab_server-2.10.3-pyhd8ed1ab_0.tar.bz2#65d62a616bed5237b85b9e2a88378ec0
https://conda.anaconda.org/conda-forge/noarch/notebook-6.4.8-pyha770c72_0.tar.bz2#87d880386179ed952a9d656faf2ff860
https://conda.anaconda.org/conda-forge/noarch/panel-0.12.6-pyhd8ed1ab_0.tar.bz2#d035684ee51bef1c2b797c280f7713da
https://conda.anaconda.org/conda-forge/noarch/python-kubernetes-21.7.0-pyhd8ed1ab_0.tar.bz2#ad87bbee97071e66f3a26b72c5f4faf6
https://conda.anaconda.org/conda-forge/noarch/s3fs-2021.7.0-pyhd8ed1ab_0.tar.bz2#eefc194ec77ab4b4f77c6368050e534f
https://conda.anaconda.org/conda-forge/noarch/coiled-0.0.62-pyhd8ed1ab_0.tar.bz2#2da76ed704cf712bc0c11ab16777dded
https://conda.anaconda.org/conda-forge/noarch/dask-kubernetes-2022.1.0-pyhd8ed1ab_0.tar.bz2#3d5b8c0dc8eccd8b2344baff8eafaf47
https://conda.anaconda.org/conda-forge/noarch/datashader-0.13.0-pyh6c4a22f_0.tar.bz2#bcc353a756d4ad98b97fcc5aa1f9ce4c
https://conda.anaconda.org/conda-forge/noarch/holoviews-1.14.7-pyhd8ed1ab_0.tar.bz2#41a5be16957ae904ea2dd33764565687
https://conda.anaconda.org/conda-forge/noarch/nbclassic-0.3.5-pyhd8ed1ab_0.tar.bz2#e9e2281b7dc08d876fc789af0f571ade
https://conda.anaconda.org/conda-forge/noarch/nbdime-3.1.1-pyhd8ed1ab_0.tar.bz2#38dc061ffabe665b79f4c7c52cefa809
https://conda.anaconda.org/conda-forge/noarch/nbgitpuller-1.0.2-pyhd8ed1ab_0.tar.bz2#3a491de2b9260af7e4df2b9e0de2fc0a
https://conda.anaconda.org/conda-forge/linux-64/widgetsnbextension-3.5.2-py39hf3d152e_1.tar.bz2#26c83eb2efd87c9bbef958b9f7117559
https://conda.anaconda.org/conda-forge/noarch/geoviews-core-1.9.3-pyha770c72_0.tar.bz2#47eaff1da5272e8ce244efc6c6a684ed
https://conda.anaconda.org/conda-forge/noarch/hvplot-0.7.3-pyh6c4a22f_0.tar.bz2#0a95d235289e51e45cb355c9713fd9c4
https://conda.anaconda.org/conda-forge/noarch/ipywidgets-7.6.5-pyhd8ed1ab_0.tar.bz2#6f2ee1ec157104df141e2e5afeba98d4
https://conda.anaconda.org/conda-forge/noarch/jupyterlab-3.2.9-pyhd8ed1ab_0.tar.bz2#610d3fc318b6eb159483151070b301f4
https://conda.anaconda.org/conda-forge/noarch/pangeo-dask-2022.01.31-hd8ed1ab_0.tar.bz2#6f6b1a243238a13645ffd0e658b16c49
https://conda.anaconda.org/conda-forge/noarch/xarray-spatial-0.3.2-pyhd8ed1ab_0.tar.bz2#951092bdad3af44aa950cd23c51cec1f
https://conda.anaconda.org/conda-forge/noarch/bqplot-0.12.32-pyhd8ed1ab_0.tar.bz2#1525dd180a1399bc8bed4db6309df6ed
https://conda.anaconda.org/conda-forge/noarch/dask-labextension-5.2.0-pyhd8ed1ab_0.tar.bz2#19afa0e936d64003215905c2c500a070
https://conda.anaconda.org/conda-forge/noarch/geoviews-1.9.3-pyhd8ed1ab_0.tar.bz2#c8a6a006829f9ec22c8b504a5cc07a47
https://conda.anaconda.org/conda-forge/noarch/ipyleaflet-0.15.0-pyhd8ed1ab_3.tar.bz2#07e75c9141ac57be63e19acea463da2b
https://conda.anaconda.org/conda-forge/noarch/ipympl-0.8.7-pyhd8ed1ab_0.tar.bz2#66b341fc1add97cb533b3aa717a79f88
https://conda.anaconda.org/conda-forge/noarch/jupyterhub-singleuser-2.1.1-hd8ed1ab_0.tar.bz2#86aab26e793c1527e5240dfb08fc08aa
https://conda.anaconda.org/conda-forge/noarch/jupyterlab-git-0.34.2-pyhd8ed1ab_0.tar.bz2#72df9177d70f9bb309e8338b67fa49af
https://conda.anaconda.org/conda-forge/noarch/sidecar-0.5.1-pyhd8ed1ab_0.tar.bz2#894e0063c1407cf3125c5deaf403c980
https://conda.anaconda.org/conda-forge/noarch/icepyx-0.5.0-pyhd8ed1ab_0.tar.bz2#d69e61d88a08b075db90697e8e01ecd6
https://conda.anaconda.org/conda-forge/noarch/pangeo-notebook-2022.02.04-hd8ed1ab_0.tar.bz2#80b290bce26363311b188fab761aef14
