# Generated by conda-lock.
# platform: osx-64
# input_hash: 7f455deec9d132d5096b4264c0bff904b159008128f30c0c265b18a4145c74db
@EXPLICIT
https://conda.anaconda.org/conda-forge/osx-64/bzip2-1.0.8-h0d85af4_4.tar.bz2#37edc4e6304ca87316e160f5ca0bd1b5
https://conda.anaconda.org/conda-forge/osx-64/c-ares-1.18.1-h0d85af4_0.tar.bz2#00b3e98a61e6430808fe7a2534681f28
https://conda.anaconda.org/conda-forge/osx-64/ca-certificates-2022.12.7-h033912b_0.conda#af2bdcd68f16ce030ca957cdeb83d88a
https://conda.anaconda.org/conda-forge/noarch/font-ttf-dejavu-sans-mono-2.37-hab24e00_0.tar.bz2#0c96522c6bdaed4b1566d11387caaf45
https://conda.anaconda.org/conda-forge/noarch/font-ttf-inconsolata-3.000-h77eed37_0.tar.bz2#34893075a5c9e55cdafac56607368fc6
https://conda.anaconda.org/conda-forge/noarch/font-ttf-source-code-pro-2.038-h77eed37_0.tar.bz2#4d59c254e01d9cde7957100457e2d5fb
https://conda.anaconda.org/conda-forge/noarch/font-ttf-ubuntu-0.83-hab24e00_0.tar.bz2#19410c3df09dfb12d1206132a1d357c5
https://conda.anaconda.org/conda-forge/osx-64/freexl-1.0.6-hb7f2c08_1.tar.bz2#4fc494f8539871247167bbe4167f3277
https://conda.anaconda.org/conda-forge/osx-64/giflib-5.2.1-hbcb3906_2.tar.bz2#be8f747c37e4d7e346c133e641966750
https://conda.anaconda.org/conda-forge/osx-64/jpeg-9e-hac89ed1_2.tar.bz2#60d90a3f5803660c5c2a2e9d883df0a6
https://conda.anaconda.org/conda-forge/osx-64/json-c-0.16-h01d06f9_0.tar.bz2#6696477dbfcb5b7ea8559865e7f9dbef
https://conda.anaconda.org/conda-forge/osx-64/libbrotlicommon-1.0.9-hb7f2c08_8.tar.bz2#37157d273eaf3bc7d6862104161d9ec9
https://conda.anaconda.org/conda-forge/osx-64/libcxx-14.0.6-hccf4f1f_0.tar.bz2#208a6a874b073277374de48a782f6b10
https://conda.anaconda.org/conda-forge/osx-64/libdeflate-1.14-hb7f2c08_0.tar.bz2#ce2a6075114c9b64ad8cace52492feee
https://conda.anaconda.org/conda-forge/osx-64/libev-4.33-haf1e3a3_1.tar.bz2#79dc2be110b2a3d1e97ec21f691c50ad
https://conda.anaconda.org/conda-forge/osx-64/libffi-3.4.2-h0d85af4_5.tar.bz2#ccb34fb14960ad8b125962d3d79b31a9
https://conda.anaconda.org/conda-forge/osx-64/libiconv-1.17-hac89ed1_0.tar.bz2#691d103d11180486154af49c037b7ed9
https://conda.anaconda.org/conda-forge/osx-64/libsodium-1.0.18-hbcb3906_1.tar.bz2#24632c09ed931af617fe6d5292919cab
https://conda.anaconda.org/conda-forge/osx-64/libwebp-base-1.2.4-h775f41a_0.tar.bz2#28807bef802a354f9c164e7ab242c5cb
https://conda.anaconda.org/conda-forge/osx-64/libzlib-1.2.13-hfd90126_4.tar.bz2#35eb3fce8d51ed3c1fd4122bad48250b
https://conda.anaconda.org/conda-forge/osx-64/llvm-openmp-15.0.6-h61d9ccf_0.conda#3a900993deb973d86d98361ceef49ab3
https://conda.anaconda.org/conda-forge/osx-64/mpi-1.0-mpich.tar.bz2#7316a634ed27146b42d28433ec3bc227
https://conda.anaconda.org/conda-forge/osx-64/ncurses-6.3-h96cf925_1.tar.bz2#76217ebfbb163ff2770a261f955a5861
https://conda.anaconda.org/conda-forge/osx-64/pandoc-2.19.2-h694c41f_1.tar.bz2#fa70c816e73fca7b3c7653e8c7e3bfdb
https://conda.anaconda.org/conda-forge/osx-64/pixman-0.40.0-hbcb3906_0.tar.bz2#09a583a6f172715be21d93aaa1b42d71
https://conda.anaconda.org/conda-forge/noarch/poppler-data-0.4.11-hd8ed1ab_0.tar.bz2#abc27381c4f005da588cffa1f76403ee
https://conda.anaconda.org/conda-forge/osx-64/pthread-stubs-0.4-hc929b4f_1001.tar.bz2#addd19059de62181cd11ae8f4ef26084
https://conda.anaconda.org/conda-forge/osx-64/python_abi-3.9-3_cp39.conda#021e2768e8eaf24ee8e25aec64d305a1
https://conda.anaconda.org/conda-forge/osx-64/tzcode-2022g-hb7f2c08_0.conda#f1bf42ae6c2a752b4c064140365563c2
https://conda.anaconda.org/conda-forge/noarch/tzdata-2022g-h191b570_0.conda#51fc4fcfb19f5d95ffc8c339db5068e8
https://conda.anaconda.org/conda-forge/osx-64/xorg-libxau-1.0.9-h35c211d_0.tar.bz2#c5049997b2e98edfbcdd294582f66281
https://conda.anaconda.org/conda-forge/osx-64/xorg-libxdmcp-1.1.3-h35c211d_0.tar.bz2#86ac76d6bf1cbb9621943eb3bd9ae36e
https://conda.anaconda.org/conda-forge/osx-64/xz-5.2.9-hb7f2c08_0.conda#4a1bd9271f3212cebd8131c0bc581b27
https://conda.anaconda.org/conda-forge/osx-64/yaml-0.2.5-h0d85af4_2.tar.bz2#d7e08fcf8259d742156188e8762b4d20
https://conda.anaconda.org/conda-forge/osx-64/expat-2.5.0-hf0c8a7f_0.tar.bz2#7648a729fc8b7272596e90b0ab0a3e98
https://conda.anaconda.org/conda-forge/noarch/fonts-conda-forge-1-0.tar.bz2#f766549260d6815b0c52253f1fb1bb29
https://conda.anaconda.org/conda-forge/osx-64/geos-3.11.1-hf0c8a7f_0.tar.bz2#b8ac0c20383087c33ac8e5e330072832
https://conda.anaconda.org/conda-forge/osx-64/gettext-0.21.1-h8a4c099_0.tar.bz2#1e3aff29ce703d421c43f371ad676cc5
https://conda.anaconda.org/conda-forge/osx-64/icu-70.1-h96cf925_0.tar.bz2#376635049e9b9b0bb875efd39dcd7b3b
https://conda.anaconda.org/conda-forge/osx-64/lerc-4.0.0-hb486fe8_0.tar.bz2#f9d6a4c82889d5ecedec1d90eb673c55
https://conda.anaconda.org/conda-forge/osx-64/libbrotlidec-1.0.9-hb7f2c08_8.tar.bz2#7f952a036d9014b4dab96c6ea0f8c2a7
https://conda.anaconda.org/conda-forge/osx-64/libbrotlienc-1.0.9-hb7f2c08_8.tar.bz2#b36a3bfe866d9127f25f286506982166
https://conda.anaconda.org/conda-forge/osx-64/libedit-3.1.20191231-h0678c8f_2.tar.bz2#6016a8a1d0e63cac3de2c352cd40208b
https://conda.anaconda.org/conda-forge/osx-64/libgfortran5-11.3.0-h082f757_26.tar.bz2#11835360754e5caca43cfaa3a81dfca5
https://conda.anaconda.org/conda-forge/osx-64/libllvm11-11.1.0-h8fb7429_5.tar.bz2#7c9c5bf4c2e24b54e56ace2a20e79dca
https://conda.anaconda.org/conda-forge/osx-64/libpng-1.6.39-ha978bb4_0.conda#35e4928794c5391aec14ffdf1deaaee5
https://conda.anaconda.org/conda-forge/osx-64/libspatialindex-1.9.3-he49afe7_4.tar.bz2#b1c13764417c32fa87fac733caa82a64
https://conda.anaconda.org/conda-forge/osx-64/libsqlite-3.40.0-ha978bb4_0.tar.bz2#ceb13b6726534b96e3b4e3dda91e9050
https://conda.anaconda.org/conda-forge/osx-64/libxcb-1.13-h0d85af4_1004.tar.bz2#eb7860935e14aec936065cbc21a1a962
https://conda.anaconda.org/conda-forge/osx-64/lz4-c-1.9.3-he49afe7_1.tar.bz2#05c08241b66631c00ca4f9e0b75320bc
https://conda.anaconda.org/conda-forge/osx-64/nspr-4.35-hea0b92c_0.conda#a9e56c98d13d8b7ce72bf4357317c29b
https://conda.anaconda.org/conda-forge/osx-64/openssl-3.0.7-hfd90126_1.conda#7a3fb6d40e0aa5dbb5b4ef54462f00a8
https://conda.anaconda.org/conda-forge/osx-64/pcre2-10.40-h1c4e4bc_0.tar.bz2#e0f80c8f3a0352a54eddfe59cd2b25b1
https://conda.anaconda.org/conda-forge/osx-64/readline-8.1.2-h3899abd_0.tar.bz2#89fa404901fa8fb7d4f4e07083b8d635
https://conda.anaconda.org/conda-forge/osx-64/snappy-1.1.9-h225ccf5_2.tar.bz2#eb2c4c3544099a357db4c02eda1a0766
https://conda.anaconda.org/conda-forge/osx-64/tk-8.6.12-h5dbffcc_0.tar.bz2#8e9480d9c47061db2ed1b4ecce519a7f
https://conda.anaconda.org/conda-forge/osx-64/zeromq-4.3.4-he49afe7_1.tar.bz2#1972d732b123ed04b60fd21e94f0b178
https://conda.anaconda.org/conda-forge/osx-64/zlib-1.2.13-hfd90126_4.tar.bz2#be90e6223c74ea253080abae19b3bdb1
https://conda.anaconda.org/conda-forge/osx-64/zstd-1.5.2-hfa58983_4.tar.bz2#0b446e84f3ccf085e590dc1f73eebe3f
https://conda.anaconda.org/conda-forge/osx-64/blosc-1.21.2-hebb52c4_0.conda#2e726e782e57ba3e70f2e85891377cd5
https://conda.anaconda.org/conda-forge/osx-64/boost-cpp-1.78.0-h8b082ac_1.tar.bz2#810ad57aa3057a76ea1c65731d58da55
https://conda.anaconda.org/conda-forge/osx-64/brotli-bin-1.0.9-hb7f2c08_8.tar.bz2#aac5ad0d8f747ef7f871508146df75d9
https://conda.anaconda.org/conda-forge/noarch/fonts-conda-ecosystem-1-0.tar.bz2#fee5683a3f04bd15cbd8318b096a27ab
https://conda.anaconda.org/conda-forge/osx-64/freetype-2.12.1-h3f81eb7_1.conda#852224ea3e8991a8342228eab274840e
https://conda.anaconda.org/conda-forge/osx-64/hdf4-4.2.15-h7aa5921_5.tar.bz2#a5e171d71c6b524409de40d81c098758
https://conda.anaconda.org/conda-forge/osx-64/krb5-1.19.3-hb98e516_0.tar.bz2#8acf20165e07870bc65510a363ff45bb
https://conda.anaconda.org/conda-forge/osx-64/libgfortran-5.0.0-9_5_0_h97931a8_26.tar.bz2#ac9c1a84323edab6c3ff9d3e586ab3cc
https://conda.anaconda.org/conda-forge/osx-64/libglib-2.74.1-h4c723e1_1.tar.bz2#68a698fe240032c2ff587028ed51b155
https://conda.anaconda.org/conda-forge/osx-64/libmagic-5.39-haaf19a9_0.tar.bz2#8bda840040c3212336c7a1b4c708126b
https://conda.anaconda.org/conda-forge/osx-64/libnghttp2-1.47.0-h5aae05b_1.tar.bz2#19d5ae4be3e4b3cfa5696f3667e8c631
https://conda.anaconda.org/conda-forge/osx-64/librttopo-1.1.0-h9461dca_12.tar.bz2#cbf6767a38ffbc9be29cf26045e81faf
https://conda.anaconda.org/conda-forge/osx-64/libssh2-1.10.0-h47af595_3.tar.bz2#5a28624eeb7812b585b9e2d75f846ba2
https://conda.anaconda.org/conda-forge/osx-64/libtiff-4.4.0-hdb44e8a_4.tar.bz2#09195c43a896fe98b82dcebfa1d6eab1
https://conda.anaconda.org/conda-forge/osx-64/libxml2-2.10.3-hb9e07b5_0.tar.bz2#13ba8bf8f44cdac2e5401dac20a36040
https://conda.anaconda.org/conda-forge/osx-64/libzip-1.9.2-h6db710c_1.tar.bz2#ce732d37e479919f3d22b1ccdeb858ac
https://conda.anaconda.org/conda-forge/osx-64/python-3.9.15-h709bd14_0_cpython.conda#5910e45e5f96fb8c8d99d2786f9618a8
https://conda.anaconda.org/conda-forge/osx-64/sqlite-3.40.0-h9ae0607_0.tar.bz2#b66b0b11f1b901f3c2bce9406bedfd40
https://conda.anaconda.org/conda-forge/osx-64/udunits2-2.2.28-h06ef574_0.tar.bz2#74131a7d532fbff820580d4494118245
https://conda.anaconda.org/conda-forge/noarch/_ipython_minor_entry_point-8.7.0-h8cf3c4a_0.conda#0b7821445f86bbfc5b75ef9d812453c6
https://conda.anaconda.org/conda-forge/noarch/affine-2.3.1-pyhd8ed1ab_0.tar.bz2#466dc5c1b75c93180efbd81d99dc29b0
https://conda.anaconda.org/conda-forge/noarch/aiofiles-22.1.0-pyhd8ed1ab_0.tar.bz2#a88c206fdb78e34adb1c4081f5f838dd
https://conda.anaconda.org/conda-forge/noarch/appdirs-1.4.4-pyh9f0ad1d_0.tar.bz2#5f095bc6454094e96f146491fd03633b
https://conda.anaconda.org/conda-forge/noarch/appnope-0.1.3-pyhd8ed1ab_0.tar.bz2#54ac328d703bff191256ffa1183126d1
https://conda.anaconda.org/conda-forge/noarch/asciitree-0.3.3-py_2.tar.bz2#c0481c9de49f040272556e2cedf42816
https://conda.anaconda.org/conda-forge/noarch/async_generator-1.10-py_0.tar.bz2#d56c596e61b1c4952acf0a9920856c12
https://conda.anaconda.org/conda-forge/noarch/attrs-22.1.0-pyh71513ae_1.tar.bz2#6d3ccbc56256204925bfa8378722792f
https://conda.anaconda.org/conda-forge/noarch/backcall-0.2.0-pyh9f0ad1d_0.tar.bz2#6006a6d08a3fa99268a2681c7fb55213
https://conda.anaconda.org/conda-forge/noarch/backoff-2.2.1-pyhd8ed1ab_0.tar.bz2#4600709bd85664d8606ae0c76642f8db
https://conda.anaconda.org/conda-forge/noarch/backports-1.0-pyhd8ed1ab_3.conda#54ca2e08b3220c148a1d8329c2678e02
https://conda.anaconda.org/conda-forge/noarch/blinker-1.5-pyhd8ed1ab_0.tar.bz2#f473c4e32d8180733ba5594d122cb637
https://conda.anaconda.org/conda-forge/noarch/bounded-pool-executor-0.0.3-pyhd8ed1ab_0.tar.bz2#d8a39f2e6da4ba10ce7c4aba2c8a69d5
https://conda.anaconda.org/conda-forge/osx-64/brotli-1.0.9-hb7f2c08_8.tar.bz2#55f612fe4a9b5f6ac76348b6de94aaeb
https://conda.anaconda.org/conda-forge/noarch/cached_property-1.5.2-pyha770c72_1.tar.bz2#576d629e47797577ab0f1b351297ef4a
https://conda.anaconda.org/conda-forge/noarch/cachy-0.3.0-pyhd8ed1ab_1.tar.bz2#5dfee17f24e2dfd18d7392b48c9351e2
https://conda.anaconda.org/conda-forge/noarch/certifi-2022.12.7-pyhd8ed1ab_0.conda#fb9addc3db06e56abe03e0e9f21a63e6
https://conda.anaconda.org/conda-forge/noarch/charset-normalizer-2.1.1-pyhd8ed1ab_0.tar.bz2#c1d5b294fbf9a795dec349a6f4d8be8e
https://conda.anaconda.org/conda-forge/osx-64/click-8.0.0-py39h6e9494a_0.tar.bz2#b3220a4bd77180ef46e9a256f35ec6f4
https://conda.anaconda.org/conda-forge/noarch/cloudpickle-2.2.0-pyhd8ed1ab_0.tar.bz2#a6cf47b09786423200d7982d1faa19eb
https://conda.anaconda.org/conda-forge/noarch/colorama-0.4.6-pyhd8ed1ab_0.tar.bz2#3faab06a954c2a04039983f2c4a50d99
https://conda.anaconda.org/conda-forge/noarch/crashtest-0.3.1-pyhd8ed1ab_0.tar.bz2#b8477552274c1cfdb533e954c76523f1
https://conda.anaconda.org/conda-forge/noarch/cycler-0.11.0-pyhd8ed1ab_0.tar.bz2#a50559fad0affdbb33729a68669ca1cb
https://conda.anaconda.org/conda-forge/noarch/dataclasses-0.8-pyhc8e2a94_3.tar.bz2#a362b2124b06aad102e2ee4581acee7d
https://conda.anaconda.org/conda-forge/osx-64/debugpy-1.6.4-py39h7a8716b_0.conda#71e1c3c6e7979c5c3549bd41f3cdee47
https://conda.anaconda.org/conda-forge/noarch/decorator-5.1.1-pyhd8ed1ab_0.tar.bz2#43afe5ab04e35e17ba28649471dd7364
https://conda.anaconda.org/conda-forge/noarch/defusedxml-0.7.1-pyhd8ed1ab_0.tar.bz2#961b3a227b437d82ad7054484cfa71b2
https://conda.anaconda.org/conda-forge/noarch/distlib-0.3.6-pyhd8ed1ab_0.tar.bz2#b65b4d50dbd2d50fa0aeac367ec9eed7
https://conda.anaconda.org/conda-forge/noarch/docopt-0.6.2-py_1.tar.bz2#a9ed63e45579cfef026a916af2bc27c9
https://conda.anaconda.org/conda-forge/noarch/entrypoints-0.4-pyhd8ed1ab_0.tar.bz2#3cf04868fee0a029769bd41f4b2fbf2d
https://conda.anaconda.org/conda-forge/noarch/et_xmlfile-1.0.1-py_1001.tar.bz2#2ca571121f480d1c2b90782463924873
https://conda.anaconda.org/conda-forge/noarch/executing-1.2.0-pyhd8ed1ab_0.tar.bz2#4c1bc140e2be5c8ba6e3acab99e25c50
https://conda.anaconda.org/conda-forge/noarch/fasteners-0.17.3-pyhd8ed1ab_0.tar.bz2#348e27e78a5e39090031448c72f66d5e
https://conda.anaconda.org/conda-forge/noarch/filelock-3.8.2-pyhd8ed1ab_0.conda#0f09c2bc17ddd8732be8e5b99297c7ce
https://conda.anaconda.org/conda-forge/noarch/flit-core-3.8.0-pyhd8ed1ab_0.tar.bz2#6d5e56de2e65da7aa35fd10131226efa
https://conda.anaconda.org/conda-forge/osx-64/fontconfig-2.14.1-h5bb23bf_0.tar.bz2#68c42c630dcf96518bbd9f6525861e06
https://conda.anaconda.org/conda-forge/osx-64/frozenlist-1.3.3-py39ha30fb19_0.tar.bz2#66467edba60603caf75d585e0fb1c70c
https://conda.anaconda.org/conda-forge/noarch/fsspec-2022.11.0-pyhd8ed1ab_0.tar.bz2#eb919f2119a6db5d0192f9e9c3711572
https://conda.anaconda.org/conda-forge/noarch/future-0.18.2-pyhd8ed1ab_6.tar.bz2#a6966947ba28bbe60f9904653da7fed5
https://conda.anaconda.org/conda-forge/osx-64/greenlet-2.0.1-py39h7a8716b_0.tar.bz2#e79e8e38ae8b27a11e6455f3a2af88d8
https://conda.anaconda.org/conda-forge/noarch/heapdict-1.0.1-py_0.tar.bz2#77242bfb1e74a627fb06319b5a2d3b95
https://conda.anaconda.org/conda-forge/noarch/idna-3.4-pyhd8ed1ab_0.tar.bz2#34272b248891bddccc64479f9a7fffed
https://conda.anaconda.org/conda-forge/noarch/ipython_genutils-0.2.0-py_1.tar.bz2#5071c982548b3a20caf70462f04f5287
https://conda.anaconda.org/conda-forge/noarch/jmespath-1.0.1-pyhd8ed1ab_0.tar.bz2#2cfa3e1cf3fb51bb9b17acc5b5e9ea11
https://conda.anaconda.org/conda-forge/noarch/json5-0.9.5-pyh9f0ad1d_0.tar.bz2#10759827a94e6b14996e81fb002c0bda
https://conda.anaconda.org/conda-forge/noarch/jupyterlab-geojson-3.3.1-pyhd8ed1ab_0.tar.bz2#eb37acb6d7c1365e9e3b71ee5b1094f6
https://conda.anaconda.org/conda-forge/noarch/jupyterlab_widgets-3.0.4-pyhd8ed1ab_0.conda#fa777b81ecc1dc717fbeef5f900752a2
https://conda.anaconda.org/conda-forge/osx-64/kiwisolver-1.4.4-py39h92daf61_1.tar.bz2#7720e059630e25ab17ab12677e59c615
https://conda.anaconda.org/conda-forge/osx-64/lcms2-2.14-h90f4b2a_0.tar.bz2#e56c432e9a78c63692fa6bd076a15713
https://conda.anaconda.org/conda-forge/osx-64/libcurl-7.86.0-h581aaea_1.tar.bz2#af83102fc53762fb78e27657b540756f
https://conda.anaconda.org/conda-forge/osx-64/libkml-1.3.0-haeb80ef_1015.tar.bz2#f1a092ddaedbde48dcf62a9455ce7e31
https://conda.anaconda.org/conda-forge/osx-64/libopenblas-0.3.21-openmp_h429af6e_3.tar.bz2#968c46aa7f4032c3f3873f3452ed4c34
https://conda.anaconda.org/conda-forge/osx-64/libpq-15.1-hb1ae2b1_1.conda#4f2e19659e71825ac16e36a8f83d0a9c
https://conda.anaconda.org/conda-forge/osx-64/libxslt-1.1.37-h5d22bc9_0.tar.bz2#532015104e2167790a59430b5e10dd7f
https://conda.anaconda.org/conda-forge/osx-64/llvmlite-0.39.1-py39had167e2_1.tar.bz2#1ade05a3d2c999bd14675dcdaf763b38
https://conda.anaconda.org/conda-forge/noarch/locket-1.0.0-pyhd8ed1ab_0.tar.bz2#91e27ef3d05cc772ce627e51cff111c4
https://conda.anaconda.org/conda-forge/osx-64/lz4-4.0.2-py39hd0af75a_0.tar.bz2#2917c2e9e4922bea7815140988eac846
https://conda.anaconda.org/conda-forge/noarch/mailchecker-4.1.19-pyhd8ed1ab_0.tar.bz2#036d1d140fbc32f8a4ac0cc8851d21d9
https://conda.anaconda.org/conda-forge/osx-64/markupsafe-2.1.1-py39ha30fb19_2.tar.bz2#ff153f279e1f29f64d98245b8a042e85
https://conda.anaconda.org/conda-forge/noarch/mistune-2.0.4-pyhd8ed1ab_0.tar.bz2#78e0a90393b79b378b8ff6d32893d58a
https://conda.anaconda.org/conda-forge/noarch/more-itertools-9.0.0-pyhd8ed1ab_0.tar.bz2#9b6ad26944f19f599800b068e0582227
https://conda.anaconda.org/conda-forge/osx-64/mpich-4.0.3-hd33e60e_100.tar.bz2#ef43f02a9df986fee86a26e400e516e4
https://conda.anaconda.org/conda-forge/osx-64/msgpack-python-1.0.4-py39h92daf61_1.tar.bz2#1514cec1741a05af5d55d0e792e9dee6
https://conda.anaconda.org/conda-forge/osx-64/multidict-6.0.2-py39ha30fb19_2.tar.bz2#a0c33f57d64339dc61407ee5aa65bb68
https://conda.anaconda.org/conda-forge/noarch/multimethod-1.9-pyhd8ed1ab_0.tar.bz2#abaec48ee237a4d69f877b386440b1f5
https://conda.anaconda.org/conda-forge/noarch/munkres-1.1.4-pyh9f0ad1d_0.tar.bz2#2ba8498c1018c1e9c61eb99b973dfe19
https://conda.anaconda.org/conda-forge/osx-64/mypy_extensions-0.4.3-py39h6e9494a_6.tar.bz2#433b5394a8a44e5d42c055ff29e3785f
https://conda.anaconda.org/conda-forge/noarch/nest-asyncio-1.5.6-pyhd8ed1ab_0.tar.bz2#7b868f21adde0d9b8b38f9c16836589b
https://conda.anaconda.org/conda-forge/noarch/networkx-2.8.8-pyhd8ed1ab_0.tar.bz2#bb45ff9deddb045331fd039949f39650
https://conda.anaconda.org/conda-forge/osx-64/noise-1.2.2-py39ha30fb19_1004.tar.bz2#57b35d96b456a255cef41f1d135770e2
https://conda.anaconda.org/conda-forge/osx-64/nss-3.78-ha8197d3_0.tar.bz2#0927d191f392959c876b7eab924efd01
https://conda.anaconda.org/conda-forge/osx-64/openjpeg-2.5.0-h5d0d7b0_1.tar.bz2#be533cc782981a0ec5eed28aa618470a
https://conda.anaconda.org/conda-forge/noarch/packaging-22.0-pyhd8ed1ab_0.conda#0e8e1bd93998978fc3125522266d12db
https://conda.anaconda.org/conda-forge/noarch/pamela-1.0.0-py_0.tar.bz2#36f6f18d2f3ae0c93d77a9dbedad08c3
https://conda.anaconda.org/conda-forge/noarch/pandocfilters-1.5.0-pyhd8ed1ab_0.tar.bz2#457c2c8c08e54905d6954e79cb5b5db9
https://conda.anaconda.org/conda-forge/noarch/param-1.12.2-pyh6c4a22f_0.tar.bz2#60a819edb91839a58e8f0349eae6445d
https://conda.anaconda.org/conda-forge/noarch/parso-0.8.3-pyhd8ed1ab_0.tar.bz2#17a565a0c3899244e938cdf417e7b094
https://conda.anaconda.org/conda-forge/noarch/pastel-0.2.1-pyhd8ed1ab_0.tar.bz2#a4eea5bff523f26442405bc5d1f52adb
https://conda.anaconda.org/conda-forge/noarch/phonenumbers-8.13.2-pyhd8ed1ab_0.conda#2510822776f95ca8be68afa5b0a0c461
https://conda.anaconda.org/conda-forge/noarch/pickleshare-0.7.5-py_1003.tar.bz2#415f0ebb6198cc2801c73438a9fb5761
https://conda.anaconda.org/conda-forge/noarch/pkginfo-1.9.2-pyhd8ed1ab_0.conda#8fb2779f1ab2ce91e893f31a36fbcbfa
https://conda.anaconda.org/conda-forge/noarch/pkgutil-resolve-name-1.3.10-pyhd8ed1ab_0.tar.bz2#89e3c7cdde7d3aaa2aee933b604dd07f
https://conda.anaconda.org/conda-forge/noarch/platformdirs-2.5.2-pyhd8ed1ab_1.tar.bz2#2fb3f88922e7aec26ba652fcdfe13950
https://conda.anaconda.org/conda-forge/noarch/prometheus_client-0.15.0-pyhd8ed1ab_0.tar.bz2#b260ed41427dbbe70537b3030c643b2e
https://conda.anaconda.org/conda-forge/osx-64/psutil-5.9.4-py39ha30fb19_0.tar.bz2#fde4dae8cd4d545d53e20d371ffd4c77
https://conda.anaconda.org/conda-forge/noarch/ptyprocess-0.7.0-pyhd3deb0d_0.tar.bz2#359eeb6536da0e687af562ed265ec263
https://conda.anaconda.org/conda-forge/noarch/pure_eval-0.2.2-pyhd8ed1ab_0.tar.bz2#6784285c7e55cb7212efabc79e4c2883
https://conda.anaconda.org/conda-forge/noarch/pycparser-2.21-pyhd8ed1ab_0.tar.bz2#076becd9e05608f8dc72757d5f3a91ff
https://conda.anaconda.org/conda-forge/noarch/pyjwt-2.6.0-pyhd8ed1ab_0.tar.bz2#56d08bbebf5b3719ca2b1688fcfd98a4
https://conda.anaconda.org/conda-forge/noarch/pylev-1.4.0-pyhd8ed1ab_0.tar.bz2#edf8651c4379d9d1495ad6229622d150
https://conda.anaconda.org/conda-forge/noarch/pyparsing-3.0.9-pyhd8ed1ab_0.tar.bz2#e8fbc1b54b25f4b08281467bc13b70cc
https://conda.anaconda.org/conda-forge/osx-64/pyrsistent-0.19.2-py39ha30fb19_0.tar.bz2#0c3335afb53c57ea3e88e69bd51e717b
https://conda.anaconda.org/conda-forge/noarch/pyshp-2.3.1-pyhd8ed1ab_0.tar.bz2#92a889dc236a5197612bc85bee6d7174
https://conda.anaconda.org/conda-forge/noarch/pysocks-1.7.1-pyha2e5f31_6.tar.bz2#2a7de29fb590ca14b5243c4c812c8025
https://conda.anaconda.org/conda-forge/noarch/python-fastjsonschema-2.16.2-pyhd8ed1ab_0.tar.bz2#5fe4b6002f505336734ce92961b3e6a0
https://conda.anaconda.org/conda-forge/noarch/python-json-logger-2.0.1-pyh9f0ad1d_0.tar.bz2#aed452f2f9f8bc8b2b0c412975051b5b
https://conda.anaconda.org/conda-forge/osx-64/python-magic-0.4.27-py39h6e9494a_3.tar.bz2#d2a804ab22a52f00111d71a05e8d7661
https://conda.anaconda.org/conda-forge/noarch/pytz-2022.6-pyhd8ed1ab_0.tar.bz2#b1f26ad83328e486910ef7f6e81dc061
https://conda.anaconda.org/conda-forge/osx-64/pyyaml-6.0-py39ha30fb19_5.tar.bz2#45794cac8eadcc11b3f26dda1705bf62
https://conda.anaconda.org/conda-forge/osx-64/pyzmq-24.0.1-py39hed8f129_1.tar.bz2#d6fba77eb1eccaa1e89f1adbac9d8e1d
https://conda.anaconda.org/conda-forge/osx-64/rtree-1.0.1-py39h7d0d40a_1.tar.bz2#1043072d13c423eef9a25555652a2cdc
https://conda.anaconda.org/conda-forge/osx-64/ruamel.yaml.clib-0.2.7-py39ha30fb19_1.conda#f46cf79a32d445c6123d35dc1eaada88
https://conda.anaconda.org/conda-forge/noarch/send2trash-1.8.0-pyhd8ed1ab_0.tar.bz2#edab14119efe85c3bf131ad747e9005c
https://conda.anaconda.org/conda-forge/noarch/setuptools-65.5.1-pyhd8ed1ab_0.tar.bz2#cfb8dc4d9d285ca5fb1177b9dd450e33
https://conda.anaconda.org/conda-forge/noarch/simpervisor-0.4-pyhd8ed1ab_0.tar.bz2#12b5f0d11cc26bf386bd9a2f99099648
https://conda.anaconda.org/conda-forge/osx-64/simplejson-3.18.0-py39ha30fb19_0.tar.bz2#17832dca937c679b1669bec5fea2b257
https://conda.anaconda.org/conda-forge/noarch/six-1.16.0-pyh6c4a22f_0.tar.bz2#e5f25f8dbc060e9a8d912e432202afc2
https://conda.anaconda.org/conda-forge/noarch/smmap-3.0.5-pyh44b312d_0.tar.bz2#3a8dc70789709aa315325d5df06fb7e4
https://conda.anaconda.org/conda-forge/noarch/sniffio-1.3.0-pyhd8ed1ab_0.tar.bz2#dd6cbc539e74cb1f430efbd4575b9303
https://conda.anaconda.org/conda-forge/noarch/sortedcontainers-2.4.0-pyhd8ed1ab_0.tar.bz2#6d6552722448103793743dabfbda532d
https://conda.anaconda.org/conda-forge/noarch/soupsieve-2.3.2.post1-pyhd8ed1ab_0.tar.bz2#146f4541d643d48fc8a75cacf69f03ae
https://conda.anaconda.org/conda-forge/noarch/tblib-1.7.0-pyhd8ed1ab_0.tar.bz2#3d4afc31302aa7be471feb6be048ed76
https://conda.anaconda.org/conda-forge/noarch/text-unidecode-1.3-py_0.tar.bz2#afcf07cba949f797ac96c5e13e745cc7
https://conda.anaconda.org/conda-forge/noarch/threadpoolctl-3.1.0-pyh8a188c0_0.tar.bz2#a2995ee828f65687ac5b1e71a2ab1e0c
https://conda.anaconda.org/conda-forge/noarch/tinynetrc-1.3.1-pyhd8ed1ab_0.tar.bz2#1b82cfad038f829a14db3a260e9a078c
https://conda.anaconda.org/conda-forge/noarch/toml-0.10.2-pyhd8ed1ab_0.tar.bz2#f832c45a477c78bebd107098db465095
https://conda.anaconda.org/conda-forge/noarch/tomli-2.0.1-pyhd8ed1ab_0.tar.bz2#5844808ffab9ebdb694585b50ba02a96
https://conda.anaconda.org/conda-forge/noarch/toolz-0.12.0-pyhd8ed1ab_0.tar.bz2#92facfec94bc02d6ccf42e7173831a36
https://conda.anaconda.org/conda-forge/osx-64/tornado-6.2-py39ha30fb19_1.tar.bz2#07917d8456ca9aa09acf950019bf53b2
https://conda.anaconda.org/conda-forge/noarch/traitlets-5.6.0-pyhd8ed1ab_0.conda#eac7f31ed845349846e36bb36d575cc5
https://conda.anaconda.org/conda-forge/noarch/typing-3.10.0.0-pyhd8ed1ab_0.tar.bz2#e6573ac68718f17b9d4f5c8eda3190f2
https://conda.anaconda.org/conda-forge/noarch/typing_extensions-4.4.0-pyha770c72_0.tar.bz2#2d93b130d148d7fc77e583677792fc6a
https://conda.anaconda.org/conda-forge/osx-64/ujson-5.5.0-py39h7a8716b_1.tar.bz2#fda1bf900ee918d973a6a0d5ff6dede1
https://conda.anaconda.org/conda-forge/osx-64/unicodedata2-15.0.0-py39ha30fb19_0.tar.bz2#17876b4aebf783fb7bba980a79516892
https://conda.anaconda.org/conda-forge/noarch/unidecode-1.3.6-pyhd8ed1ab_0.tar.bz2#e8f24401b17802df5f82f66a88cee29e
https://conda.anaconda.org/conda-forge/noarch/webencodings-0.5.1-py_1.tar.bz2#3563be4c5611a44210d9ba0c16113136
https://conda.anaconda.org/conda-forge/noarch/webob-1.8.7-pyhd8ed1ab_0.tar.bz2#a8192f3585f341ea66c60c189580ac67
https://conda.anaconda.org/conda-forge/noarch/websocket-client-1.4.2-pyhd8ed1ab_0.tar.bz2#5309fca1777cfdd2d7ab582edb8cc41a
https://conda.anaconda.org/conda-forge/noarch/wheel-0.38.4-pyhd8ed1ab_0.tar.bz2#c829cfb8cb826acb9de0ac1a2df0a940
https://conda.anaconda.org/conda-forge/noarch/widgetsnbextension-4.0.4-pyhd8ed1ab_0.conda#ade1f7a86048f34e70281c8389b70d38
https://conda.anaconda.org/conda-forge/osx-64/wrapt-1.14.1-py39ha30fb19_1.tar.bz2#1f32082a7afac6f4b7255d4d3be520e0
https://conda.anaconda.org/conda-forge/noarch/xlrd-2.0.1-pyhd8ed1ab_3.tar.bz2#97dfcd5ff030d829b55f67e82f928093
https://conda.anaconda.org/conda-forge/noarch/xmltodict-0.13.0-pyhd8ed1ab_0.tar.bz2#b5b33faed6ed2b4ba47a690b8f5c0818
https://conda.anaconda.org/conda-forge/noarch/xyzservices-2022.9.0-pyhd8ed1ab_0.tar.bz2#0c0e2e24aa2e9ee3dd99c611b1098047
https://conda.anaconda.org/conda-forge/noarch/zipp-3.11.0-pyhd8ed1ab_0.conda#09b5b885341697137879a4f039a9e5a1
https://conda.anaconda.org/conda-forge/noarch/aioitertools-0.11.0-pyhd8ed1ab_0.tar.bz2#59c40397276a286241c65faec5e1be3c
https://conda.anaconda.org/conda-forge/noarch/aiosignal-1.3.1-pyhd8ed1ab_0.tar.bz2#d1e1eb7e21a9e2c74279d87dafb68156
https://conda.anaconda.org/conda-forge/noarch/anyio-3.6.2-pyhd8ed1ab_0.tar.bz2#8ada050fa88f26916fc1e76e368a49fd
https://conda.anaconda.org/conda-forge/noarch/asttokens-2.2.1-pyhd8ed1ab_0.conda#bf7f54dd0f25c3f06ecb82a07341841a
https://conda.anaconda.org/conda-forge/noarch/babel-2.11.0-pyhd8ed1ab_0.tar.bz2#2ea70fde8d581ba9425a761609eed6ba
https://conda.anaconda.org/conda-forge/noarch/backports.functools_lru_cache-1.6.4-pyhd8ed1ab_0.tar.bz2#c5b3edc62d6309088f4970b3eaaa65a6
https://conda.anaconda.org/conda-forge/noarch/beautifulsoup4-4.11.1-pyha770c72_0.tar.bz2#eeec8814bd97b2681f708bb127478d7d
https://conda.anaconda.org/conda-forge/noarch/bleach-5.0.1-pyhd8ed1ab_0.tar.bz2#1f5151d37e4a2b1137f81c89a3a769f2
https://conda.anaconda.org/conda-forge/noarch/cached-property-1.5.2-hd8ed1ab_1.tar.bz2#9b347a7ec10940d3f7941ff6c460b551
https://conda.anaconda.org/conda-forge/osx-64/cairo-1.16.0-h904041c_1014.tar.bz2#2e7b4350178ed52bb6fd2b1ecbeeed4f
https://conda.anaconda.org/conda-forge/osx-64/cffi-1.15.1-py39h131948b_2.tar.bz2#8543a4e2c7718750cb64a2ad5da71c09
https://conda.anaconda.org/conda-forge/osx-64/cfitsio-4.2.0-hd56cc12_0.conda#28e03cefd79aa28ec0e313e5a9c71f5b
https://conda.anaconda.org/conda-forge/noarch/click-default-group-1.2.2-pyhd8ed1ab_1.tar.bz2#72a46ffc25701c173932fd55cf0965d3
https://conda.anaconda.org/conda-forge/noarch/click-plugins-1.1.1-py_0.tar.bz2#4fd2c6b53934bd7d96d1f3fdaf99b79f
https://conda.anaconda.org/conda-forge/noarch/cligj-0.7.2-pyhd8ed1ab_1.tar.bz2#a29b7c141d6b2de4bb67788a5f107734
https://conda.anaconda.org/conda-forge/noarch/clikit-0.6.2-pyh9f0ad1d_0.tar.bz2#159273f717a11e53b2656f8b6521a5e2
https://conda.anaconda.org/conda-forge/noarch/comm-0.1.1-pyhd8ed1ab_0.conda#b7a6eec95756cb01c90190261e61adb3
https://conda.anaconda.org/conda-forge/noarch/commonmark-0.9.1-py_0.tar.bz2#6aa0173c14befcd577ded130cf6f22f5
https://conda.anaconda.org/conda-forge/noarch/configobj-5.0.6-py_0.tar.bz2#e46ba874295e2eda5593650895777913
https://conda.anaconda.org/conda-forge/osx-64/curl-7.86.0-h581aaea_1.tar.bz2#9caafb7cb35bf100d31b15e27e29eb38
https://conda.anaconda.org/conda-forge/osx-64/cytoolz-0.12.0-py39ha30fb19_1.tar.bz2#1d779faefd44897457b06aeacb685170
https://conda.anaconda.org/conda-forge/osx-64/fonttools-4.38.0-py39ha30fb19_1.tar.bz2#d4ef9879362c40c8c346a0b6cd79f2e0
https://conda.anaconda.org/conda-forge/noarch/gitdb-4.0.10-pyhd8ed1ab_0.conda#3706d2f3d7cb5dae600c833345a76132
https://conda.anaconda.org/conda-forge/osx-64/hdf5-1.12.2-mpi_mpich_hc154f39_0.tar.bz2#c339b4a75b902e6437b38f1d947149ef
https://conda.anaconda.org/conda-forge/noarch/html5lib-1.1-pyh9f0ad1d_0.tar.bz2#b2355343d6315c892543200231d7154a
https://conda.anaconda.org/conda-forge/noarch/importlib-metadata-5.1.0-pyha770c72_0.conda#46a62e35b9ae515cf0e49afc7fe0e7ef
https://conda.anaconda.org/conda-forge/noarch/importlib_resources-5.10.1-pyhd8ed1ab_0.conda#db5d88c84c769798bf4b2f6776446b32
https://conda.anaconda.org/conda-forge/noarch/jaraco.classes-3.2.3-pyhd8ed1ab_0.tar.bz2#31e4a1506968d017229bdb64695013a1
https://conda.anaconda.org/conda-forge/noarch/jedi-0.18.2-pyhd8ed1ab_0.conda#b5e695ef9c3f0d27d6cd96bf5adc9e07
https://conda.anaconda.org/conda-forge/noarch/jinja2-3.1.2-pyhd8ed1ab_1.tar.bz2#c8490ed5c70966d232fdd389d0dbed37
https://conda.anaconda.org/conda-forge/noarch/joblib-1.2.0-pyhd8ed1ab_0.tar.bz2#7583652522d71ad78ba536bba06940eb
https://conda.anaconda.org/conda-forge/osx-64/jupyter_core-5.1.0-py39h6e9494a_0.conda#a4c9fe8c65922f6411436f736f8c5d17
https://conda.anaconda.org/conda-forge/osx-64/libblas-3.9.0-16_osx64_openblas.tar.bz2#644d63e9379867490b67bace400b2a0f
https://conda.anaconda.org/conda-forge/osx-64/lxml-4.9.1-py39hfbce9ca_1.tar.bz2#02f2ea49da1eff3a4e31cb1493293383
https://conda.anaconda.org/conda-forge/noarch/matplotlib-inline-0.1.6-pyhd8ed1ab_0.tar.bz2#b21613793fcc81d944c76c9f2864a7de
https://conda.anaconda.org/conda-forge/noarch/multipledispatch-0.6.0-py_0.tar.bz2#1073dc92c8f247d94ac14dd79ca0bbec
https://conda.anaconda.org/conda-forge/noarch/munch-2.5.0-py_0.tar.bz2#31d9e9be500e25ff0050bc9f57a6bcd7
https://conda.anaconda.org/conda-forge/osx-64/openpyxl-3.0.10-py39ha30fb19_2.tar.bz2#26e33142e970c7d520414aea4932f776
https://conda.anaconda.org/conda-forge/noarch/partd-1.3.0-pyhd8ed1ab_0.tar.bz2#af8c82d121e63082926062d61d9abb54
https://conda.anaconda.org/conda-forge/noarch/pexpect-4.8.0-pyh1a96a4e_2.tar.bz2#330448ce4403cc74990ac07c555942a1
https://conda.anaconda.org/conda-forge/osx-64/pillow-9.2.0-py39h35d4919_3.tar.bz2#6ed8a5881729d8f7ee7cde78c13241a4
https://conda.anaconda.org/conda-forge/noarch/pip-22.3.1-pyhd8ed1ab_0.tar.bz2#da66f2851b9836d3a7c5190082a45f7d
https://conda.anaconda.org/conda-forge/osx-64/postgresql-15.1-hae21482_1.conda#8824fdf2c7e9fb3b05e568366a69baed
https://conda.anaconda.org/conda-forge/osx-64/proj-9.1.0-hcbd9701_0.tar.bz2#78ee95e87e5143d0e4a17d4aeef56411
https://conda.anaconda.org/conda-forge/noarch/pyct-core-0.4.6-py_0.tar.bz2#55ec526f95e0959de3f68bc6289a20da
https://conda.anaconda.org/conda-forge/noarch/pygments-2.13.0-pyhd8ed1ab_0.tar.bz2#9f478e8eedd301008b5f395bad0caaed
https://conda.anaconda.org/conda-forge/noarch/python-dateutil-2.8.2-pyhd8ed1ab_0.tar.bz2#dd999d1cc9f79e67dbb855c8924c7984
https://conda.anaconda.org/conda-forge/noarch/python-slugify-6.1.2-pyhd8ed1ab_0.tar.bz2#a882d8d1971e2618a702d8b4c4d58390
https://conda.anaconda.org/conda-forge/noarch/pyviz_comms-2.2.1-pyhd8ed1ab_1.tar.bz2#f5ddc41fa1892a341e17d2f9bfa1c584
https://conda.anaconda.org/conda-forge/osx-64/ruamel.yaml-0.17.21-py39ha30fb19_2.tar.bz2#0573d3c590cbdd45ae65e6ce36d51b2c
https://conda.anaconda.org/conda-forge/osx-64/sqlalchemy-1.4.44-py39ha30fb19_0.tar.bz2#d45cf92b1e2e86b911dafe08bc950ee9
https://conda.anaconda.org/conda-forge/noarch/terminado-0.17.1-pyhd1c38e8_0.conda#046120b71d8896cb7faef78bfdbfee1e
https://conda.anaconda.org/conda-forge/noarch/tinycss2-1.2.1-pyhd8ed1ab_0.tar.bz2#7234c9eefff659501cd2fe0d2ede4d48
https://conda.anaconda.org/conda-forge/noarch/tomlkit-0.11.6-pyha770c72_0.tar.bz2#471bf9e605820b59988e830382b8d654
https://conda.anaconda.org/conda-forge/noarch/tqdm-4.64.1-pyhd8ed1ab_0.tar.bz2#5526ff3f88f9db87bb0924b9ce575345
https://conda.anaconda.org/conda-forge/noarch/traittypes-0.2.1-pyh9f0ad1d_2.tar.bz2#7d32ccb5334a6822c28af3e864550618
https://conda.anaconda.org/conda-forge/noarch/typing-extensions-4.4.0-hd8ed1ab_0.tar.bz2#be969210b61b897775a0de63cd9e9026
https://conda.anaconda.org/conda-forge/osx-64/virtualenv-20.17.0-py39h6e9494a_0.conda#15a3931683e29aa54eed122f0275ea2e
https://conda.anaconda.org/conda-forge/osx-64/xerces-c-3.2.4-h2007e90_1.tar.bz2#da5951ed1609c4fdd135db32c4c8ef36
https://conda.anaconda.org/conda-forge/osx-64/yarl-1.8.1-py39ha30fb19_0.tar.bz2#c6d695d3395da92394a33eb34d900fd9
https://conda.anaconda.org/conda-forge/noarch/zict-2.2.0-pyhd8ed1ab_0.tar.bz2#cd563d01df94e51f968645dbf3b310b0
https://conda.anaconda.org/conda-forge/osx-64/argon2-cffi-bindings-21.2.0-py39ha30fb19_3.tar.bz2#80de9667536128c4d668f1722804e2e7
https://conda.anaconda.org/conda-forge/noarch/async-timeout-4.0.2-pyhd8ed1ab_0.tar.bz2#25e79f9a1133556671becbd65a170c78
https://conda.anaconda.org/conda-forge/noarch/branca-0.6.0-pyhd8ed1ab_0.tar.bz2#f4cc65697763ef8c2f7555f1ec355a6b
https://conda.anaconda.org/conda-forge/osx-64/brotlipy-0.7.0-py39ha30fb19_1005.tar.bz2#201d86c1f0b0132954fc72251b09df8a
https://conda.anaconda.org/conda-forge/osx-64/cryptography-38.0.4-py39hbeae22c_0.conda#d71d3f70f5a0675624f322c7a8956b33
https://conda.anaconda.org/conda-forge/noarch/dask-core-2022.12.0-pyhd8ed1ab_0.conda#3a0f020d07998e1ae711df071f97fc19
https://conda.anaconda.org/conda-forge/osx-64/geotiff-1.7.1-he29fd1c_4.tar.bz2#7fab5b9379958e9d3f784842c00c8e66
https://conda.anaconda.org/conda-forge/noarch/gitpython-3.1.29-pyhd8ed1ab_0.tar.bz2#8a65d15b1f37e21b683fc2080ba35593
https://conda.anaconda.org/conda-forge/noarch/importlib_metadata-5.1.0-hd8ed1ab_0.conda#3dc2248927de739b4d2e2da9a9972bfe
https://conda.anaconda.org/conda-forge/noarch/jsonschema-4.17.3-pyhd8ed1ab_0.conda#723268a468177cd44568eb8f794e0d80
https://conda.anaconda.org/conda-forge/noarch/jupyter_client-7.4.8-pyhd8ed1ab_0.conda#bd4951aa5fbf3336a249e25c90f50333
https://conda.anaconda.org/conda-forge/noarch/jupyterlab_pygments-0.2.2-pyhd8ed1ab_0.tar.bz2#243f63592c8e449f40cd42eb5cf32f40
https://conda.anaconda.org/conda-forge/osx-64/kealib-1.5.0-h5c1f988_0.conda#4aab67daf291f97462a5a947aaad48ea
https://conda.anaconda.org/conda-forge/osx-64/libcblas-3.9.0-16_osx64_openblas.tar.bz2#28592eab0f05bcf9969789e87f754e11
https://conda.anaconda.org/conda-forge/osx-64/libdap4-3.20.6-h3e144a0_2.tar.bz2#55e0706347eb18f3616808366236bcaa
https://conda.anaconda.org/conda-forge/osx-64/liblapack-3.9.0-16_osx64_openblas.tar.bz2#406ad426aade5578b90544cc2ed4a79b
https://conda.anaconda.org/conda-forge/osx-64/libnetcdf-4.8.1-mpi_mpich_hc6a5375_6.tar.bz2#b69bd90dcaa7d7602be833618c9d8f34
https://conda.anaconda.org/conda-forge/osx-64/libspatialite-5.0.1-hc1c2c66_22.tar.bz2#13513d4171137de61c7f8dd7c2fa4e74
https://conda.anaconda.org/conda-forge/noarch/mako-1.2.4-pyhd8ed1ab_0.tar.bz2#0d072f0edc017b6318dbab701e053f94
https://conda.anaconda.org/conda-forge/noarch/markdown-3.4.1-pyhd8ed1ab_0.tar.bz2#50d5bcf9693d8c1e7db6b1150b5c4ee5
https://conda.anaconda.org/conda-forge/osx-64/poppler-22.11.0-hf2ff1a1_0.tar.bz2#052935af6d441a0ec3e69fc2e56440a5
https://conda.anaconda.org/conda-forge/noarch/pqdm-0.1.0-pyhd8ed1ab_0.tar.bz2#667cd75f26a380441f5612434d72e81f
https://conda.anaconda.org/conda-forge/osx-64/pydantic-1.10.2-py39ha30fb19_1.tar.bz2#9b308f2d79d99698dbf0551f5bcd79cd
https://conda.anaconda.org/conda-forge/osx-64/pyproj-3.4.0-py39h2798b3d_2.tar.bz2#ddfd1aa1fdc1b2ac8c9e83d424485399
https://conda.anaconda.org/conda-forge/noarch/pystac-1.6.1-pyhd8ed1ab_1.tar.bz2#a37e92ca5a1092f0680524e30b33ea27
https://conda.anaconda.org/conda-forge/noarch/rich-12.6.0-pyhd8ed1ab_0.tar.bz2#162ed4cc104133be23e592faa1e055e3
https://conda.anaconda.org/conda-forge/noarch/stack_data-0.6.2-pyhd8ed1ab_0.conda#e7df0fdd404616638df5ece6e69ba7af
https://conda.anaconda.org/conda-forge/osx-64/tiledb-2.11.3-h8b9cbf0_1.tar.bz2#6e9ceb8b47cf6c22443cea2fb0639f45
https://conda.anaconda.org/conda-forge/noarch/wcwidth-0.2.5-pyh9f0ad1d_2.tar.bz2#5266fcd697043c59621fda522b3d78ee
https://conda.anaconda.org/conda-forge/osx-64/aiohttp-3.8.3-py39ha30fb19_1.tar.bz2#591aef602e9d27b30e03da28860e234c
https://conda.anaconda.org/conda-forge/noarch/alembic-1.8.1-pyhd8ed1ab_0.tar.bz2#bdde76f5d65a9374d07aa3dfa27571e0
https://conda.anaconda.org/conda-forge/noarch/argon2-cffi-21.3.0-pyhd8ed1ab_0.tar.bz2#a0b402db58f73aaab8ee0ca1025a362e
https://conda.anaconda.org/conda-forge/noarch/ftfy-6.1.1-pyhd8ed1ab_0.tar.bz2#8112acb97be37967accbbe75436b62d7
https://conda.anaconda.org/conda-forge/osx-64/gsl-2.7-h93259b0_0.tar.bz2#b4942b1ee2a52fd67f446074488d774d
https://conda.anaconda.org/conda-forge/noarch/jupyter_telemetry-0.1.0-pyhd8ed1ab_1.tar.bz2#bb9ebdb6d5aa2622484aff1faceee181
https://conda.anaconda.org/conda-forge/osx-64/keyring-23.11.0-py39h6e9494a_0.tar.bz2#db1adfcf72abfd3f149544a7eb33efb8
https://conda.anaconda.org/conda-forge/osx-64/libgdal-3.5.3-h64b5ae4_8.conda#aec2ef30167b17e0d6742d1d06114a85
https://conda.anaconda.org/conda-forge/noarch/nbformat-5.7.0-pyhd8ed1ab_0.tar.bz2#f8439ce65664bec6d348346590ed57f0
https://conda.anaconda.org/conda-forge/osx-64/netcdf-fortran-4.6.0-mpi_mpich_hddcf434_1.tar.bz2#69b10869d676bc2118340999a5edd75a
https://conda.anaconda.org/conda-forge/osx-64/numpy-1.23.5-py39hdfa1d0c_0.conda#162e42439dbb526b1acb08f35546eaa4
https://conda.anaconda.org/conda-forge/noarch/oauthlib-3.2.2-pyhd8ed1ab_0.tar.bz2#8f882b197fd9c4941a787926baea4868
https://conda.anaconda.org/conda-forge/osx-64/parallelio-2.5.9-mpi_mpich_h80ddffd_101.conda#e540137f432477c98e83992153fd3941
https://conda.anaconda.org/conda-forge/noarch/prompt-toolkit-3.0.36-pyha770c72_0.conda#4d79ec192e0bfd530a254006d123b9a6
https://conda.anaconda.org/conda-forge/noarch/pyopenssl-22.1.0-pyhd8ed1ab_0.tar.bz2#fbfa0a180d48c800f922a10a114a8632
https://conda.anaconda.org/conda-forge/osx-64/tempest-remap-2.1.6-hab39229_0.tar.bz2#f09a7fd20cfe3345e3049e1a5878d2e5
https://conda.anaconda.org/conda-forge/noarch/bokeh-2.4.3-pyhd8ed1ab_3.tar.bz2#e4c6e6d99add99cede5328d811cacb21
https://conda.anaconda.org/conda-forge/noarch/certipy-0.1.3-py_0.tar.bz2#23486713ef5712923e7c57cae609b22e
https://conda.anaconda.org/conda-forge/osx-64/cftime-1.6.2-py39h7cc1f47_1.tar.bz2#bfd7400a69ebcd5c5cd5975507c3a60a
https://conda.anaconda.org/conda-forge/osx-64/contourpy-1.0.6-py39h92daf61_0.tar.bz2#68ff7bf827e07256fb6993cb3393a19b
https://conda.anaconda.org/conda-forge/noarch/datashape-0.5.4-py_1.tar.bz2#50ddfce434ea596fc4497085f403a9d5
https://conda.anaconda.org/conda-forge/osx-64/esmf-8.4.0-mpi_mpich_h54662ac_101.conda#a9ff8bbd6c2d470b635e4e18b5650fef
https://conda.anaconda.org/conda-forge/osx-64/gdal-3.5.3-py39h6783340_8.conda#1c324d69dfd588cfdb76ff5c0407a189
https://conda.anaconda.org/conda-forge/osx-64/h5py-3.7.0-nompi_py39h7d40783_102.tar.bz2#2b3ef033a4e3fcd909dbee1f05e0f978
https://conda.anaconda.org/conda-forge/noarch/ipython-8.7.0-pyhd1c38e8_0.conda#54d2e0754d7ecb42cd6a6d1795241a16
https://conda.anaconda.org/conda-forge/noarch/nbclient-0.7.2-pyhd8ed1ab_0.conda#6c7b0d75b66a220274bb5a28c23197f2
https://conda.anaconda.org/conda-forge/osx-64/numba-0.56.4-py39hf6b9d82_0.conda#e935a2b191cf4352b01e3dc65ee064fc
https://conda.anaconda.org/conda-forge/osx-64/numcodecs-0.10.2-py39hd91caee_0.tar.bz2#b6ed265ce1fc83fee203a49f76857b74
https://conda.anaconda.org/conda-forge/osx-64/pandas-1.5.2-py39hecff1ad_0.conda#ded75985c062c8b5643df4d919bf360b
https://conda.anaconda.org/conda-forge/osx-64/pykdtree-1.3.6-py39h7cc1f47_2.tar.bz2#ff08397db879ad35d50f895f31b988df
https://conda.anaconda.org/conda-forge/osx-64/scipy-1.9.3-py39h8a15683_2.tar.bz2#15265a968475ed446bb063660fd4d176
https://conda.anaconda.org/conda-forge/osx-64/shapely-1.8.5-py39hed42127_2.tar.bz2#acf9bef3e32fe07ae7d175235c21dd07
https://conda.anaconda.org/conda-forge/noarch/snuggs-1.4.7-py_0.tar.bz2#cb83a3d6ecf73f50117635192414426a
https://conda.anaconda.org/conda-forge/noarch/urllib3-1.26.13-pyhd8ed1ab_0.conda#3078ef2359efd6ecadbc7e085c5e0592
https://conda.anaconda.org/conda-forge/noarch/botocore-1.27.59-pyhd8ed1ab_0.tar.bz2#3faabd8720a81a91566e6c01bf7bbacb
https://conda.anaconda.org/conda-forge/noarch/distributed-2022.12.0-pyhd8ed1ab_0.conda#2c934253dc579d314ac2a1f43b4be15c
https://conda.anaconda.org/conda-forge/osx-64/fiona-1.8.22-py39h6fa385f_2.tar.bz2#00448d0d4945c3cbba85199b03652650
https://conda.anaconda.org/conda-forge/noarch/geopandas-base-0.12.1-pyha770c72_1.tar.bz2#d01e93983c68bd7a55ea469ff6f7d3a0
https://conda.anaconda.org/conda-forge/noarch/h5netcdf-1.1.0-pyhd8ed1ab_0.conda#9c84a0e113efe1cb82cd1046f4e34e34
https://conda.anaconda.org/conda-forge/noarch/ipykernel-6.19.2-pyh736e0ef_0.conda#91a9f426eadf5046be5c50693226332f
https://conda.anaconda.org/conda-forge/osx-64/matplotlib-base-3.6.2-py39hb2f573b_0.tar.bz2#f63288c9b4f73c8e923b6ca3102e29a4
https://conda.anaconda.org/conda-forge/noarch/nbconvert-core-7.2.6-pyhd8ed1ab_0.conda#d222e8861fa78999b66ae7fa14710c1c
https://conda.anaconda.org/conda-forge/osx-64/nco-5.1.3-h9bc8a9a_0.conda#6ca716ae0b3a75f33444af3197ed9c5d
https://conda.anaconda.org/conda-forge/osx-64/netcdf4-1.6.2-nompi_py39h0d363ce_100.tar.bz2#a3a09548b0a15d73e2ebfdebfb10e62e
https://conda.anaconda.org/conda-forge/noarch/patsy-0.5.3-pyhd8ed1ab_0.tar.bz2#50ef6b29b1fb0768ca82c5aeb4fb2d96
https://conda.anaconda.org/conda-forge/osx-64/pyresample-1.26.0.post0-py39hecff1ad_0.conda#ab1b501790c8f6e484f3db0d6512efdc
https://conda.anaconda.org/conda-forge/osx-64/rasterio-1.3.3-py39h4d38844_3.tar.bz2#44c4932f7c50aa248385dd568c2762fe
https://conda.anaconda.org/conda-forge/noarch/requests-2.28.1-pyhd8ed1ab_1.tar.bz2#089382ee0e2dc2eae33a04cc3c2bddb0
https://conda.anaconda.org/conda-forge/osx-64/scikit-learn-1.2.0-py39hdbdcc14_0.conda#0850e300b774b00b16afce95123f43c3
https://conda.anaconda.org/conda-forge/noarch/xarray-2022.12.0-pyhd8ed1ab_0.conda#fd0b8bb7c8df27e09fdee6c893f2ba9d
https://conda.anaconda.org/conda-forge/noarch/zarr-2.13.3-pyhd8ed1ab_0.tar.bz2#7e212240cf03e35a6b3201010a1a1e12
https://conda.anaconda.org/conda-forge/noarch/aiobotocore-2.4.0-pyhd8ed1ab_0.tar.bz2#9adcdcd7539afff88018c18b650dee50
https://conda.anaconda.org/conda-forge/noarch/cachecontrol-0.12.12-pyhd8ed1ab_1.tar.bz2#e4b40ac0d53e81ebf8892e3b3ca9c1cf
https://conda.anaconda.org/conda-forge/osx-64/cartopy-0.21.0-py39h133113a_3.tar.bz2#2e07546bbce87c41c54e7b1f592ec9c9
https://conda.anaconda.org/conda-forge/noarch/dask-2022.12.0-pyhd8ed1ab_0.conda#db0f9c381d65054afdb6ae1e547d8b2e
https://conda.anaconda.org/conda-forge/noarch/ensureconda-1.4.3-pyhd8ed1ab_0.tar.bz2#c99ae3abf501990769047b4b40a98f17
https://conda.anaconda.org/conda-forge/noarch/folium-0.13.0-pyhd8ed1ab_0.tar.bz2#c69e368f97d9939621daebe97dbbd82d
https://conda.anaconda.org/conda-forge/noarch/ipywidgets-8.0.3-pyhd8ed1ab_0.conda#c40e33af46fb0f1bb26a6cb08167add9
https://conda.anaconda.org/conda-forge/noarch/jupyter_server-1.23.3-pyhd8ed1ab_0.conda#c497ada2dbcb07e6912756f4ea709f65
https://conda.anaconda.org/conda-forge/noarch/jupyterhub-base-3.1.0-pyh2a2186d_0.conda#ca96c2cd4d1aaa98d9098d775e5012cb
https://conda.anaconda.org/conda-forge/noarch/kerchunk-0.0.9-pyhd8ed1ab_0.tar.bz2#142a84eef146662b335fff89fb3fdce2
https://conda.anaconda.org/conda-forge/noarch/mapclassify-2.4.3-pyhd8ed1ab_0.tar.bz2#908bbfb54da154042c5cbda77b37a3d1
https://conda.anaconda.org/conda-forge/noarch/nbconvert-pandoc-7.2.6-pyhd8ed1ab_0.conda#c75ece5b10744eb2db7e9faaa02e25eb
https://conda.anaconda.org/conda-forge/noarch/pooch-1.6.0-pyhd8ed1ab_0.tar.bz2#6429e1d1091c51f626b5dcfdd38bf429
https://conda.anaconda.org/conda-forge/noarch/pyct-0.4.6-py_0.tar.bz2#42d91c89bc3993ec88681cffd3c0e326
https://conda.anaconda.org/conda-forge/noarch/pydap-3.3.0-pyhd8ed1ab_0.tar.bz2#9f35b5d14ce0299deb8eb6a282e07149
https://conda.anaconda.org/conda-forge/noarch/pynco-1.0.0-py_1.tar.bz2#d45e90e351d4ad1bb6ed050ed3544e1f
https://conda.anaconda.org/conda-forge/noarch/pystac-client-0.5.1-pyhd8ed1ab_0.tar.bz2#a108fcc1f1eeec1619dc60ac6a126b5e
https://conda.anaconda.org/conda-forge/noarch/python-cmr-0.7.0-pyhd8ed1ab_0.tar.bz2#0427cec53ad8416ff36357d65908b048
https://conda.anaconda.org/conda-forge/noarch/python-fsutil-0.7.0-pyhd8ed1ab_0.tar.bz2#12c1fe1b6513b1c7f6720f4ba864f055
https://conda.anaconda.org/conda-forge/noarch/rasterstats-0.17.0-pyhd8ed1ab_0.tar.bz2#296927619ac3d70fabab55100430ded7
https://conda.anaconda.org/conda-forge/noarch/rioxarray-0.13.1-pyhd8ed1ab_0.tar.bz2#9c4b24e537c89515c8475941c83dd865
https://conda.anaconda.org/conda-forge/noarch/s3transfer-0.6.0-pyhd8ed1ab_0.tar.bz2#900e74d8547fbea3af028937df28ed77
https://conda.anaconda.org/conda-forge/noarch/seaborn-base-0.12.1-pyhd8ed1ab_0.tar.bz2#f87b94dc53178574eedd09c317c2318f
https://conda.anaconda.org/conda-forge/osx-64/statsmodels-0.13.5-py39h7cc1f47_2.tar.bz2#86940c094cd73a0aa78ff93cdc12d7af
https://conda.anaconda.org/conda-forge/noarch/boto3-1.24.59-pyhd8ed1ab_0.tar.bz2#ffb13a0a5fc8e17ce396f4dfcdf5dab5
https://conda.anaconda.org/conda-forge/noarch/bqplot-0.12.36-pyhd8ed1ab_0.tar.bz2#bff49231f6b67c01a7a89d56ca0693ab
https://conda.anaconda.org/conda-forge/noarch/colorcet-3.0.1-pyhd8ed1ab_0.tar.bz2#1e424f22b3e2713068fe12d57f2dec5b
https://conda.anaconda.org/conda-forge/noarch/conda-lock-1.2.1-pyhd8ed1ab_1.tar.bz2#7b1dde4760c5c554523fead6c2771af2
https://conda.anaconda.org/conda-forge/noarch/dask-gateway-2022.10.0-pyh8af1aa0_0.tar.bz2#a1b97b51ab3f722d7e874e9529b121d7
https://conda.anaconda.org/conda-forge/noarch/geopandas-0.12.1-pyhd8ed1ab_1.tar.bz2#f1482151576d95913f67dbcdf4ed051a
https://conda.anaconda.org/conda-forge/noarch/intake-0.6.6-pyhd8ed1ab_0.tar.bz2#1dc29fb9182b0f3ce935a8bd4c341ed5
https://conda.anaconda.org/conda-forge/noarch/ipyleaflet-0.17.2-pyhd8ed1ab_0.tar.bz2#fd8408ecf1e341f6aaafb7d3b5471ccc
https://conda.anaconda.org/conda-forge/noarch/ipympl-0.9.2-pyhd8ed1ab_0.tar.bz2#2a6a7f37cc8dd03a8a7439c34f557e0e
https://conda.anaconda.org/conda-forge/noarch/jupyter-resource-usage-0.6.4-pyhd8ed1ab_0.tar.bz2#66660a27845c468925ab7796394e2ef6
https://conda.anaconda.org/conda-forge/noarch/jupyter-server-mathjax-0.2.6-pyhc268e32_0.tar.bz2#26ecb7cce06a5ea24d246c6905634380
https://conda.anaconda.org/conda-forge/noarch/jupyter-server-proxy-3.2.2-pyhd8ed1ab_0.tar.bz2#77b213af8a32bdc5b25c0c3fde58f889
https://conda.anaconda.org/conda-forge/noarch/jupyterlab_server-2.16.3-pyhd8ed1ab_0.tar.bz2#7141271af36d1e0a1c6d5a955528bc1e
https://conda.anaconda.org/conda-forge/noarch/nbconvert-7.2.6-pyhd8ed1ab_0.conda#cad325a4f09969426cd099d5c9f689f5
https://conda.anaconda.org/conda-forge/noarch/notebook-shim-0.2.2-pyhd8ed1ab_0.tar.bz2#40be846cd4e78672a40e43db9dae753c
https://conda.anaconda.org/conda-forge/noarch/panel-0.14.1-pyhd8ed1ab_0.tar.bz2#de65f1590b65a2371e540179187f736a
https://conda.anaconda.org/conda-forge/noarch/python-benedict-0.26.0-pyhd8ed1ab_0.tar.bz2#6a4bb2d0cecc72f0b15cfc27aee819bb
https://conda.anaconda.org/conda-forge/noarch/rechunker-0.5.0-pyhd8ed1ab_0.tar.bz2#6ba4c5fbad9837929bfcda5c16617214
https://conda.anaconda.org/conda-forge/noarch/s3fs-2022.11.0-pyhd8ed1ab_0.tar.bz2#0f930e4b012f16cbd0f3b13bde776814
https://conda.anaconda.org/conda-forge/noarch/seaborn-0.12.1-hd8ed1ab_0.tar.bz2#b7e4c670752726d4991298fa0c581e97
https://conda.anaconda.org/conda-forge/noarch/coiled-0.0.78-pyhd8ed1ab_0.tar.bz2#f1078dc3a16e312724e5458f977eb5f4
https://conda.anaconda.org/conda-forge/noarch/datashader-0.14.3-pyh1a96a4e_0.conda#cba05faa9591451a9334f6239f4d363b
https://conda.anaconda.org/conda-forge/noarch/earthaccess-0.4.6-pyhd8ed1ab_0.conda#81681ae4b5c1ed5a66ed505ffb081f99
https://conda.anaconda.org/conda-forge/noarch/holoviews-1.15.2-pyhd8ed1ab_0.tar.bz2#e6ac72a4214b9a2b43d4a291283058ec
https://conda.anaconda.org/conda-forge/noarch/intake-xarray-0.6.1-pyhd8ed1ab_0.tar.bz2#6cc318952c249b55ae83f8a994342672
https://conda.anaconda.org/conda-forge/noarch/nbclassic-0.4.8-pyhd8ed1ab_0.tar.bz2#f4f150f83ed90a1b833e6081bbf38257
https://conda.anaconda.org/conda-forge/noarch/nbdime-3.1.1-pyhd8ed1ab_0.tar.bz2#38dc061ffabe665b79f4c7c52cefa809
https://conda.anaconda.org/conda-forge/noarch/pangeo-dask-2022.12.03-hd8ed1ab_0.conda#c87e01ab02876c7453868253376e2297
https://conda.anaconda.org/conda-forge/noarch/geoviews-core-1.9.5-pyha770c72_0.tar.bz2#8bd65a48d838db0a95c3ca14728c3fb5
https://conda.anaconda.org/conda-forge/noarch/hvplot-0.8.2-pyhd8ed1ab_0.conda#71d0b1e7bbe769e41b56daa3392cf2f6
https://conda.anaconda.org/conda-forge/noarch/jupyterlab-git-0.40.1-pyhd8ed1ab_0.conda#aec34ed3415ce4478359fa828c04f3df
https://conda.anaconda.org/conda-forge/noarch/notebook-6.5.2-pyha770c72_1.tar.bz2#7bf26ca095481f206e6f9dd7681085fe
https://conda.anaconda.org/conda-forge/noarch/xarray-spatial-0.3.5-pyhd8ed1ab_0.tar.bz2#fad1ba75fd7013c74263fa59d6bfb01f
https://conda.anaconda.org/conda-forge/noarch/geoviews-1.9.5-pyhd8ed1ab_0.tar.bz2#f9007ce7406219eb1a4f521dbfd193e7
https://conda.anaconda.org/conda-forge/noarch/jupyterlab-3.5.1-pyhd8ed1ab_0.conda#252faf297d9aaec9cdf40ea8ec2a2dd2
https://conda.anaconda.org/conda-forge/noarch/nbgitpuller-1.1.1-pyhd8ed1ab_0.tar.bz2#a2c72cf8c5fb4cd269bff97e9bf196e8
https://conda.anaconda.org/conda-forge/noarch/dask-labextension-6.0.0-pyhd8ed1ab_0.tar.bz2#32a0ba2d4b9ed598d90463d0032aace3
https://conda.anaconda.org/conda-forge/noarch/icepyx-0.6.4-pyhd8ed1ab_0.tar.bz2#0d986191ee449128e844d9ea14713f0f
https://conda.anaconda.org/conda-forge/noarch/jupyterhub-singleuser-3.1.0-pyh2a2186d_0.conda#7607cbc55a1bc12bc9c78ce827c7bb8e
https://conda.anaconda.org/conda-forge/noarch/sidecar-0.5.1-pyhd8ed1ab_0.tar.bz2#894e0063c1407cf3125c5deaf403c980
https://conda.anaconda.org/conda-forge/noarch/pangeo-notebook-2022.12.07-hd8ed1ab_0.conda#a6e2ea0c579bd14f97f54af0e8b7a5e5
